Microsoft Visual Studio Solution File, Format Version 12.00
# Visual Studio 15
VisualStudioVersion = 15.0.26430.14
MinimumVisualStudioVersion = 10.0.40219.1
Project("{2150E333-8FDC-42A3-9474-1A3956D46DE8}") = "Hello World", "Hello World", "{0188212F-6B08-4E9F-A2DB-D1E19E8E1335}"
EndProject
Project("{9A19103F-16F7-4668-BE54-9A1E7A4F7556}") = "HelloWorldCs", "Hello World\HelloWorldCs\HelloWorldCs.csproj", "{D5E4BE03-DC8F-4508-B584-9D8F267254E6}"
EndProject
Project("{778DAE3C-4631-46EA-AA77-85C1314464D9}") = "HelloWorldVb", "Hello World\HelloWorldVb\HelloWorldVb.vbproj", "{1B020C3F-6168-4143-9F9C-149A2A88402B}"
EndProject
Project("{2150E333-8FDC-42A3-9474-1A3956D46DE8}") = "Reading", "Reading", "{5DB285FF-A561-4B98-92CC-2F1F4644CFBF}"
EndProject
Project("{9A19103F-16F7-4668-BE54-9A1E7A4F7556}") = "ReadingCs", "Reading\ReadingCs\ReadingCs.csproj", "{82F79096-76B2-4337-8147-98C7F1B48D3F}"
EndProject
Project("{778DAE3C-4631-46EA-AA77-85C1314464D9}") = "ReadingVb", "Reading\ReadingVb\ReadingVb.vbproj", "{DF1E12DC-0321-4FC7-AF7E-F9E5865B39DC}"
EndProject
Project("{2150E333-8FDC-42A3-9474-1A3956D46DE8}") = "Writing", "Writing", "{CE5749E1-EAC9-4FB3-B60D-E2F45957628D}"
EndProject
Project("{9A19103F-16F7-4668-BE54-9A1E7A4F7556}") = "WritingCs", "Writing\WritingCs\WritingCs.csproj", "{8AFCAECD-B6D0-41DE-AA19-1514348AB328}"
EndProject
Project("{778DAE3C-4631-46EA-AA77-85C1314464D9}") = "WritingVb", "Writing\WritingVb\WritingVb.vbproj", "{FC03E293-80EC-47B0-9A70-35638135B35E}"
EndProject
Project("{2150E333-8FDC-42A3-9474-1A3956D46DE8}") = "Template Use", "Template Use", "{85320ED1-3645-4CE5-9C51-F6CFC9D90017}"
EndProject
Project("{9A19103F-16F7-4668-BE54-9A1E7A4F7556}") = "TemplateUseCs", "Template Use\TemplateUseCs\TemplateUseCs.csproj", "{D01B14FD-6241-48D0-A1C5-8EC36E09B362}"
EndProject
Project("{778DAE3C-4631-46EA-AA77-85C1314464D9}") = "TemplateUseVb", "Template Use\TemplateUseVb\TemplateUseVb.vbproj", "{7740F778-668A-4816-9BA3-0B5AE1084A92}"
EndProject
Project("{2150E333-8FDC-42A3-9474-1A3956D46DE8}") = "Convert", "Convert", "{D3B7FF99-6B3B-4C9B-ABD7-FF63285E4FD3}"
EndProject
Project("{9A19103F-16F7-4668-BE54-9A1E7A4F7556}") = "ConvertCs", "Convert\ConvertCs\ConvertCs.csproj", "{A87CA044-4B4A-4651-9722-B6964F158C5B}"
EndProject
Project("{778DAE3C-4631-46EA-AA77-85C1314464D9}") = "ConvertVb", "Convert\ConvertVb\ConvertVb.vbproj", "{F4B79593-7DF6-4B0D-8D6A-E124154CFED9}"
EndProject
Project("{2150E333-8FDC-42A3-9474-1A3956D46DE8}") = "Cloning", "Cloning", "{837E70ED-1A9A-4D96-82AE-30CFAA09929C}"
EndProject
Project("{9A19103F-16F7-4668-BE54-9A1E7A4F7556}") = "CloningCs", "Cloning\CloningCs\CloningCs.csproj", "{EE0FC4EB-C2BD-421E-B2BB-D5C8687955F2}"
EndProject
Project("{778DAE3C-4631-46EA-AA77-85C1314464D9}") = "CloningVb", "Cloning\CloningVb\CloningVb.vbproj", "{5BCE590A-BC54-4480-B9B0-6441553D2B06}"
EndProject
Project("{2150E333-8FDC-42A3-9474-1A3956D46DE8}") = "Shape Formatting", "Shape Formatting", "{B6F0637D-C0DD-4F16-9AEB-29D7F6C393F2}"
EndProject
Project("{9A19103F-16F7-4668-BE54-9A1E7A4F7556}") = "ShapeFormattingCs", "Shape Formatting\ShapeFormattingCs\ShapeFormattingCs.csproj", "{7B2ECCC8-ECFD-4B64-8041-6E00D097B48B}"
EndProject
Project("{778DAE3C-4631-46EA-AA77-85C1314464D9}") = "ShapeFormattingVb", "Shape Formatting\ShapeFormattingVb\ShapeFormattingVb.vbproj", "{858A7FB8-7D21-4A49-A4F0-482F79F54EA1}"
EndProject
Project("{2150E333-8FDC-42A3-9474-1A3956D46DE8}") = "Text Box Formatting", "Text Box Formatting", "{C745024B-1EF5-41BC-AFEA-597DCFE9D769}"
EndProject
Project("{9A19103F-16F7-4668-BE54-9A1E7A4F7556}") = "TextBoxFormattingCs", "Text Box Formatting\TextBoxFormattingCs\TextBoxFormattingCs.csproj", "{E7A2A947-4A50-43A2-90B4-E20AFEC87144}"
EndProject
Project("{778DAE3C-4631-46EA-AA77-85C1314464D9}") = "TextBoxFormattingVb", "Text Box Formatting\TextBoxFormattingVb\TextBoxFormattingVb.vbproj", "{EB22F1DE-5037-4FB6-8510-D727BBA70F7B}"
EndProject
Project("{2150E333-8FDC-42A3-9474-1A3956D46DE8}") = "Paragraph Formatting", "Paragraph Formatting", "{F1EB078C-7E3D-445D-A85E-F9F8525767BB}"
EndProject
Project("{9A19103F-16F7-4668-BE54-9A1E7A4F7556}") = "ParagraphFormattingCs", "Paragraph Formatting\ParagraphFormattingCs\ParagraphFormattingCs.csproj", "{46999DC4-21EF-4167-AB08-E35224C04FD2}"
EndProject
Project("{778DAE3C-4631-46EA-AA77-85C1314464D9}") = "ParagraphFormattingVb", "Paragraph Formatting\ParagraphFormattingVb\ParagraphFormattingVb.vbproj", "{A37300A5-08B9-4F35-96ED-AB4C7B6A4080}"
EndProject
Project("{2150E333-8FDC-42A3-9474-1A3956D46DE8}") = "Character Formatting", "Character Formatting", "{5E83B184-DD30-429F-8A3F-569E5C8D553C}"
EndProject
Project("{9A19103F-16F7-4668-BE54-9A1E7A4F7556}") = "CharacterFormattingCs", "Character Formatting\CharacterFormattingCs\CharacterFormattingCs.csproj", "{03649435-989B-4E42-8C27-5D8C7EE22768}"
EndProject
Project("{778DAE3C-4631-46EA-AA77-85C1314464D9}") = "CharacterFormattingVb", "Character Formatting\CharacterFormattingVb\CharacterFormattingVb.vbproj", "{DFB5E555-4121-4556-84FB-519EB54D9DA0}"
EndProject
Project("{2150E333-8FDC-42A3-9474-1A3956D46DE8}") = "Slides", "Slides", "{FAC0F176-1498-467E-B943-6D61180CC91D}"
EndProject
Project("{9A19103F-16F7-4668-BE54-9A1E7A4F7556}") = "SlidesCs", "Slides\SlidesCs\SlidesCs.csproj", "{941D4828-803C-48F9-8628-757B241603C8}"
EndProject
Project("{778DAE3C-4631-46EA-AA77-85C1314464D9}") = "SlidesVb", "Slides\SlidesVb\SlidesVb.vbproj", "{446C193E-5942-4343-88FB-778F339DAC98}"
EndProject
Project("{2150E333-8FDC-42A3-9474-1A3956D46DE8}") = "Notes", "Notes", "{BED04A5C-99BE-48BA-8F40-475C54C823CD}"
EndProject
Project("{9A19103F-16F7-4668-BE54-9A1E7A4F7556}") = "NotesCs", "Notes\NotesCs\NotesCs.csproj", "{895C9A88-D567-41C2-A913-23D3AF61B24E}"
EndProject
Project("{778DAE3C-4631-46EA-AA77-85C1314464D9}") = "NotesVb", "Notes\NotesVb\NotesVb.vbproj", "{51B868DE-FAF7-46F1-8422-F297B5BCAF36}"
EndProject
Project("{2150E333-8FDC-42A3-9474-1A3956D46DE8}") = "Placeholders", "Placeholders", "{1A9422A8-FCEB-405B-A5F8-AA490B9569A9}"
EndProject
Project("{9A19103F-16F7-4668-BE54-9A1E7A4F7556}") = "PlaceholdersCs", "Placeholders\PlaceholdersCs\PlaceholdersCs.csproj", "{F97B9F67-0272-4433-97FB-079E67C6CCDA}"
EndProject
Project("{778DAE3C-4631-46EA-AA77-85C1314464D9}") = "PlaceholdersVb", "Placeholders\PlaceholdersVb\PlaceholdersVb.vbproj", "{09ABE14F-4341-4F34-A70F-E133D60A74DA}"
EndProject
Project("{2150E333-8FDC-42A3-9474-1A3956D46DE8}") = "Shapes", "Shapes", "{8A319349-3E80-4B50-88A6-E417C313073B}"
EndProject
Project("{9A19103F-16F7-4668-BE54-9A1E7A4F7556}") = "ShapesCs", "Shapes\ShapesCs\ShapesCs.csproj", "{DF2EAF14-DFBF-43C5-B66B-5D5B69A2B285}"
EndProject
Project("{778DAE3C-4631-46EA-AA77-85C1314464D9}") = "ShapesVb", "Shapes\ShapesVb\ShapesVb.vbproj", "{6350C64C-7A59-4F8A-87D6-2A65C184CDC1}"
EndProject
Project("{2150E333-8FDC-42A3-9474-1A3956D46DE8}") = "Text Boxes", "Text Boxes", "{1D905843-460C-4826-A583-D51202CE15C3}"
EndProject
Project("{9A19103F-16F7-4668-BE54-9A1E7A4F7556}") = "TextBoxesCs", "Text Boxes\TextBoxesCs\TextBoxesCs.csproj", "{BDAAF2BF-FE49-49CB-B3CE-7D28104B0D47}"
EndProject
Project("{778DAE3C-4631-46EA-AA77-85C1314464D9}") = "TextBoxesVb", "Text Boxes\TextBoxesVb\TextBoxesVb.vbproj", "{D7CA43AA-0999-4168-9D5F-59BB1E6ED83B}"
EndProject
Project("{2150E333-8FDC-42A3-9474-1A3956D46DE8}") = "Pictures", "Pictures", "{478FA0FA-CC91-43B6-8A16-70C94E2BA945}"
EndProject
Project("{9A19103F-16F7-4668-BE54-9A1E7A4F7556}") = "PicturesCs", "Pictures\PicturesCs\PicturesCs.csproj", "{93AC963D-5EE2-45F5-AF62-A9104FFF6ED9}"
EndProject
Project("{778DAE3C-4631-46EA-AA77-85C1314464D9}") = "PicturesVb", "Pictures\PicturesVb\PicturesVb.vbproj", "{43AB4BC9-A173-497C-9791-C3AB287D1CD9}"
EndProject
Project("{2150E333-8FDC-42A3-9474-1A3956D46DE8}") = "Audio and Video", "Audio and Video", "{098E1A91-C0C2-4CBB-91F1-586EF3A8CCF0}"
EndProject
Project("{9A19103F-16F7-4668-BE54-9A1E7A4F7556}") = "AudioandVideoCs", "Audio and Video\AudioandVideoCs\AudioandVideoCs.csproj", "{20633066-0F47-4E25-8C6F-2B3F9A2B37D1}"
EndProject
Project("{778DAE3C-4631-46EA-AA77-85C1314464D9}") = "AudioandVideoVb", "Audio and Video\AudioandVideoVb\AudioandVideoVb.vbproj", "{1577AD21-37FC-4588-A8AC-B5FE648F58AB}"
EndProject
Project("{2150E333-8FDC-42A3-9474-1A3956D46DE8}") = "Header and Footer", "Header and Footer", "{AB3C17EE-420D-46C2-998F-AE1299E9D0A7}"
EndProject
Project("{9A19103F-16F7-4668-BE54-9A1E7A4F7556}") = "HeaderandFooterCs", "Header and Footer\HeaderandFooterCs\HeaderandFooterCs.csproj", "{399329CB-8773-4CCC-9475-10ECEE4C7853}"
EndProject
Project("{778DAE3C-4631-46EA-AA77-85C1314464D9}") = "HeaderandFooterVb", "Header and Footer\HeaderandFooterVb\HeaderandFooterVb.vbproj", "{932CFB39-0EBA-4FAA-93F3-0E08546D777C}"
EndProject
Project("{2150E333-8FDC-42A3-9474-1A3956D46DE8}") = "Comments", "Comments", "{B81117E1-B46D-417B-BF1A-8E4F781A36FA}"
EndProject
Project("{9A19103F-16F7-4668-BE54-9A1E7A4F7556}") = "CommentsCs", "Comments\CommentsCs\CommentsCs.csproj", "{0E08EA64-5700-44A6-829A-4B28DE74700E}"
EndProject
Project("{778DAE3C-4631-46EA-AA77-85C1314464D9}") = "CommentsVb", "Comments\CommentsVb\CommentsVb.vbproj", "{FD83AA13-86C4-4AE8-8291-6FC3391AD49A}"
EndProject
Project("{2150E333-8FDC-42A3-9474-1A3956D46DE8}") = "Hyperlinks", "Hyperlinks", "{3F9C3C22-D986-4A83-9F75-5327EBF76359}"
EndProject
Project("{9A19103F-16F7-4668-BE54-9A1E7A4F7556}") = "HyperlinksCs", "Hyperlinks\HyperlinksCs\HyperlinksCs.csproj", "{88D4D5AE-4AA5-4E6C-87CC-445E938E9997}"
EndProject
Project("{778DAE3C-4631-46EA-AA77-85C1314464D9}") = "HyperlinksVb", "Hyperlinks\HyperlinksVb\HyperlinksVb.vbproj", "{8A45C8BC-DB17-4937-9A10-00643273DF5A}"
EndProject
Project("{2150E333-8FDC-42A3-9474-1A3956D46DE8}") = "Document Properties", "Document Properties", "{D5BF4612-7250-49BB-B076-00925EC5996C}"
EndProject
Project("{9A19103F-16F7-4668-BE54-9A1E7A4F7556}") = "DocumentPropertiesCs", "Document Properties\DocumentPropertiesCs\DocumentPropertiesCs.csproj", "{C67A8E56-EB0A-42FC-9148-018821D53E4E}"
EndProject
Project("{778DAE3C-4631-46EA-AA77-85C1314464D9}") = "DocumentPropertiesVb", "Document Properties\DocumentPropertiesVb\DocumentPropertiesVb.vbproj", "{797FDEAA-C6ED-484C-B6A7-CCD485749618}"
EndProject
Project("{2150E333-8FDC-42A3-9474-1A3956D46DE8}") = "Slide Transition", "Slide Transition", "{09A1FD86-A115-440A-B613-C3950D1829A5}"
EndProject
Project("{9A19103F-16F7-4668-BE54-9A1E7A4F7556}") = "SlideTransitionCs", "Slide Transition\SlideTransitionCs\SlideTransitionCs.csproj", "{1C7D1A17-55C0-4132-AA95-FF706902A896}"
EndProject
Project("{778DAE3C-4631-46EA-AA77-85C1314464D9}") = "SlideTransitionVb", "Slide Transition\SlideTransitionVb\SlideTransitionVb.vbproj", "{5FF9F622-B583-4119-A809-932EE9ADA128}"
EndProject
Project("{2150E333-8FDC-42A3-9474-1A3956D46DE8}") = "Slide Show", "Slide Show", "{6D72C3E7-9ACC-49B8-853A-294E938B15C3}"
EndProject
Project("{9A19103F-16F7-4668-BE54-9A1E7A4F7556}") = "SlideShowCs", "Slide Show\SlideShowCs\SlideShowCs.csproj", "{BEC499CA-54C7-41EB-AB1D-41BD42BD13E4}"
EndProject
Project("{778DAE3C-4631-46EA-AA77-85C1314464D9}") = "SlideShowVb", "Slide Show\SlideShowVb\SlideShowVb.vbproj", "{A6BD6840-AC1F-4A80-B695-9A21F3F9A525}"
EndProject
Project("{2150E333-8FDC-42A3-9474-1A3956D46DE8}") = "Private Fonts", "Private Fonts", "{F31A3120-0CF9-45E9-8C9C-EA68D3FE33E0}"
EndProject
Project("{9A19103F-16F7-4668-BE54-9A1E7A4F7556}") = "PrivateFontsCs", "Private Fonts\PrivateFontsCs\PrivateFontsCs.csproj", "{67D1580D-5D92-4558-B5D5-5AD5B4C9D240}"
EndProject
Project("{778DAE3C-4631-46EA-AA77-85C1314464D9}") = "PrivateFontsVb", "Private Fonts\PrivateFontsVb\PrivateFontsVb.vbproj", "{80629580-F8AC-43CC-88C6-D5EAD929C6A8}"
EndProject
Project("{2150E333-8FDC-42A3-9474-1A3956D46DE8}") = "Unit Conversion", "Unit Conversion", "{414BEAC4-249B-4591-9AE5-E47E59EC2634}"
EndProject
Project("{9A19103F-16F7-4668-BE54-9A1E7A4F7556}") = "UnitConversionCs", "Unit Conversion\UnitConversionCs\UnitConversionCs.csproj", "{0C3CD6FF-DEAA-48C1-AAFF-63FD18665300}"
EndProject
Project("{778DAE3C-4631-46EA-AA77-85C1314464D9}") = "UnitConversionVb", "Unit Conversion\UnitConversionVb\UnitConversionVb.vbproj", "{2F56F562-7388-4381-BCBE-77EB29839189}"
EndProject
Project("{2150E333-8FDC-42A3-9474-1A3956D46DE8}") = "Simple Table", "Simple Table", "{E49CE90B-D5E7-4CC5-84F1-D946D900371D}"
EndProject
Project("{9A19103F-16F7-4668-BE54-9A1E7A4F7556}") = "SimpleTableCs", "Simple Table\SimpleTableCs\SimpleTableCs.csproj", "{6D6E6FCD-6617-4E79-9A66-24981C3FB5D6}"
EndProject
Project("{778DAE3C-4631-46EA-AA77-85C1314464D9}") = "SimpleTableVb", "Simple Table\SimpleTableVb\SimpleTableVb.vbproj", "{6D8BACD3-629C-4316-B5DC-C69F1FF3A4E5}"
EndProject
Project("{2150E333-8FDC-42A3-9474-1A3956D46DE8}") = "Table Formatting", "Table Formatting", "{1B919696-E111-4C89-8208-57A5D53D0DA9}"
EndProject
Project("{9A19103F-16F7-4668-BE54-9A1E7A4F7556}") = "TableFormattingCs", "Table Formatting\TableFormattingCs\TableFormattingCs.csproj", "{2DCE7B67-FE58-4D47-BF0E-DBCAEA96CA96}"
EndProject
Project("{778DAE3C-4631-46EA-AA77-85C1314464D9}") = "TableFormattingVb", "Table Formatting\TableFormattingVb\TableFormattingVb.vbproj", "{489DC4B5-8DFE-48FC-B5CD-62999D39DBB9}"
EndProject
Project("{2150E333-8FDC-42A3-9474-1A3956D46DE8}") = "Table Styles", "Table Styles", "{50A0A49A-C8EC-40D1-A78A-69FCD81A306E}"
EndProject
Project("{9A19103F-16F7-4668-BE54-9A1E7A4F7556}") = "TableStylesCs", "Table Styles\TableStylesCs\TableStylesCs.csproj", "{EA6122AD-C00B-4217-886F-D6E260798171}"
EndProject
Project("{778DAE3C-4631-46EA-AA77-85C1314464D9}") = "TableStylesVb", "Table Styles\TableStylesVb\TableStylesVb.vbproj", "{07159D5D-45CC-4776-92E3-FBE2FD6F0A77}"
EndProject
Project("{2150E333-8FDC-42A3-9474-1A3956D46DE8}") = "PPTX Encryption", "PPTX Encryption", "{E0A569C3-732D-4DCB-90C9-E1B42377FB22}"
EndProject
Project("{9A19103F-16F7-4668-BE54-9A1E7A4F7556}") = "PPTXEncryptionCs", "PPTX Encryption\PPTXEncryptionCs\PPTXEncryptionCs.csproj", "{1C0B8F34-2146-4F70-B99E-5C00AF9CBCFE}"
EndProject
Project("{778DAE3C-4631-46EA-AA77-85C1314464D9}") = "PPTXEncryptionVb", "PPTX Encryption\PPTXEncryptionVb\PPTXEncryptionVb.vbproj", "{9D9FD245-9B2F-4376-A75D-E2CA9BFAFD73}"
EndProject
Project("{2150E333-8FDC-42A3-9474-1A3956D46DE8}") = "PDF Encryption", "PDF Encryption", "{262CFEEC-BA9A-4118-BA68-9647C854EEA2}"
EndProject
Project("{9A19103F-16F7-4668-BE54-9A1E7A4F7556}") = "PDFEncryptionCs", "PDF Encryption\PDFEncryptionCs\PDFEncryptionCs.csproj", "{076C859C-07FE-480E-84DC-6F0FF803424C}"
EndProject
Project("{778DAE3C-4631-46EA-AA77-85C1314464D9}") = "PDFEncryptionVb", "PDF Encryption\PDFEncryptionVb\PDFEncryptionVb.vbproj", "{A303B702-E767-4C20-A84E-35984B1BD526}"
EndProject
Project("{2150E333-8FDC-42A3-9474-1A3956D46DE8}") = "PDF Digital Signature", "PDF Digital Signature", "{CCC14C41-1C66-450F-8AF8-94338B441490}"
EndProject
Project("{9A19103F-16F7-4668-BE54-9A1E7A4F7556}") = "PDFDigitalSignatureCs", "PDF Digital Signature\PDFDigitalSignatureCs\PDFDigitalSignatureCs.csproj", "{E3724783-2561-4551-8FB2-0BCFD50AD1BE}"
EndProject
Project("{778DAE3C-4631-46EA-AA77-85C1314464D9}") = "PDFDigitalSignatureVb", "PDF Digital Signature\PDFDigitalSignatureVb\PDFDigitalSignatureVb.vbproj", "{F55AE568-8674-43E0-8E5E-557DA9EC6C29}"
EndProject
Project("{2150E333-8FDC-42A3-9474-1A3956D46DE8}") = "Charts and Diagrams", "Charts and Diagrams", "{BB4D1442-15C6-4421-981A-6EA37B389194}"
EndProject
Project("{9A19103F-16F7-4668-BE54-9A1E7A4F7556}") = "ChartsandDiagramsCs", "Charts and Diagrams\ChartsandDiagramsCs\ChartsandDiagramsCs.csproj", "{333E8763-9347-4D0A-B818-7E6D68BD3F15}"
EndProject
Project("{778DAE3C-4631-46EA-AA77-85C1314464D9}") = "ChartsandDiagramsVb", "Charts and Diagrams\ChartsandDiagramsVb\ChartsandDiagramsVb.vbproj", "{AD721F16-3860-43B3-942F-BD3D5ED9F801}"
EndProject
Project("{2150E333-8FDC-42A3-9474-1A3956D46DE8}") = "Embedded Objects", "Embedded Objects", "{9AAB2520-DDF1-47D3-8100-93E73F76F308}"
EndProject
Project("{9A19103F-16F7-4668-BE54-9A1E7A4F7556}") = "EmbeddedObjectsCs", "Embedded Objects\EmbeddedObjectsCs\EmbeddedObjectsCs.csproj", "{96256292-1CCD-4B96-A4F5-FACA9D24D882}"
EndProject
Project("{778DAE3C-4631-46EA-AA77-85C1314464D9}") = "EmbeddedObjectsVb", "Embedded Objects\EmbeddedObjectsVb\EmbeddedObjectsVb.vbproj", "{7A93DA7B-FE65-48D9-A41C-A4C0A0B9FDEC}"
EndProject
Project("{2150E333-8FDC-42A3-9474-1A3956D46DE8}") = "Solution Items", "Solution Items", "{86D99294-529C-4C7D-997C-AABBB23FAD1C}"
	ProjectSection(SolutionItems) = preProject
		LICENSE = LICENSE
		README.md = README.md
	EndProjectSection
EndProject
Project("{2150E333-8FDC-42A3-9474-1A3956D46DE8}") = "Print", "Print", "{C43334BD-B65A-47B9-9519-DA3A33106123}"
EndProject
Project("{FAE04EC0-301F-11D3-BF4B-00C04F79EFBC}") = "PrintCs", "Print\PrintCs\PrintCs.csproj", "{307F861E-3F88-4E47-8754-11F491B5A26E}"
EndProject
Project("{F184B08F-C81C-45F6-A57F-5ABD9991F28F}") = "PrintVb", "Print\PrintVb\PrintVb.vbproj", "{CD43243B-DAF6-4713-84BA-E63C7209C167}"
EndProject
Project("{2150E333-8FDC-42A3-9474-1A3956D46DE8}") = "Performance", "Performance", "{C60A6C32-F965-4747-A73C-37305652AB9B}"
EndProject
Project("{9A19103F-16F7-4668-BE54-9A1E7A4F7556}") = "PerformanceCs", "Performance\PerformanceCs\PerformanceCs.csproj", "{1FA3F8A7-D01E-42CD-B31D-213CAB7E37AC}"
EndProject
Project("{778DAE3C-4631-46EA-AA77-85C1314464D9}") = "PerformanceVb", "Performance\PerformanceVb\PerformanceVb.vbproj", "{620BE5F2-E1D4-4BA3-AF4A-3760F54707C6}"
EndProject
Project("{2150E333-8FDC-42A3-9474-1A3956D46DE8}") = "ExportToImageSource", "ExportToImageSource", "{68015EA3-CC44-4B27-98D7-A93B160F6C06}"
EndProject
Project("{FAE04EC0-301F-11D3-BF4B-00C04F79EFBC}") = "ConvertToImageSourceCs", "ExportToImageSource\ConvertToImageSourceCs\ConvertToImageSourceCs.csproj", "{73DF0CC0-24F6-47C2-AEC5-3E2574FD00C9}"
EndProject
Project("{F184B08F-C81C-45F6-A57F-5ABD9991F28F}") = "ConvertToImageSourceVb", "ExportToImageSource\ConvertToImageSourceVb\ConvertToImageSourceVb.vbproj", "{69239C02-27DE-4961-87E4-711F7CABAF93}"
EndProject
Project("{2150E333-8FDC-42A3-9474-1A3956D46DE8}") = "ExportToXpsDocument", "ExportToXpsDocument", "{ED68872F-6C04-4976-AB07-887BFBE59ADF}"
EndProject
Project("{FAE04EC0-301F-11D3-BF4B-00C04F79EFBC}") = "ConvertToXpsDocumentCs", "ExportToXpsDocument\ConvertToXpsDocumentCs\ConvertToXpsDocumentCs.csproj", "{BFF6B6F5-ADDA-4A43-81F2-CC4F2E6BE141}"
EndProject
Project("{F184B08F-C81C-45F6-A57F-5ABD9991F28F}") = "ConvertToXpsDocumentVb", "ExportToXpsDocument\ConvertToXpsDocumentVb\ConvertToXpsDocumentVb.vbproj", "{0DA29309-80A1-4E61-9B15-2889C1A5D103}"
EndProject
Project("{2150E333-8FDC-42A3-9474-1A3956D46DE8}") = "ASP.NET", "ASP.NET", "{31284CE0-AE3F-4D94-8AFE-9C39C2BF8C87}"
EndProject
Project("{FAE04EC0-301F-11D3-BF4B-00C04F79EFBC}") = "MediumTrustSampleCs", "ASP.NET\MediumTrustSampleCs\MediumTrustSampleCs.csproj", "{F9E12BF5-1607-4514-A60E-9FD7FF8080B4}"
EndProject
Project("{F184B08F-C81C-45F6-A57F-5ABD9991F28F}") = "MediumTrustSampleVb", "ASP.NET\MediumTrustSampleVb\MediumTrustSampleVb.vbproj", "{762FB83F-EF58-4EDE-A431-23A58BEA9BEE}"
EndProject
Project("{2150E333-8FDC-42A3-9474-1A3956D46DE8}") = "PPTX Modify Protection", "PPTX Modify Protection", "{D9C5D931-82B8-4D67-B6AD-4B08F2C1FBF3}"
EndProject
Project("{9A19103F-16F7-4668-BE54-9A1E7A4F7556}") = "PPTXModifyProtectionCs", "PPTX Modify Protection\PPTXModifyProtectionCs\PPTXModifyProtectionCs.csproj", "{57EE74F8-3419-41FC-909F-3B36DFC7AF8A}"
EndProject
Project("{778DAE3C-4631-46EA-AA77-85C1314464D9}") = "PPTXModifyProtectionVb", "PPTX Modify Protection\PPTXModifyProtectionVb\PPTXModifyProtectionVb.vbproj", "{DAF8DA73-A6BB-4A04-94D9-6C7A29637636}"
EndProject
Global
	GlobalSection(SubversionScc) = preSolution
		Svn-Managed = True
		Manager = AnkhSVN - Subversion Support for Visual Studio
	EndGlobalSection
	GlobalSection(SolutionConfigurationPlatforms) = preSolution
		Debug|Any CPU = Debug|Any CPU
		Release|Any CPU = Release|Any CPU
	EndGlobalSection
	GlobalSection(ProjectConfigurationPlatforms) = postSolution
		{D5E4BE03-DC8F-4508-B584-9D8F267254E6}.Debug|Any CPU.ActiveCfg = Debug|Any CPU
		{D5E4BE03-DC8F-4508-B584-9D8F267254E6}.Debug|Any CPU.Build.0 = Debug|Any CPU
		{D5E4BE03-DC8F-4508-B584-9D8F267254E6}.Release|Any CPU.ActiveCfg = Release|Any CPU
		{D5E4BE03-DC8F-4508-B584-9D8F267254E6}.Release|Any CPU.Build.0 = Release|Any CPU
		{1B020C3F-6168-4143-9F9C-149A2A88402B}.Debug|Any CPU.ActiveCfg = Debug|Any CPU
		{1B020C3F-6168-4143-9F9C-149A2A88402B}.Debug|Any CPU.Build.0 = Debug|Any CPU
		{1B020C3F-6168-4143-9F9C-149A2A88402B}.Release|Any CPU.ActiveCfg = Release|Any CPU
		{1B020C3F-6168-4143-9F9C-149A2A88402B}.Release|Any CPU.Build.0 = Release|Any CPU
		{82F79096-76B2-4337-8147-98C7F1B48D3F}.Debug|Any CPU.ActiveCfg = Debug|Any CPU
		{82F79096-76B2-4337-8147-98C7F1B48D3F}.Debug|Any CPU.Build.0 = Debug|Any CPU
		{82F79096-76B2-4337-8147-98C7F1B48D3F}.Release|Any CPU.ActiveCfg = Release|Any CPU
		{82F79096-76B2-4337-8147-98C7F1B48D3F}.Release|Any CPU.Build.0 = Release|Any CPU
		{DF1E12DC-0321-4FC7-AF7E-F9E5865B39DC}.Debug|Any CPU.ActiveCfg = Debug|Any CPU
		{DF1E12DC-0321-4FC7-AF7E-F9E5865B39DC}.Debug|Any CPU.Build.0 = Debug|Any CPU
		{DF1E12DC-0321-4FC7-AF7E-F9E5865B39DC}.Release|Any CPU.ActiveCfg = Release|Any CPU
		{DF1E12DC-0321-4FC7-AF7E-F9E5865B39DC}.Release|Any CPU.Build.0 = Release|Any CPU
		{8AFCAECD-B6D0-41DE-AA19-1514348AB328}.Debug|Any CPU.ActiveCfg = Debug|Any CPU
		{8AFCAECD-B6D0-41DE-AA19-1514348AB328}.Debug|Any CPU.Build.0 = Debug|Any CPU
		{8AFCAECD-B6D0-41DE-AA19-1514348AB328}.Release|Any CPU.ActiveCfg = Release|Any CPU
		{8AFCAECD-B6D0-41DE-AA19-1514348AB328}.Release|Any CPU.Build.0 = Release|Any CPU
		{FC03E293-80EC-47B0-9A70-35638135B35E}.Debug|Any CPU.ActiveCfg = Debug|Any CPU
		{FC03E293-80EC-47B0-9A70-35638135B35E}.Debug|Any CPU.Build.0 = Debug|Any CPU
		{FC03E293-80EC-47B0-9A70-35638135B35E}.Release|Any CPU.ActiveCfg = Release|Any CPU
		{FC03E293-80EC-47B0-9A70-35638135B35E}.Release|Any CPU.Build.0 = Release|Any CPU
		{D01B14FD-6241-48D0-A1C5-8EC36E09B362}.Debug|Any CPU.ActiveCfg = Debug|Any CPU
		{D01B14FD-6241-48D0-A1C5-8EC36E09B362}.Debug|Any CPU.Build.0 = Debug|Any CPU
		{D01B14FD-6241-48D0-A1C5-8EC36E09B362}.Release|Any CPU.ActiveCfg = Release|Any CPU
		{D01B14FD-6241-48D0-A1C5-8EC36E09B362}.Release|Any CPU.Build.0 = Release|Any CPU
		{7740F778-668A-4816-9BA3-0B5AE1084A92}.Debug|Any CPU.ActiveCfg = Debug|Any CPU
		{7740F778-668A-4816-9BA3-0B5AE1084A92}.Debug|Any CPU.Build.0 = Debug|Any CPU
		{7740F778-668A-4816-9BA3-0B5AE1084A92}.Release|Any CPU.ActiveCfg = Release|Any CPU
		{7740F778-668A-4816-9BA3-0B5AE1084A92}.Release|Any CPU.Build.0 = Release|Any CPU
		{A87CA044-4B4A-4651-9722-B6964F158C5B}.Debug|Any CPU.ActiveCfg = Debug|Any CPU
		{A87CA044-4B4A-4651-9722-B6964F158C5B}.Debug|Any CPU.Build.0 = Debug|Any CPU
		{A87CA044-4B4A-4651-9722-B6964F158C5B}.Release|Any CPU.ActiveCfg = Release|Any CPU
		{A87CA044-4B4A-4651-9722-B6964F158C5B}.Release|Any CPU.Build.0 = Release|Any CPU
		{F4B79593-7DF6-4B0D-8D6A-E124154CFED9}.Debug|Any CPU.ActiveCfg = Debug|Any CPU
		{F4B79593-7DF6-4B0D-8D6A-E124154CFED9}.Debug|Any CPU.Build.0 = Debug|Any CPU
		{F4B79593-7DF6-4B0D-8D6A-E124154CFED9}.Release|Any CPU.ActiveCfg = Release|Any CPU
		{F4B79593-7DF6-4B0D-8D6A-E124154CFED9}.Release|Any CPU.Build.0 = Release|Any CPU
		{EE0FC4EB-C2BD-421E-B2BB-D5C8687955F2}.Debug|Any CPU.ActiveCfg = Debug|Any CPU
		{EE0FC4EB-C2BD-421E-B2BB-D5C8687955F2}.Debug|Any CPU.Build.0 = Debug|Any CPU
		{EE0FC4EB-C2BD-421E-B2BB-D5C8687955F2}.Release|Any CPU.ActiveCfg = Release|Any CPU
		{EE0FC4EB-C2BD-421E-B2BB-D5C8687955F2}.Release|Any CPU.Build.0 = Release|Any CPU
		{5BCE590A-BC54-4480-B9B0-6441553D2B06}.Debug|Any CPU.ActiveCfg = Debug|Any CPU
		{5BCE590A-BC54-4480-B9B0-6441553D2B06}.Debug|Any CPU.Build.0 = Debug|Any CPU
		{5BCE590A-BC54-4480-B9B0-6441553D2B06}.Release|Any CPU.ActiveCfg = Release|Any CPU
		{5BCE590A-BC54-4480-B9B0-6441553D2B06}.Release|Any CPU.Build.0 = Release|Any CPU
		{7B2ECCC8-ECFD-4B64-8041-6E00D097B48B}.Debug|Any CPU.ActiveCfg = Debug|Any CPU
		{7B2ECCC8-ECFD-4B64-8041-6E00D097B48B}.Debug|Any CPU.Build.0 = Debug|Any CPU
		{7B2ECCC8-ECFD-4B64-8041-6E00D097B48B}.Release|Any CPU.ActiveCfg = Release|Any CPU
		{7B2ECCC8-ECFD-4B64-8041-6E00D097B48B}.Release|Any CPU.Build.0 = Release|Any CPU
		{858A7FB8-7D21-4A49-A4F0-482F79F54EA1}.Debug|Any CPU.ActiveCfg = Debug|Any CPU
		{858A7FB8-7D21-4A49-A4F0-482F79F54EA1}.Debug|Any CPU.Build.0 = Debug|Any CPU
		{858A7FB8-7D21-4A49-A4F0-482F79F54EA1}.Release|Any CPU.ActiveCfg = Release|Any CPU
		{858A7FB8-7D21-4A49-A4F0-482F79F54EA1}.Release|Any CPU.Build.0 = Release|Any CPU
		{E7A2A947-4A50-43A2-90B4-E20AFEC87144}.Debug|Any CPU.ActiveCfg = Debug|Any CPU
		{E7A2A947-4A50-43A2-90B4-E20AFEC87144}.Debug|Any CPU.Build.0 = Debug|Any CPU
		{E7A2A947-4A50-43A2-90B4-E20AFEC87144}.Release|Any CPU.ActiveCfg = Release|Any CPU
		{E7A2A947-4A50-43A2-90B4-E20AFEC87144}.Release|Any CPU.Build.0 = Release|Any CPU
		{EB22F1DE-5037-4FB6-8510-D727BBA70F7B}.Debug|Any CPU.ActiveCfg = Debug|Any CPU
		{EB22F1DE-5037-4FB6-8510-D727BBA70F7B}.Debug|Any CPU.Build.0 = Debug|Any CPU
		{EB22F1DE-5037-4FB6-8510-D727BBA70F7B}.Release|Any CPU.ActiveCfg = Release|Any CPU
		{EB22F1DE-5037-4FB6-8510-D727BBA70F7B}.Release|Any CPU.Build.0 = Release|Any CPU
		{46999DC4-21EF-4167-AB08-E35224C04FD2}.Debug|Any CPU.ActiveCfg = Debug|Any CPU
		{46999DC4-21EF-4167-AB08-E35224C04FD2}.Debug|Any CPU.Build.0 = Debug|Any CPU
		{46999DC4-21EF-4167-AB08-E35224C04FD2}.Release|Any CPU.ActiveCfg = Release|Any CPU
		{46999DC4-21EF-4167-AB08-E35224C04FD2}.Release|Any CPU.Build.0 = Release|Any CPU
		{A37300A5-08B9-4F35-96ED-AB4C7B6A4080}.Debug|Any CPU.ActiveCfg = Debug|Any CPU
		{A37300A5-08B9-4F35-96ED-AB4C7B6A4080}.Debug|Any CPU.Build.0 = Debug|Any CPU
		{A37300A5-08B9-4F35-96ED-AB4C7B6A4080}.Release|Any CPU.ActiveCfg = Release|Any CPU
		{A37300A5-08B9-4F35-96ED-AB4C7B6A4080}.Release|Any CPU.Build.0 = Release|Any CPU
		{03649435-989B-4E42-8C27-5D8C7EE22768}.Debug|Any CPU.ActiveCfg = Debug|Any CPU
		{03649435-989B-4E42-8C27-5D8C7EE22768}.Debug|Any CPU.Build.0 = Debug|Any CPU
		{03649435-989B-4E42-8C27-5D8C7EE22768}.Release|Any CPU.ActiveCfg = Release|Any CPU
		{03649435-989B-4E42-8C27-5D8C7EE22768}.Release|Any CPU.Build.0 = Release|Any CPU
		{DFB5E555-4121-4556-84FB-519EB54D9DA0}.Debug|Any CPU.ActiveCfg = Debug|Any CPU
		{DFB5E555-4121-4556-84FB-519EB54D9DA0}.Debug|Any CPU.Build.0 = Debug|Any CPU
		{DFB5E555-4121-4556-84FB-519EB54D9DA0}.Release|Any CPU.ActiveCfg = Release|Any CPU
		{DFB5E555-4121-4556-84FB-519EB54D9DA0}.Release|Any CPU.Build.0 = Release|Any CPU
		{941D4828-803C-48F9-8628-757B241603C8}.Debug|Any CPU.ActiveCfg = Debug|Any CPU
		{941D4828-803C-48F9-8628-757B241603C8}.Debug|Any CPU.Build.0 = Debug|Any CPU
		{941D4828-803C-48F9-8628-757B241603C8}.Release|Any CPU.ActiveCfg = Release|Any CPU
		{941D4828-803C-48F9-8628-757B241603C8}.Release|Any CPU.Build.0 = Release|Any CPU
		{446C193E-5942-4343-88FB-778F339DAC98}.Debug|Any CPU.ActiveCfg = Debug|Any CPU
		{446C193E-5942-4343-88FB-778F339DAC98}.Debug|Any CPU.Build.0 = Debug|Any CPU
		{446C193E-5942-4343-88FB-778F339DAC98}.Release|Any CPU.ActiveCfg = Release|Any CPU
		{446C193E-5942-4343-88FB-778F339DAC98}.Release|Any CPU.Build.0 = Release|Any CPU
		{895C9A88-D567-41C2-A913-23D3AF61B24E}.Debug|Any CPU.ActiveCfg = Debug|Any CPU
		{895C9A88-D567-41C2-A913-23D3AF61B24E}.Debug|Any CPU.Build.0 = Debug|Any CPU
		{895C9A88-D567-41C2-A913-23D3AF61B24E}.Release|Any CPU.ActiveCfg = Release|Any CPU
		{895C9A88-D567-41C2-A913-23D3AF61B24E}.Release|Any CPU.Build.0 = Release|Any CPU
		{51B868DE-FAF7-46F1-8422-F297B5BCAF36}.Debug|Any CPU.ActiveCfg = Debug|Any CPU
		{51B868DE-FAF7-46F1-8422-F297B5BCAF36}.Debug|Any CPU.Build.0 = Debug|Any CPU
		{51B868DE-FAF7-46F1-8422-F297B5BCAF36}.Release|Any CPU.ActiveCfg = Release|Any CPU
		{51B868DE-FAF7-46F1-8422-F297B5BCAF36}.Release|Any CPU.Build.0 = Release|Any CPU
		{F97B9F67-0272-4433-97FB-079E67C6CCDA}.Debug|Any CPU.ActiveCfg = Debug|Any CPU
		{F97B9F67-0272-4433-97FB-079E67C6CCDA}.Debug|Any CPU.Build.0 = Debug|Any CPU
		{F97B9F67-0272-4433-97FB-079E67C6CCDA}.Release|Any CPU.ActiveCfg = Release|Any CPU
		{F97B9F67-0272-4433-97FB-079E67C6CCDA}.Release|Any CPU.Build.0 = Release|Any CPU
		{09ABE14F-4341-4F34-A70F-E133D60A74DA}.Debug|Any CPU.ActiveCfg = Debug|Any CPU
		{09ABE14F-4341-4F34-A70F-E133D60A74DA}.Debug|Any CPU.Build.0 = Debug|Any CPU
		{09ABE14F-4341-4F34-A70F-E133D60A74DA}.Release|Any CPU.ActiveCfg = Release|Any CPU
		{09ABE14F-4341-4F34-A70F-E133D60A74DA}.Release|Any CPU.Build.0 = Release|Any CPU
		{DF2EAF14-DFBF-43C5-B66B-5D5B69A2B285}.Debug|Any CPU.ActiveCfg = Debug|Any CPU
		{DF2EAF14-DFBF-43C5-B66B-5D5B69A2B285}.Debug|Any CPU.Build.0 = Debug|Any CPU
		{DF2EAF14-DFBF-43C5-B66B-5D5B69A2B285}.Release|Any CPU.ActiveCfg = Release|Any CPU
		{DF2EAF14-DFBF-43C5-B66B-5D5B69A2B285}.Release|Any CPU.Build.0 = Release|Any CPU
		{6350C64C-7A59-4F8A-87D6-2A65C184CDC1}.Debug|Any CPU.ActiveCfg = Debug|Any CPU
		{6350C64C-7A59-4F8A-87D6-2A65C184CDC1}.Debug|Any CPU.Build.0 = Debug|Any CPU
		{6350C64C-7A59-4F8A-87D6-2A65C184CDC1}.Release|Any CPU.ActiveCfg = Release|Any CPU
		{6350C64C-7A59-4F8A-87D6-2A65C184CDC1}.Release|Any CPU.Build.0 = Release|Any CPU
		{BDAAF2BF-FE49-49CB-B3CE-7D28104B0D47}.Debug|Any CPU.ActiveCfg = Debug|Any CPU
		{BDAAF2BF-FE49-49CB-B3CE-7D28104B0D47}.Debug|Any CPU.Build.0 = Debug|Any CPU
		{BDAAF2BF-FE49-49CB-B3CE-7D28104B0D47}.Release|Any CPU.ActiveCfg = Release|Any CPU
		{BDAAF2BF-FE49-49CB-B3CE-7D28104B0D47}.Release|Any CPU.Build.0 = Release|Any CPU
		{D7CA43AA-0999-4168-9D5F-59BB1E6ED83B}.Debug|Any CPU.ActiveCfg = Debug|Any CPU
		{D7CA43AA-0999-4168-9D5F-59BB1E6ED83B}.Debug|Any CPU.Build.0 = Debug|Any CPU
		{D7CA43AA-0999-4168-9D5F-59BB1E6ED83B}.Release|Any CPU.ActiveCfg = Release|Any CPU
		{D7CA43AA-0999-4168-9D5F-59BB1E6ED83B}.Release|Any CPU.Build.0 = Release|Any CPU
		{93AC963D-5EE2-45F5-AF62-A9104FFF6ED9}.Debug|Any CPU.ActiveCfg = Debug|Any CPU
		{93AC963D-5EE2-45F5-AF62-A9104FFF6ED9}.Debug|Any CPU.Build.0 = Debug|Any CPU
		{93AC963D-5EE2-45F5-AF62-A9104FFF6ED9}.Release|Any CPU.ActiveCfg = Release|Any CPU
		{93AC963D-5EE2-45F5-AF62-A9104FFF6ED9}.Release|Any CPU.Build.0 = Release|Any CPU
		{43AB4BC9-A173-497C-9791-C3AB287D1CD9}.Debug|Any CPU.ActiveCfg = Debug|Any CPU
		{43AB4BC9-A173-497C-9791-C3AB287D1CD9}.Debug|Any CPU.Build.0 = Debug|Any CPU
		{43AB4BC9-A173-497C-9791-C3AB287D1CD9}.Release|Any CPU.ActiveCfg = Release|Any CPU
		{43AB4BC9-A173-497C-9791-C3AB287D1CD9}.Release|Any CPU.Build.0 = Release|Any CPU
		{20633066-0F47-4E25-8C6F-2B3F9A2B37D1}.Debug|Any CPU.ActiveCfg = Debug|Any CPU
		{20633066-0F47-4E25-8C6F-2B3F9A2B37D1}.Debug|Any CPU.Build.0 = Debug|Any CPU
		{20633066-0F47-4E25-8C6F-2B3F9A2B37D1}.Release|Any CPU.ActiveCfg = Release|Any CPU
		{20633066-0F47-4E25-8C6F-2B3F9A2B37D1}.Release|Any CPU.Build.0 = Release|Any CPU
		{1577AD21-37FC-4588-A8AC-B5FE648F58AB}.Debug|Any CPU.ActiveCfg = Debug|Any CPU
		{1577AD21-37FC-4588-A8AC-B5FE648F58AB}.Debug|Any CPU.Build.0 = Debug|Any CPU
		{1577AD21-37FC-4588-A8AC-B5FE648F58AB}.Release|Any CPU.ActiveCfg = Release|Any CPU
		{1577AD21-37FC-4588-A8AC-B5FE648F58AB}.Release|Any CPU.Build.0 = Release|Any CPU
		{399329CB-8773-4CCC-9475-10ECEE4C7853}.Debug|Any CPU.ActiveCfg = Debug|Any CPU
		{399329CB-8773-4CCC-9475-10ECEE4C7853}.Debug|Any CPU.Build.0 = Debug|Any CPU
		{399329CB-8773-4CCC-9475-10ECEE4C7853}.Release|Any CPU.ActiveCfg = Release|Any CPU
		{399329CB-8773-4CCC-9475-10ECEE4C7853}.Release|Any CPU.Build.0 = Release|Any CPU
		{932CFB39-0EBA-4FAA-93F3-0E08546D777C}.Debug|Any CPU.ActiveCfg = Debug|Any CPU
		{932CFB39-0EBA-4FAA-93F3-0E08546D777C}.Debug|Any CPU.Build.0 = Debug|Any CPU
		{932CFB39-0EBA-4FAA-93F3-0E08546D777C}.Release|Any CPU.ActiveCfg = Release|Any CPU
		{932CFB39-0EBA-4FAA-93F3-0E08546D777C}.Release|Any CPU.Build.0 = Release|Any CPU
		{0E08EA64-5700-44A6-829A-4B28DE74700E}.Debug|Any CPU.ActiveCfg = Debug|Any CPU
		{0E08EA64-5700-44A6-829A-4B28DE74700E}.Debug|Any CPU.Build.0 = Debug|Any CPU
		{0E08EA64-5700-44A6-829A-4B28DE74700E}.Release|Any CPU.ActiveCfg = Release|Any CPU
		{0E08EA64-5700-44A6-829A-4B28DE74700E}.Release|Any CPU.Build.0 = Release|Any CPU
		{FD83AA13-86C4-4AE8-8291-6FC3391AD49A}.Debug|Any CPU.ActiveCfg = Debug|Any CPU
		{FD83AA13-86C4-4AE8-8291-6FC3391AD49A}.Debug|Any CPU.Build.0 = Debug|Any CPU
		{FD83AA13-86C4-4AE8-8291-6FC3391AD49A}.Release|Any CPU.ActiveCfg = Release|Any CPU
		{FD83AA13-86C4-4AE8-8291-6FC3391AD49A}.Release|Any CPU.Build.0 = Release|Any CPU
		{88D4D5AE-4AA5-4E6C-87CC-445E938E9997}.Debug|Any CPU.ActiveCfg = Debug|Any CPU
		{88D4D5AE-4AA5-4E6C-87CC-445E938E9997}.Debug|Any CPU.Build.0 = Debug|Any CPU
		{88D4D5AE-4AA5-4E6C-87CC-445E938E9997}.Release|Any CPU.ActiveCfg = Release|Any CPU
		{88D4D5AE-4AA5-4E6C-87CC-445E938E9997}.Release|Any CPU.Build.0 = Release|Any CPU
		{8A45C8BC-DB17-4937-9A10-00643273DF5A}.Debug|Any CPU.ActiveCfg = Debug|Any CPU
		{8A45C8BC-DB17-4937-9A10-00643273DF5A}.Debug|Any CPU.Build.0 = Debug|Any CPU
		{8A45C8BC-DB17-4937-9A10-00643273DF5A}.Release|Any CPU.ActiveCfg = Release|Any CPU
		{8A45C8BC-DB17-4937-9A10-00643273DF5A}.Release|Any CPU.Build.0 = Release|Any CPU
		{C67A8E56-EB0A-42FC-9148-018821D53E4E}.Debug|Any CPU.ActiveCfg = Debug|Any CPU
		{C67A8E56-EB0A-42FC-9148-018821D53E4E}.Debug|Any CPU.Build.0 = Debug|Any CPU
		{C67A8E56-EB0A-42FC-9148-018821D53E4E}.Release|Any CPU.ActiveCfg = Release|Any CPU
		{C67A8E56-EB0A-42FC-9148-018821D53E4E}.Release|Any CPU.Build.0 = Release|Any CPU
		{797FDEAA-C6ED-484C-B6A7-CCD485749618}.Debug|Any CPU.ActiveCfg = Debug|Any CPU
		{797FDEAA-C6ED-484C-B6A7-CCD485749618}.Debug|Any CPU.Build.0 = Debug|Any CPU
		{797FDEAA-C6ED-484C-B6A7-CCD485749618}.Release|Any CPU.ActiveCfg = Release|Any CPU
		{797FDEAA-C6ED-484C-B6A7-CCD485749618}.Release|Any CPU.Build.0 = Release|Any CPU
		{1C7D1A17-55C0-4132-AA95-FF706902A896}.Debug|Any CPU.ActiveCfg = Debug|Any CPU
		{1C7D1A17-55C0-4132-AA95-FF706902A896}.Debug|Any CPU.Build.0 = Debug|Any CPU
		{1C7D1A17-55C0-4132-AA95-FF706902A896}.Release|Any CPU.ActiveCfg = Release|Any CPU
		{1C7D1A17-55C0-4132-AA95-FF706902A896}.Release|Any CPU.Build.0 = Release|Any CPU
		{5FF9F622-B583-4119-A809-932EE9ADA128}.Debug|Any CPU.ActiveCfg = Debug|Any CPU
		{5FF9F622-B583-4119-A809-932EE9ADA128}.Debug|Any CPU.Build.0 = Debug|Any CPU
		{5FF9F622-B583-4119-A809-932EE9ADA128}.Release|Any CPU.ActiveCfg = Release|Any CPU
		{5FF9F622-B583-4119-A809-932EE9ADA128}.Release|Any CPU.Build.0 = Release|Any CPU
		{BEC499CA-54C7-41EB-AB1D-41BD42BD13E4}.Debug|Any CPU.ActiveCfg = Debug|Any CPU
		{BEC499CA-54C7-41EB-AB1D-41BD42BD13E4}.Debug|Any CPU.Build.0 = Debug|Any CPU
		{BEC499CA-54C7-41EB-AB1D-41BD42BD13E4}.Release|Any CPU.ActiveCfg = Release|Any CPU
		{BEC499CA-54C7-41EB-AB1D-41BD42BD13E4}.Release|Any CPU.Build.0 = Release|Any CPU
		{A6BD6840-AC1F-4A80-B695-9A21F3F9A525}.Debug|Any CPU.ActiveCfg = Debug|Any CPU
		{A6BD6840-AC1F-4A80-B695-9A21F3F9A525}.Debug|Any CPU.Build.0 = Debug|Any CPU
		{A6BD6840-AC1F-4A80-B695-9A21F3F9A525}.Release|Any CPU.ActiveCfg = Release|Any CPU
		{A6BD6840-AC1F-4A80-B695-9A21F3F9A525}.Release|Any CPU.Build.0 = Release|Any CPU
		{67D1580D-5D92-4558-B5D5-5AD5B4C9D240}.Debug|Any CPU.ActiveCfg = Debug|Any CPU
		{67D1580D-5D92-4558-B5D5-5AD5B4C9D240}.Debug|Any CPU.Build.0 = Debug|Any CPU
		{67D1580D-5D92-4558-B5D5-5AD5B4C9D240}.Release|Any CPU.ActiveCfg = Release|Any CPU
		{67D1580D-5D92-4558-B5D5-5AD5B4C9D240}.Release|Any CPU.Build.0 = Release|Any CPU
		{80629580-F8AC-43CC-88C6-D5EAD929C6A8}.Debug|Any CPU.ActiveCfg = Debug|Any CPU
		{80629580-F8AC-43CC-88C6-D5EAD929C6A8}.Debug|Any CPU.Build.0 = Debug|Any CPU
		{80629580-F8AC-43CC-88C6-D5EAD929C6A8}.Release|Any CPU.ActiveCfg = Release|Any CPU
		{80629580-F8AC-43CC-88C6-D5EAD929C6A8}.Release|Any CPU.Build.0 = Release|Any CPU
		{0C3CD6FF-DEAA-48C1-AAFF-63FD18665300}.Debug|Any CPU.ActiveCfg = Debug|Any CPU
		{0C3CD6FF-DEAA-48C1-AAFF-63FD18665300}.Debug|Any CPU.Build.0 = Debug|Any CPU
		{0C3CD6FF-DEAA-48C1-AAFF-63FD18665300}.Release|Any CPU.ActiveCfg = Release|Any CPU
		{0C3CD6FF-DEAA-48C1-AAFF-63FD18665300}.Release|Any CPU.Build.0 = Release|Any CPU
		{2F56F562-7388-4381-BCBE-77EB29839189}.Debug|Any CPU.ActiveCfg = Debug|Any CPU
		{2F56F562-7388-4381-BCBE-77EB29839189}.Debug|Any CPU.Build.0 = Debug|Any CPU
		{2F56F562-7388-4381-BCBE-77EB29839189}.Release|Any CPU.ActiveCfg = Release|Any CPU
		{2F56F562-7388-4381-BCBE-77EB29839189}.Release|Any CPU.Build.0 = Release|Any CPU
		{6D6E6FCD-6617-4E79-9A66-24981C3FB5D6}.Debug|Any CPU.ActiveCfg = Debug|Any CPU
		{6D6E6FCD-6617-4E79-9A66-24981C3FB5D6}.Debug|Any CPU.Build.0 = Debug|Any CPU
		{6D6E6FCD-6617-4E79-9A66-24981C3FB5D6}.Release|Any CPU.ActiveCfg = Release|Any CPU
		{6D6E6FCD-6617-4E79-9A66-24981C3FB5D6}.Release|Any CPU.Build.0 = Release|Any CPU
		{6D8BACD3-629C-4316-B5DC-C69F1FF3A4E5}.Debug|Any CPU.ActiveCfg = Debug|Any CPU
		{6D8BACD3-629C-4316-B5DC-C69F1FF3A4E5}.Debug|Any CPU.Build.0 = Debug|Any CPU
		{6D8BACD3-629C-4316-B5DC-C69F1FF3A4E5}.Release|Any CPU.ActiveCfg = Release|Any CPU
		{6D8BACD3-629C-4316-B5DC-C69F1FF3A4E5}.Release|Any CPU.Build.0 = Release|Any CPU
		{2DCE7B67-FE58-4D47-BF0E-DBCAEA96CA96}.Debug|Any CPU.ActiveCfg = Debug|Any CPU
		{2DCE7B67-FE58-4D47-BF0E-DBCAEA96CA96}.Debug|Any CPU.Build.0 = Debug|Any CPU
		{2DCE7B67-FE58-4D47-BF0E-DBCAEA96CA96}.Release|Any CPU.ActiveCfg = Release|Any CPU
		{2DCE7B67-FE58-4D47-BF0E-DBCAEA96CA96}.Release|Any CPU.Build.0 = Release|Any CPU
		{489DC4B5-8DFE-48FC-B5CD-62999D39DBB9}.Debug|Any CPU.ActiveCfg = Debug|Any CPU
		{489DC4B5-8DFE-48FC-B5CD-62999D39DBB9}.Debug|Any CPU.Build.0 = Debug|Any CPU
		{489DC4B5-8DFE-48FC-B5CD-62999D39DBB9}.Release|Any CPU.ActiveCfg = Release|Any CPU
		{489DC4B5-8DFE-48FC-B5CD-62999D39DBB9}.Release|Any CPU.Build.0 = Release|Any CPU
		{EA6122AD-C00B-4217-886F-D6E260798171}.Debug|Any CPU.ActiveCfg = Debug|Any CPU
		{EA6122AD-C00B-4217-886F-D6E260798171}.Debug|Any CPU.Build.0 = Debug|Any CPU
		{EA6122AD-C00B-4217-886F-D6E260798171}.Release|Any CPU.ActiveCfg = Release|Any CPU
		{EA6122AD-C00B-4217-886F-D6E260798171}.Release|Any CPU.Build.0 = Release|Any CPU
		{07159D5D-45CC-4776-92E3-FBE2FD6F0A77}.Debug|Any CPU.ActiveCfg = Debug|Any CPU
		{07159D5D-45CC-4776-92E3-FBE2FD6F0A77}.Debug|Any CPU.Build.0 = Debug|Any CPU
		{07159D5D-45CC-4776-92E3-FBE2FD6F0A77}.Release|Any CPU.ActiveCfg = Release|Any CPU
		{07159D5D-45CC-4776-92E3-FBE2FD6F0A77}.Release|Any CPU.Build.0 = Release|Any CPU
		{1C0B8F34-2146-4F70-B99E-5C00AF9CBCFE}.Debug|Any CPU.ActiveCfg = Debug|Any CPU
		{1C0B8F34-2146-4F70-B99E-5C00AF9CBCFE}.Debug|Any CPU.Build.0 = Debug|Any CPU
		{1C0B8F34-2146-4F70-B99E-5C00AF9CBCFE}.Release|Any CPU.ActiveCfg = Release|Any CPU
		{1C0B8F34-2146-4F70-B99E-5C00AF9CBCFE}.Release|Any CPU.Build.0 = Release|Any CPU
		{9D9FD245-9B2F-4376-A75D-E2CA9BFAFD73}.Debug|Any CPU.ActiveCfg = Debug|Any CPU
		{9D9FD245-9B2F-4376-A75D-E2CA9BFAFD73}.Debug|Any CPU.Build.0 = Debug|Any CPU
		{9D9FD245-9B2F-4376-A75D-E2CA9BFAFD73}.Release|Any CPU.ActiveCfg = Release|Any CPU
		{9D9FD245-9B2F-4376-A75D-E2CA9BFAFD73}.Release|Any CPU.Build.0 = Release|Any CPU
		{076C859C-07FE-480E-84DC-6F0FF803424C}.Debug|Any CPU.ActiveCfg = Debug|Any CPU
		{076C859C-07FE-480E-84DC-6F0FF803424C}.Debug|Any CPU.Build.0 = Debug|Any CPU
		{076C859C-07FE-480E-84DC-6F0FF803424C}.Release|Any CPU.ActiveCfg = Release|Any CPU
		{076C859C-07FE-480E-84DC-6F0FF803424C}.Release|Any CPU.Build.0 = Release|Any CPU
		{A303B702-E767-4C20-A84E-35984B1BD526}.Debug|Any CPU.ActiveCfg = Debug|Any CPU
		{A303B702-E767-4C20-A84E-35984B1BD526}.Debug|Any CPU.Build.0 = Debug|Any CPU
		{A303B702-E767-4C20-A84E-35984B1BD526}.Release|Any CPU.ActiveCfg = Release|Any CPU
		{A303B702-E767-4C20-A84E-35984B1BD526}.Release|Any CPU.Build.0 = Release|Any CPU
		{E3724783-2561-4551-8FB2-0BCFD50AD1BE}.Debug|Any CPU.ActiveCfg = Debug|Any CPU
		{E3724783-2561-4551-8FB2-0BCFD50AD1BE}.Debug|Any CPU.Build.0 = Debug|Any CPU
		{E3724783-2561-4551-8FB2-0BCFD50AD1BE}.Release|Any CPU.ActiveCfg = Release|Any CPU
		{E3724783-2561-4551-8FB2-0BCFD50AD1BE}.Release|Any CPU.Build.0 = Release|Any CPU
		{F55AE568-8674-43E0-8E5E-557DA9EC6C29}.Debug|Any CPU.ActiveCfg = Debug|Any CPU
		{F55AE568-8674-43E0-8E5E-557DA9EC6C29}.Debug|Any CPU.Build.0 = Debug|Any CPU
		{F55AE568-8674-43E0-8E5E-557DA9EC6C29}.Release|Any CPU.ActiveCfg = Release|Any CPU
		{F55AE568-8674-43E0-8E5E-557DA9EC6C29}.Release|Any CPU.Build.0 = Release|Any CPU
		{333E8763-9347-4D0A-B818-7E6D68BD3F15}.Debug|Any CPU.ActiveCfg = Debug|Any CPU
		{333E8763-9347-4D0A-B818-7E6D68BD3F15}.Debug|Any CPU.Build.0 = Debug|Any CPU
		{333E8763-9347-4D0A-B818-7E6D68BD3F15}.Release|Any CPU.ActiveCfg = Release|Any CPU
		{333E8763-9347-4D0A-B818-7E6D68BD3F15}.Release|Any CPU.Build.0 = Release|Any CPU
		{AD721F16-3860-43B3-942F-BD3D5ED9F801}.Debug|Any CPU.ActiveCfg = Debug|Any CPU
		{AD721F16-3860-43B3-942F-BD3D5ED9F801}.Debug|Any CPU.Build.0 = Debug|Any CPU
		{AD721F16-3860-43B3-942F-BD3D5ED9F801}.Release|Any CPU.ActiveCfg = Release|Any CPU
		{AD721F16-3860-43B3-942F-BD3D5ED9F801}.Release|Any CPU.Build.0 = Release|Any CPU
		{96256292-1CCD-4B96-A4F5-FACA9D24D882}.Debug|Any CPU.ActiveCfg = Debug|Any CPU
		{96256292-1CCD-4B96-A4F5-FACA9D24D882}.Debug|Any CPU.Build.0 = Debug|Any CPU
		{96256292-1CCD-4B96-A4F5-FACA9D24D882}.Release|Any CPU.ActiveCfg = Release|Any CPU
		{96256292-1CCD-4B96-A4F5-FACA9D24D882}.Release|Any CPU.Build.0 = Release|Any CPU
		{7A93DA7B-FE65-48D9-A41C-A4C0A0B9FDEC}.Debug|Any CPU.ActiveCfg = Debug|Any CPU
		{7A93DA7B-FE65-48D9-A41C-A4C0A0B9FDEC}.Debug|Any CPU.Build.0 = Debug|Any CPU
		{7A93DA7B-FE65-48D9-A41C-A4C0A0B9FDEC}.Release|Any CPU.ActiveCfg = Release|Any CPU
		{7A93DA7B-FE65-48D9-A41C-A4C0A0B9FDEC}.Release|Any CPU.Build.0 = Release|Any CPU
		{307F861E-3F88-4E47-8754-11F491B5A26E}.Debug|Any CPU.ActiveCfg = Debug|Any CPU
		{307F861E-3F88-4E47-8754-11F491B5A26E}.Debug|Any CPU.Build.0 = Debug|Any CPU
		{307F861E-3F88-4E47-8754-11F491B5A26E}.Release|Any CPU.ActiveCfg = Release|Any CPU
		{307F861E-3F88-4E47-8754-11F491B5A26E}.Release|Any CPU.Build.0 = Release|Any CPU
		{CD43243B-DAF6-4713-84BA-E63C7209C167}.Debug|Any CPU.ActiveCfg = Debug|Any CPU
		{CD43243B-DAF6-4713-84BA-E63C7209C167}.Debug|Any CPU.Build.0 = Debug|Any CPU
		{CD43243B-DAF6-4713-84BA-E63C7209C167}.Release|Any CPU.ActiveCfg = Release|Any CPU
		{CD43243B-DAF6-4713-84BA-E63C7209C167}.Release|Any CPU.Build.0 = Release|Any CPU
		{1FA3F8A7-D01E-42CD-B31D-213CAB7E37AC}.Debug|Any CPU.ActiveCfg = Debug|Any CPU
		{1FA3F8A7-D01E-42CD-B31D-213CAB7E37AC}.Debug|Any CPU.Build.0 = Debug|Any CPU
		{1FA3F8A7-D01E-42CD-B31D-213CAB7E37AC}.Release|Any CPU.ActiveCfg = Release|Any CPU
		{1FA3F8A7-D01E-42CD-B31D-213CAB7E37AC}.Release|Any CPU.Build.0 = Release|Any CPU
		{620BE5F2-E1D4-4BA3-AF4A-3760F54707C6}.Debug|Any CPU.ActiveCfg = Debug|Any CPU
		{620BE5F2-E1D4-4BA3-AF4A-3760F54707C6}.Debug|Any CPU.Build.0 = Debug|Any CPU
		{620BE5F2-E1D4-4BA3-AF4A-3760F54707C6}.Release|Any CPU.ActiveCfg = Release|Any CPU
		{620BE5F2-E1D4-4BA3-AF4A-3760F54707C6}.Release|Any CPU.Build.0 = Release|Any CPU
		{73DF0CC0-24F6-47C2-AEC5-3E2574FD00C9}.Debug|Any CPU.ActiveCfg = Debug|Any CPU
		{73DF0CC0-24F6-47C2-AEC5-3E2574FD00C9}.Debug|Any CPU.Build.0 = Debug|Any CPU
		{73DF0CC0-24F6-47C2-AEC5-3E2574FD00C9}.Release|Any CPU.ActiveCfg = Release|Any CPU
		{73DF0CC0-24F6-47C2-AEC5-3E2574FD00C9}.Release|Any CPU.Build.0 = Release|Any CPU
		{69239C02-27DE-4961-87E4-711F7CABAF93}.Debug|Any CPU.ActiveCfg = Debug|Any CPU
		{69239C02-27DE-4961-87E4-711F7CABAF93}.Debug|Any CPU.Build.0 = Debug|Any CPU
		{69239C02-27DE-4961-87E4-711F7CABAF93}.Release|Any CPU.ActiveCfg = Release|Any CPU
		{69239C02-27DE-4961-87E4-711F7CABAF93}.Release|Any CPU.Build.0 = Release|Any CPU
		{BFF6B6F5-ADDA-4A43-81F2-CC4F2E6BE141}.Debug|Any CPU.ActiveCfg = Debug|Any CPU
		{BFF6B6F5-ADDA-4A43-81F2-CC4F2E6BE141}.Debug|Any CPU.Build.0 = Debug|Any CPU
		{BFF6B6F5-ADDA-4A43-81F2-CC4F2E6BE141}.Release|Any CPU.ActiveCfg = Release|Any CPU
		{BFF6B6F5-ADDA-4A43-81F2-CC4F2E6BE141}.Release|Any CPU.Build.0 = Release|Any CPU
		{0DA29309-80A1-4E61-9B15-2889C1A5D103}.Debug|Any CPU.ActiveCfg = Debug|Any CPU
		{0DA29309-80A1-4E61-9B15-2889C1A5D103}.Debug|Any CPU.Build.0 = Debug|Any CPU
		{0DA29309-80A1-4E61-9B15-2889C1A5D103}.Release|Any CPU.ActiveCfg = Release|Any CPU
		{0DA29309-80A1-4E61-9B15-2889C1A5D103}.Release|Any CPU.Build.0 = Release|Any CPU
		{F9E12BF5-1607-4514-A60E-9FD7FF8080B4}.Debug|Any CPU.ActiveCfg = Debug|Any CPU
		{F9E12BF5-1607-4514-A60E-9FD7FF8080B4}.Debug|Any CPU.Build.0 = Debug|Any CPU
		{F9E12BF5-1607-4514-A60E-9FD7FF8080B4}.Release|Any CPU.ActiveCfg = Release|Any CPU
		{F9E12BF5-1607-4514-A60E-9FD7FF8080B4}.Release|Any CPU.Build.0 = Release|Any CPU
		{762FB83F-EF58-4EDE-A431-23A58BEA9BEE}.Debug|Any CPU.ActiveCfg = Debug|Any CPU
		{762FB83F-EF58-4EDE-A431-23A58BEA9BEE}.Debug|Any CPU.Build.0 = Debug|Any CPU
		{762FB83F-EF58-4EDE-A431-23A58BEA9BEE}.Release|Any CPU.ActiveCfg = Release|Any CPU
		{762FB83F-EF58-4EDE-A431-23A58BEA9BEE}.Release|Any CPU.Build.0 = Release|Any CPU
		{57EE74F8-3419-41FC-909F-3B36DFC7AF8A}.Debug|Any CPU.ActiveCfg = Debug|Any CPU
		{57EE74F8-3419-41FC-909F-3B36DFC7AF8A}.Debug|Any CPU.Build.0 = Debug|Any CPU
		{57EE74F8-3419-41FC-909F-3B36DFC7AF8A}.Release|Any CPU.ActiveCfg = Release|Any CPU
		{57EE74F8-3419-41FC-909F-3B36DFC7AF8A}.Release|Any CPU.Build.0 = Release|Any CPU
		{DAF8DA73-A6BB-4A04-94D9-6C7A29637636}.Debug|Any CPU.ActiveCfg = Debug|Any CPU
		{DAF8DA73-A6BB-4A04-94D9-6C7A29637636}.Debug|Any CPU.Build.0 = Debug|Any CPU
		{DAF8DA73-A6BB-4A04-94D9-6C7A29637636}.Release|Any CPU.ActiveCfg = Release|Any CPU
		{DAF8DA73-A6BB-4A04-94D9-6C7A29637636}.Release|Any CPU.Build.0 = Release|Any CPU
	EndGlobalSection
	GlobalSection(SolutionProperties) = preSolution
		HideSolutionNode = FALSE
	EndGlobalSection
	GlobalSection(NestedProjects) = preSolution
		{D5E4BE03-DC8F-4508-B584-9D8F267254E6} = {0188212F-6B08-4E9F-A2DB-D1E19E8E1335}
		{1B020C3F-6168-4143-9F9C-149A2A88402B} = {0188212F-6B08-4E9F-A2DB-D1E19E8E1335}
		{82F79096-76B2-4337-8147-98C7F1B48D3F} = {5DB285FF-A561-4B98-92CC-2F1F4644CFBF}
		{DF1E12DC-0321-4FC7-AF7E-F9E5865B39DC} = {5DB285FF-A561-4B98-92CC-2F1F4644CFBF}
		{8AFCAECD-B6D0-41DE-AA19-1514348AB328} = {CE5749E1-EAC9-4FB3-B60D-E2F45957628D}
		{FC03E293-80EC-47B0-9A70-35638135B35E} = {CE5749E1-EAC9-4FB3-B60D-E2F45957628D}
		{D01B14FD-6241-48D0-A1C5-8EC36E09B362} = {85320ED1-3645-4CE5-9C51-F6CFC9D90017}
		{7740F778-668A-4816-9BA3-0B5AE1084A92} = {85320ED1-3645-4CE5-9C51-F6CFC9D90017}
		{A87CA044-4B4A-4651-9722-B6964F158C5B} = {D3B7FF99-6B3B-4C9B-ABD7-FF63285E4FD3}
		{F4B79593-7DF6-4B0D-8D6A-E124154CFED9} = {D3B7FF99-6B3B-4C9B-ABD7-FF63285E4FD3}
		{EE0FC4EB-C2BD-421E-B2BB-D5C8687955F2} = {837E70ED-1A9A-4D96-82AE-30CFAA09929C}
		{5BCE590A-BC54-4480-B9B0-6441553D2B06} = {837E70ED-1A9A-4D96-82AE-30CFAA09929C}
		{7B2ECCC8-ECFD-4B64-8041-6E00D097B48B} = {B6F0637D-C0DD-4F16-9AEB-29D7F6C393F2}
		{858A7FB8-7D21-4A49-A4F0-482F79F54EA1} = {B6F0637D-C0DD-4F16-9AEB-29D7F6C393F2}
		{E7A2A947-4A50-43A2-90B4-E20AFEC87144} = {C745024B-1EF5-41BC-AFEA-597DCFE9D769}
		{EB22F1DE-5037-4FB6-8510-D727BBA70F7B} = {C745024B-1EF5-41BC-AFEA-597DCFE9D769}
		{46999DC4-21EF-4167-AB08-E35224C04FD2} = {F1EB078C-7E3D-445D-A85E-F9F8525767BB}
		{A37300A5-08B9-4F35-96ED-AB4C7B6A4080} = {F1EB078C-7E3D-445D-A85E-F9F8525767BB}
		{03649435-989B-4E42-8C27-5D8C7EE22768} = {5E83B184-DD30-429F-8A3F-569E5C8D553C}
		{DFB5E555-4121-4556-84FB-519EB54D9DA0} = {5E83B184-DD30-429F-8A3F-569E5C8D553C}
		{941D4828-803C-48F9-8628-757B241603C8} = {FAC0F176-1498-467E-B943-6D61180CC91D}
		{446C193E-5942-4343-88FB-778F339DAC98} = {FAC0F176-1498-467E-B943-6D61180CC91D}
		{895C9A88-D567-41C2-A913-23D3AF61B24E} = {BED04A5C-99BE-48BA-8F40-475C54C823CD}
		{51B868DE-FAF7-46F1-8422-F297B5BCAF36} = {BED04A5C-99BE-48BA-8F40-475C54C823CD}
		{F97B9F67-0272-4433-97FB-079E67C6CCDA} = {1A9422A8-FCEB-405B-A5F8-AA490B9569A9}
		{09ABE14F-4341-4F34-A70F-E133D60A74DA} = {1A9422A8-FCEB-405B-A5F8-AA490B9569A9}
		{DF2EAF14-DFBF-43C5-B66B-5D5B69A2B285} = {8A319349-3E80-4B50-88A6-E417C313073B}
		{6350C64C-7A59-4F8A-87D6-2A65C184CDC1} = {8A319349-3E80-4B50-88A6-E417C313073B}
		{BDAAF2BF-FE49-49CB-B3CE-7D28104B0D47} = {1D905843-460C-4826-A583-D51202CE15C3}
		{D7CA43AA-0999-4168-9D5F-59BB1E6ED83B} = {1D905843-460C-4826-A583-D51202CE15C3}
		{93AC963D-5EE2-45F5-AF62-A9104FFF6ED9} = {478FA0FA-CC91-43B6-8A16-70C94E2BA945}
		{43AB4BC9-A173-497C-9791-C3AB287D1CD9} = {478FA0FA-CC91-43B6-8A16-70C94E2BA945}
		{20633066-0F47-4E25-8C6F-2B3F9A2B37D1} = {098E1A91-C0C2-4CBB-91F1-586EF3A8CCF0}
		{1577AD21-37FC-4588-A8AC-B5FE648F58AB} = {098E1A91-C0C2-4CBB-91F1-586EF3A8CCF0}
		{399329CB-8773-4CCC-9475-10ECEE4C7853} = {AB3C17EE-420D-46C2-998F-AE1299E9D0A7}
		{932CFB39-0EBA-4FAA-93F3-0E08546D777C} = {AB3C17EE-420D-46C2-998F-AE1299E9D0A7}
		{0E08EA64-5700-44A6-829A-4B28DE74700E} = {B81117E1-B46D-417B-BF1A-8E4F781A36FA}
		{FD83AA13-86C4-4AE8-8291-6FC3391AD49A} = {B81117E1-B46D-417B-BF1A-8E4F781A36FA}
		{88D4D5AE-4AA5-4E6C-87CC-445E938E9997} = {3F9C3C22-D986-4A83-9F75-5327EBF76359}
		{8A45C8BC-DB17-4937-9A10-00643273DF5A} = {3F9C3C22-D986-4A83-9F75-5327EBF76359}
		{C67A8E56-EB0A-42FC-9148-018821D53E4E} = {D5BF4612-7250-49BB-B076-00925EC5996C}
		{797FDEAA-C6ED-484C-B6A7-CCD485749618} = {D5BF4612-7250-49BB-B076-00925EC5996C}
		{1C7D1A17-55C0-4132-AA95-FF706902A896} = {09A1FD86-A115-440A-B613-C3950D1829A5}
		{5FF9F622-B583-4119-A809-932EE9ADA128} = {09A1FD86-A115-440A-B613-C3950D1829A5}
		{BEC499CA-54C7-41EB-AB1D-41BD42BD13E4} = {6D72C3E7-9ACC-49B8-853A-294E938B15C3}
		{A6BD6840-AC1F-4A80-B695-9A21F3F9A525} = {6D72C3E7-9ACC-49B8-853A-294E938B15C3}
		{67D1580D-5D92-4558-B5D5-5AD5B4C9D240} = {F31A3120-0CF9-45E9-8C9C-EA68D3FE33E0}
		{80629580-F8AC-43CC-88C6-D5EAD929C6A8} = {F31A3120-0CF9-45E9-8C9C-EA68D3FE33E0}
		{0C3CD6FF-DEAA-48C1-AAFF-63FD18665300} = {414BEAC4-249B-4591-9AE5-E47E59EC2634}
		{2F56F562-7388-4381-BCBE-77EB29839189} = {414BEAC4-249B-4591-9AE5-E47E59EC2634}
		{6D6E6FCD-6617-4E79-9A66-24981C3FB5D6} = {E49CE90B-D5E7-4CC5-84F1-D946D900371D}
		{6D8BACD3-629C-4316-B5DC-C69F1FF3A4E5} = {E49CE90B-D5E7-4CC5-84F1-D946D900371D}
		{2DCE7B67-FE58-4D47-BF0E-DBCAEA96CA96} = {1B919696-E111-4C89-8208-57A5D53D0DA9}
		{489DC4B5-8DFE-48FC-B5CD-62999D39DBB9} = {1B919696-E111-4C89-8208-57A5D53D0DA9}
		{EA6122AD-C00B-4217-886F-D6E260798171} = {50A0A49A-C8EC-40D1-A78A-69FCD81A306E}
		{07159D5D-45CC-4776-92E3-FBE2FD6F0A77} = {50A0A49A-C8EC-40D1-A78A-69FCD81A306E}
		{1C0B8F34-2146-4F70-B99E-5C00AF9CBCFE} = {E0A569C3-732D-4DCB-90C9-E1B42377FB22}
		{9D9FD245-9B2F-4376-A75D-E2CA9BFAFD73} = {E0A569C3-732D-4DCB-90C9-E1B42377FB22}
		{076C859C-07FE-480E-84DC-6F0FF803424C} = {262CFEEC-BA9A-4118-BA68-9647C854EEA2}
		{A303B702-E767-4C20-A84E-35984B1BD526} = {262CFEEC-BA9A-4118-BA68-9647C854EEA2}
		{E3724783-2561-4551-8FB2-0BCFD50AD1BE} = {CCC14C41-1C66-450F-8AF8-94338B441490}
		{F55AE568-8674-43E0-8E5E-557DA9EC6C29} = {CCC14C41-1C66-450F-8AF8-94338B441490}
		{333E8763-9347-4D0A-B818-7E6D68BD3F15} = {BB4D1442-15C6-4421-981A-6EA37B389194}
		{AD721F16-3860-43B3-942F-BD3D5ED9F801} = {BB4D1442-15C6-4421-981A-6EA37B389194}
		{96256292-1CCD-4B96-A4F5-FACA9D24D882} = {9AAB2520-DDF1-47D3-8100-93E73F76F308}
		{7A93DA7B-FE65-48D9-A41C-A4C0A0B9FDEC} = {9AAB2520-DDF1-47D3-8100-93E73F76F308}
		{307F861E-3F88-4E47-8754-11F491B5A26E} = {C43334BD-B65A-47B9-9519-DA3A33106123}
		{CD43243B-DAF6-4713-84BA-E63C7209C167} = {C43334BD-B65A-47B9-9519-DA3A33106123}
		{1FA3F8A7-D01E-42CD-B31D-213CAB7E37AC} = {C60A6C32-F965-4747-A73C-37305652AB9B}
		{620BE5F2-E1D4-4BA3-AF4A-3760F54707C6} = {C60A6C32-F965-4747-A73C-37305652AB9B}
		{73DF0CC0-24F6-47C2-AEC5-3E2574FD00C9} = {68015EA3-CC44-4B27-98D7-A93B160F6C06}
		{69239C02-27DE-4961-87E4-711F7CABAF93} = {68015EA3-CC44-4B27-98D7-A93B160F6C06}
		{BFF6B6F5-ADDA-4A43-81F2-CC4F2E6BE141} = {ED68872F-6C04-4976-AB07-887BFBE59ADF}
		{0DA29309-80A1-4E61-9B15-2889C1A5D103} = {ED68872F-6C04-4976-AB07-887BFBE59ADF}
		{F9E12BF5-1607-4514-A60E-9FD7FF8080B4} = {31284CE0-AE3F-4D94-8AFE-9C39C2BF8C87}
		{762FB83F-EF58-4EDE-A431-23A58BEA9BEE} = {31284CE0-AE3F-4D94-8AFE-9C39C2BF8C87}
		{57EE74F8-3419-41FC-909F-3B36DFC7AF8A} = {D9C5D931-82B8-4D67-B6AD-4B08F2C1FBF3}
		{DAF8DA73-A6BB-4A04-94D9-6C7A29637636} = {D9C5D931-82B8-4D67-B6AD-4B08F2C1FBF3}
	EndGlobalSection
	GlobalSection(ExtensibilityGlobals) = postSolution
		SolutionGuid = {374BFC4A-A565-441A-A3E5-A0B79E9D4B7A}
	EndGlobalSection
EndGlobal
