
Microsoft Visual Studio Solution File, Format Version 12.00
# Visual Studio Version 17
VisualStudioVersion = 17.4.33122.133
MinimumVisualStudioVersion = 10.0.40219.1
Project("{2150E333-8FDC-42A3-9474-1A3956D46DE8}") = "Introduction", "Introduction", "{DCB158ED-90F4-460B-9318-1992E557382E}"
EndProject
Project("{2150E333-8FDC-42A3-9474-1A3956D46DE8}") = "Elements", "Elements", "{CCDC4AB8-B1BE-4392-A37A-1288C8D78303}"
EndProject
Project("{2150E333-8FDC-42A3-9474-1A3956D46DE8}") = "Features", "Features", "{1B7C276C-B874-4C6F-82D8-AA8258089903}"
EndProject
Project("{2150E333-8FDC-42A3-9474-1A3956D46DE8}") = "Formatting", "Formatting", "{558EC1B6-5C1E-4DEE-8FBB-1AE7AC2FEF99}"
EndProject
Project("{2150E333-8FDC-42A3-9474-1A3956D46DE8}") = "Protection", "Protection", "{A95DE2D9-3489-4834-860C-6949D6A62846}"
EndProject
Project("{2150E333-8FDC-42A3-9474-1A3956D46DE8}") = "Platforms", "Platforms", "{90649EB5-BAFB-4DA8-84FC-4C7709361686}"
EndProject
Project("{9A19103F-16F7-4668-BE54-9A1E7A4F7556}") = "GettingStarted", "Introduction\Getting Started\GettingStarted.csproj", "{3D72A0F3-EBAD-4769-BEEC-5B9780A3A78D}"
EndProject
Project("{9A19103F-16F7-4668-BE54-9A1E7A4F7556}") = "Reading", "Introduction\Reading\Reading.csproj", "{65A1AD5A-68C1-46CC-AB74-5322FBEE3561}"
EndProject
Project("{9A19103F-16F7-4668-BE54-9A1E7A4F7556}") = "Writing", "Introduction\Writing\Writing.csproj", "{19B707CF-57A4-4347-8704-5D474CD16972}"
EndProject
Project("{9A19103F-16F7-4668-BE54-9A1E7A4F7556}") = "WorkingWithTemplates", "Introduction\Working with Templates\WorkingWithTemplates.csproj", "{9A7AD77E-3651-4CE3-AD6B-732D852F4AB7}"
EndProject
Project("{9A19103F-16F7-4668-BE54-9A1E7A4F7556}") = "Cloning", "Introduction\Cloning\Cloning.csproj", "{654CAB0F-5FB2-439A-A3B4-5044FEC5CB8F}"
EndProject
Project("{9A19103F-16F7-4668-BE54-9A1E7A4F7556}") = "Printing", "Introduction\Printing\Printing.csproj", "{BC86D43E-EFA2-4266-8BBA-1BA9FB99E8E9}"
EndProject
Project("{9A19103F-16F7-4668-BE54-9A1E7A4F7556}") = "Performance", "Introduction\Performance\Performance.csproj", "{A65A4E20-2D9E-4C38-8142-DA7408BF6FD5}"
EndProject
Project("{9A19103F-16F7-4668-BE54-9A1E7A4F7556}") = "Preservation", "Introduction\Preservation\Preservation.csproj", "{938773B5-41AE-4A53-BF23-22C2E7A5416A}"
EndProject
Project("{9A19103F-16F7-4668-BE54-9A1E7A4F7556}") = "AudioAndVideo", "Elements\Audio and Video\AudioAndVideo.csproj", "{17EBE338-30A1-42D3-9FF9-51F88A0735E4}"
EndProject
Project("{9A19103F-16F7-4668-BE54-9A1E7A4F7556}") = "Charts", "Elements\Charts\Charts.csproj", "{D468EC84-6E4A-4F78-87D5-1E4590AA2304}"
EndProject
Project("{9A19103F-16F7-4668-BE54-9A1E7A4F7556}") = "Comments", "Elements\Comments\Comments.csproj", "{3019E776-8F07-44A1-A72F-4AFA2EBA78D1}"
EndProject
Project("{9A19103F-16F7-4668-BE54-9A1E7A4F7556}") = "DocumentProperties", "Elements\Document Properties\DocumentProperties.csproj", "{5BD4CFBB-0DE3-4487-A7CB-6B391DE00C89}"
EndProject
Project("{9A19103F-16F7-4668-BE54-9A1E7A4F7556}") = "HeaderAndFooter", "Elements\Header and Footer\HeaderAndFooter.csproj", "{0E15AE71-52B4-46FF-802E-DBEF2D48DF1A}"
EndProject
Project("{9A19103F-16F7-4668-BE54-9A1E7A4F7556}") = "Hyperlinks", "Elements\Hyperlinks\Hyperlinks.csproj", "{BD884DE0-1A97-47C0-AABB-53759C9178CA}"
EndProject
Project("{9A19103F-16F7-4668-BE54-9A1E7A4F7556}") = "Notes", "Elements\Notes\Notes.csproj", "{D855E495-251B-45AF-BB22-98DAA46EA7DC}"
EndProject
Project("{9A19103F-16F7-4668-BE54-9A1E7A4F7556}") = "Pictures", "Elements\Pictures\Pictures.csproj", "{BBFE2C93-1628-4EFA-AB54-6915273E481E}"
EndProject
Project("{9A19103F-16F7-4668-BE54-9A1E7A4F7556}") = "Placeholders", "Elements\Placeholders\Placeholders.csproj", "{95C599FC-8C1C-4AEC-A113-56F56E924262}"
EndProject
Project("{9A19103F-16F7-4668-BE54-9A1E7A4F7556}") = "Shapes", "Elements\Shapes\Shapes.csproj", "{DA7666EC-A336-444E-8C9A-3AF44F8F3697}"
EndProject
Project("{9A19103F-16F7-4668-BE54-9A1E7A4F7556}") = "Slides", "Elements\Slides\Slides.csproj", "{3430594D-5834-4BD7-84DD-5A1F301860C4}"
EndProject
Project("{9A19103F-16F7-4668-BE54-9A1E7A4F7556}") = "Tables", "Elements\Tables\Tables.csproj", "{E01D792C-5481-41E0-AF62-162AF093D566}"
EndProject
Project("{9A19103F-16F7-4668-BE54-9A1E7A4F7556}") = "TextBoxes", "Elements\Text Boxes\TextBoxes.csproj", "{B7810369-8F4D-4F72-8400-5E07DD7A4E7E}"
EndProject
Project("{9A19103F-16F7-4668-BE54-9A1E7A4F7556}") = "ConvertingPptxToPdf", "Features\Converting PPTX to PDF\ConvertingPptxToPdf.csproj", "{D4839F15-A14B-41E6-8E2E-4AA1B4CB60FA}"
EndProject
Project("{9A19103F-16F7-4668-BE54-9A1E7A4F7556}") = "ConvertingPptxToImage", "Features\Converting PPTX to Image\ConvertingPptxToImage.csproj", "{36DD6B70-9683-45DB-B591-C31F9813278A}"
EndProject
Project("{9A19103F-16F7-4668-BE54-9A1E7A4F7556}") = "FindAndReplace", "Features\Find and Replace\FindAndReplace.csproj", "{4A6A0779-50C5-4CCC-BCAD-CB9377A01EF8}"
EndProject
Project("{9A19103F-16F7-4668-BE54-9A1E7A4F7556}") = "LoadingTextFromHtml", "Features\Loading Text from HTML\LoadingTextFromHtml.csproj", "{A57FE18F-DFC8-49A8-A0BD-8817FCBBF729}"
EndProject
Project("{9A19103F-16F7-4668-BE54-9A1E7A4F7556}") = "PrivateFonts", "Features\Private Fonts\PrivateFonts.csproj", "{1D770DFB-73E0-47A8-B0DE-5A937C905F6C}"
EndProject
Project("{9A19103F-16F7-4668-BE54-9A1E7A4F7556}") = "RightToLeftText", "Features\Right to Left Text\RightToLeftText.csproj", "{78D475CE-F682-4028-921F-BC38B4807F6A}"
EndProject
Project("{9A19103F-16F7-4668-BE54-9A1E7A4F7556}") = "SlideShow", "Features\Slide Show\SlideShow.csproj", "{A70AFA44-9E99-4246-8135-A2EFE79235AA}"
EndProject
Project("{9A19103F-16F7-4668-BE54-9A1E7A4F7556}") = "SlideTransition", "Features\Slide Transition\SlideTransition.csproj", "{8819F4F0-5025-4F6C-9D0B-9F241CBC6F26}"
EndProject
Project("{9A19103F-16F7-4668-BE54-9A1E7A4F7556}") = "UnitConversion", "Features\Unit Conversion\UnitConversion.csproj", "{C7F34D5E-6B4C-4C7F-BEC9-53AC77D23376}"
EndProject
Project("{9A19103F-16F7-4668-BE54-9A1E7A4F7556}") = "VbaMacros", "Features\VBA Macros\VbaMacros.csproj", "{876E3E3A-F279-4586-BE82-5ACE19581EFC}"
EndProject
Project("{9A19103F-16F7-4668-BE54-9A1E7A4F7556}") = "CharacterFormatting", "Formatting\Character Formatting\CharacterFormatting.csproj", "{C2AAD054-D92E-4D57-BAB8-E8CF2133444F}"
EndProject
Project("{9A19103F-16F7-4668-BE54-9A1E7A4F7556}") = "ListFormatting", "Formatting\List Formatting\ListFormatting.csproj", "{EA2B0336-6CEF-47E3-A354-18B4A76EDF80}"
EndProject
Project("{9A19103F-16F7-4668-BE54-9A1E7A4F7556}") = "ParagraphFormatting", "Formatting\Paragraph Formatting\ParagraphFormatting.csproj", "{01C2EF97-B19E-4053-BFE1-DAA3111B61EB}"
EndProject
Project("{9A19103F-16F7-4668-BE54-9A1E7A4F7556}") = "ShapeFormatting", "Formatting\Shape Formatting\ShapeFormatting.csproj", "{A1EFBB30-EBAC-4DFB-85B9-8F1D7F7E0504}"
EndProject
Project("{9A19103F-16F7-4668-BE54-9A1E7A4F7556}") = "TableFormatting", "Formatting\Table Formatting\TableFormatting.csproj", "{AF9FBD56-99F8-45BE-9D83-943D38E73370}"
EndProject
Project("{9A19103F-16F7-4668-BE54-9A1E7A4F7556}") = "TextBoxFormatting", "Formatting\Text Box Formatting\TextBoxFormatting.csproj", "{98BE5687-8DD6-442B-A7EB-399CEA4166CA}"
EndProject
Project("{9A19103F-16F7-4668-BE54-9A1E7A4F7556}") = "PdfDigitalSignature", "Protection\PDF Digital Signature\PdfDigitalSignature.csproj", "{9C6B0916-22EA-4788-BA4C-0121C02C748F}"
EndProject
Project("{9A19103F-16F7-4668-BE54-9A1E7A4F7556}") = "PdfEncryption", "Protection\PDF Encryption\PdfEncryption.csproj", "{A6CE732B-AA69-4979-8CFE-15A7326D680D}"
EndProject
Project("{9A19103F-16F7-4668-BE54-9A1E7A4F7556}") = "PptxDigitalSignature", "Protection\PPTX Digital Signature\PptxDigitalSignature.csproj", "{04CB34F7-90F5-44DF-B39B-D4FEF7B27D7C}"
EndProject
Project("{9A19103F-16F7-4668-BE54-9A1E7A4F7556}") = "PptxEncryption", "Protection\PPTX Encryption\PptxEncryption.csproj", "{39313D2F-BAEA-4062-AB4D-5B51589FD112}"
EndProject
Project("{9A19103F-16F7-4668-BE54-9A1E7A4F7556}") = "PptxModifyProtection", "Protection\PPTX Modify Protection\PptxModifyProtection.csproj", "{9AF80829-D2BF-4D2E-A1C7-3CE87BF9E198}"
EndProject
Project("{FAE04EC0-301F-11D3-BF4B-00C04F79EFBC}") = "AspNetMediumTrust", "Platforms\ASP.NET\AspNetMediumTrust.csproj", "{F9E12BF5-1607-4514-A60E-9FD7FF8080B4}"
EndProject
Project("{9A19103F-16F7-4668-BE54-9A1E7A4F7556}") = "AspNetCoreMvc", "Platforms\ASP.NET Core\MVC\AspNetCoreMvc.csproj", "{FF7FF392-80C4-4727-AE22-0AAF26FA1EB5}"
EndProject
Project("{9A19103F-16F7-4668-BE54-9A1E7A4F7556}") = "AspNetCorePages", "Platforms\ASP.NET Core\Razor Pages\AspNetCorePages.csproj", "{5E1F990D-1923-4882-97F5-53BFF9A40345}"
EndProject
Project("{9A19103F-16F7-4668-BE54-9A1E7A4F7556}") = "AzureFunction", "Platforms\Azure\AzureFunction.csproj", "{E5FFFEC0-5DFF-43E6-B3BB-C40AABC42CE7}"
EndProject
Project("{9A19103F-16F7-4668-BE54-9A1E7A4F7556}") = "BlazorServerApp", "Platforms\Blazor\Server App\BlazorServerApp.csproj", "{D4A7CF62-2C71-4F23-8362-3C7F99BE85D9}"
EndProject
Project("{9A19103F-16F7-4668-BE54-9A1E7A4F7556}") = "BlazorWebAssemblyApp", "Platforms\Blazor\WebAssembly App\BlazorWebAssemblyApp.csproj", "{8DC3CA60-16EC-4F96-A0D8-90EAA2442D7D}"
EndProject
Project("{9A19103F-16F7-4668-BE54-9A1E7A4F7556}") = "PresentationDocker", "Platforms\Docker\PresentationDocker.csproj", "{D3AE4B96-B82A-4EF9-B198-C8BD7C5C3652}"
EndProject
Project("{9A19103F-16F7-4668-BE54-9A1E7A4F7556}") = "Linux_macOS", "Platforms\Linux_macOS\Linux_macOS.csproj", "{CFA16BD2-9CA1-472A-9F43-440D35899EE4}"
EndProject
Project("{9A19103F-16F7-4668-BE54-9A1E7A4F7556}") = "PresentationMaui", "Platforms\MAUI\PresentationMaui.csproj", "{8BBA6430-8E44-4E93-8B9D-85A721AF84AE}"
EndProject
Project("{9A19103F-16F7-4668-BE54-9A1E7A4F7556}") = "WpfExportToImageSource", "Platforms\Export PowerPoint in WPF\ImageSource\WpfExportToImageSource.csproj", "{05013B70-5719-4313-BD8A-E8CC38515243}"
EndProject
Project("{9A19103F-16F7-4668-BE54-9A1E7A4F7556}") = "WpfExportToXpsDocument", "Platforms\Export PowerPoint in WPF\XpsDocument\WpfExportToXpsDocument.csproj", "{DF646023-6CEB-4317-AF27-8E5E00B0092D}"
EndProject
Global
	GlobalSection(SolutionConfigurationPlatforms) = preSolution
		Debug|Any CPU = Debug|Any CPU
		Release|Any CPU = Release|Any CPU
	EndGlobalSection
	GlobalSection(ProjectConfigurationPlatforms) = postSolution
		{3D72A0F3-EBAD-4769-BEEC-5B9780A3A78D}.Debug|Any CPU.ActiveCfg = Debug|Any CPU
		{3D72A0F3-EBAD-4769-BEEC-5B9780A3A78D}.Debug|Any CPU.Build.0 = Debug|Any CPU
		{3D72A0F3-EBAD-4769-BEEC-5B9780A3A78D}.Release|Any CPU.ActiveCfg = Release|Any CPU
		{3D72A0F3-EBAD-4769-BEEC-5B9780A3A78D}.Release|Any CPU.Build.0 = Release|Any CPU
		{65A1AD5A-68C1-46CC-AB74-5322FBEE3561}.Debug|Any CPU.ActiveCfg = Debug|Any CPU
		{65A1AD5A-68C1-46CC-AB74-5322FBEE3561}.Debug|Any CPU.Build.0 = Debug|Any CPU
		{65A1AD5A-68C1-46CC-AB74-5322FBEE3561}.Release|Any CPU.ActiveCfg = Release|Any CPU
		{65A1AD5A-68C1-46CC-AB74-5322FBEE3561}.Release|Any CPU.Build.0 = Release|Any CPU
		{19B707CF-57A4-4347-8704-5D474CD16972}.Debug|Any CPU.ActiveCfg = Debug|Any CPU
		{19B707CF-57A4-4347-8704-5D474CD16972}.Debug|Any CPU.Build.0 = Debug|Any CPU
		{19B707CF-57A4-4347-8704-5D474CD16972}.Release|Any CPU.ActiveCfg = Release|Any CPU
		{19B707CF-57A4-4347-8704-5D474CD16972}.Release|Any CPU.Build.0 = Release|Any CPU
		{9A7AD77E-3651-4CE3-AD6B-732D852F4AB7}.Debug|Any CPU.ActiveCfg = Debug|Any CPU
		{9A7AD77E-3651-4CE3-AD6B-732D852F4AB7}.Debug|Any CPU.Build.0 = Debug|Any CPU
		{9A7AD77E-3651-4CE3-AD6B-732D852F4AB7}.Release|Any CPU.ActiveCfg = Release|Any CPU
		{9A7AD77E-3651-4CE3-AD6B-732D852F4AB7}.Release|Any CPU.Build.0 = Release|Any CPU
		{654CAB0F-5FB2-439A-A3B4-5044FEC5CB8F}.Debug|Any CPU.ActiveCfg = Debug|Any CPU
		{654CAB0F-5FB2-439A-A3B4-5044FEC5CB8F}.Debug|Any CPU.Build.0 = Debug|Any CPU
		{654CAB0F-5FB2-439A-A3B4-5044FEC5CB8F}.Release|Any CPU.ActiveCfg = Release|Any CPU
		{654CAB0F-5FB2-439A-A3B4-5044FEC5CB8F}.Release|Any CPU.Build.0 = Release|Any CPU
		{BC86D43E-EFA2-4266-8BBA-1BA9FB99E8E9}.Debug|Any CPU.ActiveCfg = Debug|Any CPU
		{BC86D43E-EFA2-4266-8BBA-1BA9FB99E8E9}.Debug|Any CPU.Build.0 = Debug|Any CPU
		{BC86D43E-EFA2-4266-8BBA-1BA9FB99E8E9}.Release|Any CPU.ActiveCfg = Release|Any CPU
		{BC86D43E-EFA2-4266-8BBA-1BA9FB99E8E9}.Release|Any CPU.Build.0 = Release|Any CPU
		{A65A4E20-2D9E-4C38-8142-DA7408BF6FD5}.Debug|Any CPU.ActiveCfg = Debug|Any CPU
		{A65A4E20-2D9E-4C38-8142-DA7408BF6FD5}.Debug|Any CPU.Build.0 = Debug|Any CPU
		{A65A4E20-2D9E-4C38-8142-DA7408BF6FD5}.Release|Any CPU.ActiveCfg = Release|Any CPU
		{A65A4E20-2D9E-4C38-8142-DA7408BF6FD5}.Release|Any CPU.Build.0 = Release|Any CPU
		{938773B5-41AE-4A53-BF23-22C2E7A5416A}.Debug|Any CPU.ActiveCfg = Debug|Any CPU
		{938773B5-41AE-4A53-BF23-22C2E7A5416A}.Debug|Any CPU.Build.0 = Debug|Any CPU
		{938773B5-41AE-4A53-BF23-22C2E7A5416A}.Release|Any CPU.ActiveCfg = Release|Any CPU
		{938773B5-41AE-4A53-BF23-22C2E7A5416A}.Release|Any CPU.Build.0 = Release|Any CPU
		{17EBE338-30A1-42D3-9FF9-51F88A0735E4}.Debug|Any CPU.ActiveCfg = Debug|Any CPU
		{17EBE338-30A1-42D3-9FF9-51F88A0735E4}.Debug|Any CPU.Build.0 = Debug|Any CPU
		{17EBE338-30A1-42D3-9FF9-51F88A0735E4}.Release|Any CPU.ActiveCfg = Release|Any CPU
		{17EBE338-30A1-42D3-9FF9-51F88A0735E4}.Release|Any CPU.Build.0 = Release|Any CPU
		{D468EC84-6E4A-4F78-87D5-1E4590AA2304}.Debug|Any CPU.ActiveCfg = Debug|Any CPU
		{D468EC84-6E4A-4F78-87D5-1E4590AA2304}.Debug|Any CPU.Build.0 = Debug|Any CPU
		{D468EC84-6E4A-4F78-87D5-1E4590AA2304}.Release|Any CPU.ActiveCfg = Release|Any CPU
		{D468EC84-6E4A-4F78-87D5-1E4590AA2304}.Release|Any CPU.Build.0 = Release|Any CPU
		{3019E776-8F07-44A1-A72F-4AFA2EBA78D1}.Debug|Any CPU.ActiveCfg = Debug|Any CPU
		{3019E776-8F07-44A1-A72F-4AFA2EBA78D1}.Debug|Any CPU.Build.0 = Debug|Any CPU
		{3019E776-8F07-44A1-A72F-4AFA2EBA78D1}.Release|Any CPU.ActiveCfg = Release|Any CPU
		{3019E776-8F07-44A1-A72F-4AFA2EBA78D1}.Release|Any CPU.Build.0 = Release|Any CPU
		{5BD4CFBB-0DE3-4487-A7CB-6B391DE00C89}.Debug|Any CPU.ActiveCfg = Debug|Any CPU
		{5BD4CFBB-0DE3-4487-A7CB-6B391DE00C89}.Debug|Any CPU.Build.0 = Debug|Any CPU
		{5BD4CFBB-0DE3-4487-A7CB-6B391DE00C89}.Release|Any CPU.ActiveCfg = Release|Any CPU
		{5BD4CFBB-0DE3-4487-A7CB-6B391DE00C89}.Release|Any CPU.Build.0 = Release|Any CPU
		{0E15AE71-52B4-46FF-802E-DBEF2D48DF1A}.Debug|Any CPU.ActiveCfg = Debug|Any CPU
		{0E15AE71-52B4-46FF-802E-DBEF2D48DF1A}.Debug|Any CPU.Build.0 = Debug|Any CPU
		{0E15AE71-52B4-46FF-802E-DBEF2D48DF1A}.Release|Any CPU.ActiveCfg = Release|Any CPU
		{0E15AE71-52B4-46FF-802E-DBEF2D48DF1A}.Release|Any CPU.Build.0 = Release|Any CPU
		{BD884DE0-1A97-47C0-AABB-53759C9178CA}.Debug|Any CPU.ActiveCfg = Debug|Any CPU
		{BD884DE0-1A97-47C0-AABB-53759C9178CA}.Debug|Any CPU.Build.0 = Debug|Any CPU
		{BD884DE0-1A97-47C0-AABB-53759C9178CA}.Release|Any CPU.ActiveCfg = Release|Any CPU
		{BD884DE0-1A97-47C0-AABB-53759C9178CA}.Release|Any CPU.Build.0 = Release|Any CPU
		{D855E495-251B-45AF-BB22-98DAA46EA7DC}.Debug|Any CPU.ActiveCfg = Debug|Any CPU
		{D855E495-251B-45AF-BB22-98DAA46EA7DC}.Debug|Any CPU.Build.0 = Debug|Any CPU
		{D855E495-251B-45AF-BB22-98DAA46EA7DC}.Release|Any CPU.ActiveCfg = Release|Any CPU
		{D855E495-251B-45AF-BB22-98DAA46EA7DC}.Release|Any CPU.Build.0 = Release|Any CPU
		{BBFE2C93-1628-4EFA-AB54-6915273E481E}.Debug|Any CPU.ActiveCfg = Debug|Any CPU
		{BBFE2C93-1628-4EFA-AB54-6915273E481E}.Debug|Any CPU.Build.0 = Debug|Any CPU
		{BBFE2C93-1628-4EFA-AB54-6915273E481E}.Release|Any CPU.ActiveCfg = Release|Any CPU
		{BBFE2C93-1628-4EFA-AB54-6915273E481E}.Release|Any CPU.Build.0 = Release|Any CPU
		{95C599FC-8C1C-4AEC-A113-56F56E924262}.Debug|Any CPU.ActiveCfg = Debug|Any CPU
		{95C599FC-8C1C-4AEC-A113-56F56E924262}.Debug|Any CPU.Build.0 = Debug|Any CPU
		{95C599FC-8C1C-4AEC-A113-56F56E924262}.Release|Any CPU.ActiveCfg = Release|Any CPU
		{95C599FC-8C1C-4AEC-A113-56F56E924262}.Release|Any CPU.Build.0 = Release|Any CPU
		{DA7666EC-A336-444E-8C9A-3AF44F8F3697}.Debug|Any CPU.ActiveCfg = Debug|Any CPU
		{DA7666EC-A336-444E-8C9A-3AF44F8F3697}.Debug|Any CPU.Build.0 = Debug|Any CPU
		{DA7666EC-A336-444E-8C9A-3AF44F8F3697}.Release|Any CPU.ActiveCfg = Release|Any CPU
		{DA7666EC-A336-444E-8C9A-3AF44F8F3697}.Release|Any CPU.Build.0 = Release|Any CPU
		{3430594D-5834-4BD7-84DD-5A1F301860C4}.Debug|Any CPU.ActiveCfg = Debug|Any CPU
		{3430594D-5834-4BD7-84DD-5A1F301860C4}.Debug|Any CPU.Build.0 = Debug|Any CPU
		{3430594D-5834-4BD7-84DD-5A1F301860C4}.Release|Any CPU.ActiveCfg = Release|Any CPU
		{3430594D-5834-4BD7-84DD-5A1F301860C4}.Release|Any CPU.Build.0 = Release|Any CPU
		{E01D792C-5481-41E0-AF62-162AF093D566}.Debug|Any CPU.ActiveCfg = Debug|Any CPU
		{E01D792C-5481-41E0-AF62-162AF093D566}.Debug|Any CPU.Build.0 = Debug|Any CPU
		{E01D792C-5481-41E0-AF62-162AF093D566}.Release|Any CPU.ActiveCfg = Release|Any CPU
		{E01D792C-5481-41E0-AF62-162AF093D566}.Release|Any CPU.Build.0 = Release|Any CPU
		{B7810369-8F4D-4F72-8400-5E07DD7A4E7E}.Debug|Any CPU.ActiveCfg = Debug|Any CPU
		{B7810369-8F4D-4F72-8400-5E07DD7A4E7E}.Debug|Any CPU.Build.0 = Debug|Any CPU
		{B7810369-8F4D-4F72-8400-5E07DD7A4E7E}.Release|Any CPU.ActiveCfg = Release|Any CPU
		{B7810369-8F4D-4F72-8400-5E07DD7A4E7E}.Release|Any CPU.Build.0 = Release|Any CPU
		{D4839F15-A14B-41E6-8E2E-4AA1B4CB60FA}.Debug|Any CPU.ActiveCfg = Debug|Any CPU
		{D4839F15-A14B-41E6-8E2E-4AA1B4CB60FA}.Debug|Any CPU.Build.0 = Debug|Any CPU
		{D4839F15-A14B-41E6-8E2E-4AA1B4CB60FA}.Release|Any CPU.ActiveCfg = Release|Any CPU
		{D4839F15-A14B-41E6-8E2E-4AA1B4CB60FA}.Release|Any CPU.Build.0 = Release|Any CPU
		{36DD6B70-9683-45DB-B591-C31F9813278A}.Debug|Any CPU.ActiveCfg = Debug|Any CPU
		{36DD6B70-9683-45DB-B591-C31F9813278A}.Debug|Any CPU.Build.0 = Debug|Any CPU
		{36DD6B70-9683-45DB-B591-C31F9813278A}.Release|Any CPU.ActiveCfg = Release|Any CPU
		{36DD6B70-9683-45DB-B591-C31F9813278A}.Release|Any CPU.Build.0 = Release|Any CPU
		{4A6A0779-50C5-4CCC-BCAD-CB9377A01EF8}.Debug|Any CPU.ActiveCfg = Debug|Any CPU
		{4A6A0779-50C5-4CCC-BCAD-CB9377A01EF8}.Debug|Any CPU.Build.0 = Debug|Any CPU
		{4A6A0779-50C5-4CCC-BCAD-CB9377A01EF8}.Release|Any CPU.ActiveCfg = Release|Any CPU
		{4A6A0779-50C5-4CCC-BCAD-CB9377A01EF8}.Release|Any CPU.Build.0 = Release|Any CPU
		{A57FE18F-DFC8-49A8-A0BD-8817FCBBF729}.Debug|Any CPU.ActiveCfg = Debug|Any CPU
		{A57FE18F-DFC8-49A8-A0BD-8817FCBBF729}.Debug|Any CPU.Build.0 = Debug|Any CPU
		{A57FE18F-DFC8-49A8-A0BD-8817FCBBF729}.Release|Any CPU.ActiveCfg = Release|Any CPU
		{A57FE18F-DFC8-49A8-A0BD-8817FCBBF729}.Release|Any CPU.Build.0 = Release|Any CPU
		{1D770DFB-73E0-47A8-B0DE-5A937C905F6C}.Debug|Any CPU.ActiveCfg = Debug|Any CPU
		{1D770DFB-73E0-47A8-B0DE-5A937C905F6C}.Debug|Any CPU.Build.0 = Debug|Any CPU
		{1D770DFB-73E0-47A8-B0DE-5A937C905F6C}.Release|Any CPU.ActiveCfg = Release|Any CPU
		{1D770DFB-73E0-47A8-B0DE-5A937C905F6C}.Release|Any CPU.Build.0 = Release|Any CPU
		{78D475CE-F682-4028-921F-BC38B4807F6A}.Debug|Any CPU.ActiveCfg = Debug|Any CPU
		{78D475CE-F682-4028-921F-BC38B4807F6A}.Debug|Any CPU.Build.0 = Debug|Any CPU
		{78D475CE-F682-4028-921F-BC38B4807F6A}.Release|Any CPU.ActiveCfg = Release|Any CPU
		{78D475CE-F682-4028-921F-BC38B4807F6A}.Release|Any CPU.Build.0 = Release|Any CPU
		{A70AFA44-9E99-4246-8135-A2EFE79235AA}.Debug|Any CPU.ActiveCfg = Debug|Any CPU
		{A70AFA44-9E99-4246-8135-A2EFE79235AA}.Debug|Any CPU.Build.0 = Debug|Any CPU
		{A70AFA44-9E99-4246-8135-A2EFE79235AA}.Release|Any CPU.ActiveCfg = Release|Any CPU
		{A70AFA44-9E99-4246-8135-A2EFE79235AA}.Release|Any CPU.Build.0 = Release|Any CPU
		{8819F4F0-5025-4F6C-9D0B-9F241CBC6F26}.Debug|Any CPU.ActiveCfg = Debug|Any CPU
		{8819F4F0-5025-4F6C-9D0B-9F241CBC6F26}.Debug|Any CPU.Build.0 = Debug|Any CPU
		{8819F4F0-5025-4F6C-9D0B-9F241CBC6F26}.Release|Any CPU.ActiveCfg = Release|Any CPU
		{8819F4F0-5025-4F6C-9D0B-9F241CBC6F26}.Release|Any CPU.Build.0 = Release|Any CPU
		{C7F34D5E-6B4C-4C7F-BEC9-53AC77D23376}.Debug|Any CPU.ActiveCfg = Debug|Any CPU
		{C7F34D5E-6B4C-4C7F-BEC9-53AC77D23376}.Debug|Any CPU.Build.0 = Debug|Any CPU
		{C7F34D5E-6B4C-4C7F-BEC9-53AC77D23376}.Release|Any CPU.ActiveCfg = Release|Any CPU
		{C7F34D5E-6B4C-4C7F-BEC9-53AC77D23376}.Release|Any CPU.Build.0 = Release|Any CPU
		{876E3E3A-F279-4586-BE82-5ACE19581EFC}.Debug|Any CPU.ActiveCfg = Debug|Any CPU
		{876E3E3A-F279-4586-BE82-5ACE19581EFC}.Debug|Any CPU.Build.0 = Debug|Any CPU
		{876E3E3A-F279-4586-BE82-5ACE19581EFC}.Release|Any CPU.ActiveCfg = Release|Any CPU
		{876E3E3A-F279-4586-BE82-5ACE19581EFC}.Release|Any CPU.Build.0 = Release|Any CPU
		{C2AAD054-D92E-4D57-BAB8-E8CF2133444F}.Debug|Any CPU.ActiveCfg = Debug|Any CPU
		{C2AAD054-D92E-4D57-BAB8-E8CF2133444F}.Debug|Any CPU.Build.0 = Debug|Any CPU
		{C2AAD054-D92E-4D57-BAB8-E8CF2133444F}.Release|Any CPU.ActiveCfg = Release|Any CPU
		{C2AAD054-D92E-4D57-BAB8-E8CF2133444F}.Release|Any CPU.Build.0 = Release|Any CPU
		{EA2B0336-6CEF-47E3-A354-18B4A76EDF80}.Debug|Any CPU.ActiveCfg = Debug|Any CPU
		{EA2B0336-6CEF-47E3-A354-18B4A76EDF80}.Debug|Any CPU.Build.0 = Debug|Any CPU
		{EA2B0336-6CEF-47E3-A354-18B4A76EDF80}.Release|Any CPU.ActiveCfg = Release|Any CPU
		{EA2B0336-6CEF-47E3-A354-18B4A76EDF80}.Release|Any CPU.Build.0 = Release|Any CPU
		{01C2EF97-B19E-4053-BFE1-DAA3111B61EB}.Debug|Any CPU.ActiveCfg = Debug|Any CPU
		{01C2EF97-B19E-4053-BFE1-DAA3111B61EB}.Debug|Any CPU.Build.0 = Debug|Any CPU
		{01C2EF97-B19E-4053-BFE1-DAA3111B61EB}.Release|Any CPU.ActiveCfg = Release|Any CPU
		{01C2EF97-B19E-4053-BFE1-DAA3111B61EB}.Release|Any CPU.Build.0 = Release|Any CPU
		{A1EFBB30-EBAC-4DFB-85B9-8F1D7F7E0504}.Debug|Any CPU.ActiveCfg = Debug|Any CPU
		{A1EFBB30-EBAC-4DFB-85B9-8F1D7F7E0504}.Debug|Any CPU.Build.0 = Debug|Any CPU
		{A1EFBB30-EBAC-4DFB-85B9-8F1D7F7E0504}.Release|Any CPU.ActiveCfg = Release|Any CPU
		{A1EFBB30-EBAC-4DFB-85B9-8F1D7F7E0504}.Release|Any CPU.Build.0 = Release|Any CPU
		{AF9FBD56-99F8-45BE-9D83-943D38E73370}.Debug|Any CPU.ActiveCfg = Debug|Any CPU
		{AF9FBD56-99F8-45BE-9D83-943D38E73370}.Debug|Any CPU.Build.0 = Debug|Any CPU
		{AF9FBD56-99F8-45BE-9D83-943D38E73370}.Release|Any CPU.ActiveCfg = Release|Any CPU
		{AF9FBD56-99F8-45BE-9D83-943D38E73370}.Release|Any CPU.Build.0 = Release|Any CPU
		{98BE5687-8DD6-442B-A7EB-399CEA4166CA}.Debug|Any CPU.ActiveCfg = Debug|Any CPU
		{98BE5687-8DD6-442B-A7EB-399CEA4166CA}.Debug|Any CPU.Build.0 = Debug|Any CPU
		{98BE5687-8DD6-442B-A7EB-399CEA4166CA}.Release|Any CPU.ActiveCfg = Release|Any CPU
		{98BE5687-8DD6-442B-A7EB-399CEA4166CA}.Release|Any CPU.Build.0 = Release|Any CPU
		{9C6B0916-22EA-4788-BA4C-0121C02C748F}.Debug|Any CPU.ActiveCfg = Debug|Any CPU
		{9C6B0916-22EA-4788-BA4C-0121C02C748F}.Debug|Any CPU.Build.0 = Debug|Any CPU
		{9C6B0916-22EA-4788-BA4C-0121C02C748F}.Release|Any CPU.ActiveCfg = Release|Any CPU
		{9C6B0916-22EA-4788-BA4C-0121C02C748F}.Release|Any CPU.Build.0 = Release|Any CPU
		{A6CE732B-AA69-4979-8CFE-15A7326D680D}.Debug|Any CPU.ActiveCfg = Debug|Any CPU
		{A6CE732B-AA69-4979-8CFE-15A7326D680D}.Debug|Any CPU.Build.0 = Debug|Any CPU
		{A6CE732B-AA69-4979-8CFE-15A7326D680D}.Release|Any CPU.ActiveCfg = Release|Any CPU
		{A6CE732B-AA69-4979-8CFE-15A7326D680D}.Release|Any CPU.Build.0 = Release|Any CPU
		{04CB34F7-90F5-44DF-B39B-D4FEF7B27D7C}.Debug|Any CPU.ActiveCfg = Debug|Any CPU
		{04CB34F7-90F5-44DF-B39B-D4FEF7B27D7C}.Debug|Any CPU.Build.0 = Debug|Any CPU
		{04CB34F7-90F5-44DF-B39B-D4FEF7B27D7C}.Release|Any CPU.ActiveCfg = Release|Any CPU
		{04CB34F7-90F5-44DF-B39B-D4FEF7B27D7C}.Release|Any CPU.Build.0 = Release|Any CPU
		{39313D2F-BAEA-4062-AB4D-5B51589FD112}.Debug|Any CPU.ActiveCfg = Debug|Any CPU
		{39313D2F-BAEA-4062-AB4D-5B51589FD112}.Debug|Any CPU.Build.0 = Debug|Any CPU
		{39313D2F-BAEA-4062-AB4D-5B51589FD112}.Release|Any CPU.ActiveCfg = Release|Any CPU
		{39313D2F-BAEA-4062-AB4D-5B51589FD112}.Release|Any CPU.Build.0 = Release|Any CPU
		{9AF80829-D2BF-4D2E-A1C7-3CE87BF9E198}.Debug|Any CPU.ActiveCfg = Debug|Any CPU
		{9AF80829-D2BF-4D2E-A1C7-3CE87BF9E198}.Debug|Any CPU.Build.0 = Debug|Any CPU
		{9AF80829-D2BF-4D2E-A1C7-3CE87BF9E198}.Release|Any CPU.ActiveCfg = Release|Any CPU
		{9AF80829-D2BF-4D2E-A1C7-3CE87BF9E198}.Release|Any CPU.Build.0 = Release|Any CPU
		{F9E12BF5-1607-4514-A60E-9FD7FF8080B4}.Debug|Any CPU.ActiveCfg = Debug|Any CPU
		{F9E12BF5-1607-4514-A60E-9FD7FF8080B4}.Debug|Any CPU.Build.0 = Debug|Any CPU
		{F9E12BF5-1607-4514-A60E-9FD7FF8080B4}.Release|Any CPU.ActiveCfg = Release|Any CPU
		{F9E12BF5-1607-4514-A60E-9FD7FF8080B4}.Release|Any CPU.Build.0 = Release|Any CPU
		{FF7FF392-80C4-4727-AE22-0AAF26FA1EB5}.Debug|Any CPU.ActiveCfg = Debug|Any CPU
		{FF7FF392-80C4-4727-AE22-0AAF26FA1EB5}.Debug|Any CPU.Build.0 = Debug|Any CPU
		{FF7FF392-80C4-4727-AE22-0AAF26FA1EB5}.Release|Any CPU.ActiveCfg = Release|Any CPU
		{FF7FF392-80C4-4727-AE22-0AAF26FA1EB5}.Release|Any CPU.Build.0 = Release|Any CPU
		{5E1F990D-1923-4882-97F5-53BFF9A40345}.Debug|Any CPU.ActiveCfg = Debug|Any CPU
		{5E1F990D-1923-4882-97F5-53BFF9A40345}.Debug|Any CPU.Build.0 = Debug|Any CPU
		{5E1F990D-1923-4882-97F5-53BFF9A40345}.Release|Any CPU.ActiveCfg = Release|Any CPU
		{5E1F990D-1923-4882-97F5-53BFF9A40345}.Release|Any CPU.Build.0 = Release|Any CPU
		{E5FFFEC0-5DFF-43E6-B3BB-C40AABC42CE7}.Debug|Any CPU.ActiveCfg = Debug|Any CPU
		{E5FFFEC0-5DFF-43E6-B3BB-C40AABC42CE7}.Debug|Any CPU.Build.0 = Debug|Any CPU
		{E5FFFEC0-5DFF-43E6-B3BB-C40AABC42CE7}.Release|Any CPU.ActiveCfg = Release|Any CPU
		{E5FFFEC0-5DFF-43E6-B3BB-C40AABC42CE7}.Release|Any CPU.Build.0 = Release|Any CPU
		{D4A7CF62-2C71-4F23-8362-3C7F99BE85D9}.Debug|Any CPU.ActiveCfg = Debug|Any CPU
		{D4A7CF62-2C71-4F23-8362-3C7F99BE85D9}.Debug|Any CPU.Build.0 = Debug|Any CPU
		{D4A7CF62-2C71-4F23-8362-3C7F99BE85D9}.Release|Any CPU.ActiveCfg = Release|Any CPU
		{D4A7CF62-2C71-4F23-8362-3C7F99BE85D9}.Release|Any CPU.Build.0 = Release|Any CPU
		{8DC3CA60-16EC-4F96-A0D8-90EAA2442D7D}.Debug|Any CPU.ActiveCfg = Debug|Any CPU
		{8DC3CA60-16EC-4F96-A0D8-90EAA2442D7D}.Debug|Any CPU.Build.0 = Debug|Any CPU
		{8DC3CA60-16EC-4F96-A0D8-90EAA2442D7D}.Release|Any CPU.ActiveCfg = Release|Any CPU
		{8DC3CA60-16EC-4F96-A0D8-90EAA2442D7D}.Release|Any CPU.Build.0 = Release|Any CPU
		{D3AE4B96-B82A-4EF9-B198-C8BD7C5C3652}.Debug|Any CPU.ActiveCfg = Debug|Any CPU
		{D3AE4B96-B82A-4EF9-B198-C8BD7C5C3652}.Debug|Any CPU.Build.0 = Debug|Any CPU
		{D3AE4B96-B82A-4EF9-B198-C8BD7C5C3652}.Release|Any CPU.ActiveCfg = Release|Any CPU
		{D3AE4B96-B82A-4EF9-B198-C8BD7C5C3652}.Release|Any CPU.Build.0 = Release|Any CPU
		{CFA16BD2-9CA1-472A-9F43-440D35899EE4}.Debug|Any CPU.ActiveCfg = Debug|Any CPU
		{CFA16BD2-9CA1-472A-9F43-440D35899EE4}.Debug|Any CPU.Build.0 = Debug|Any CPU
		{CFA16BD2-9CA1-472A-9F43-440D35899EE4}.Release|Any CPU.ActiveCfg = Release|Any CPU
		{CFA16BD2-9CA1-472A-9F43-440D35899EE4}.Release|Any CPU.Build.0 = Release|Any CPU
		{8BBA6430-8E44-4E93-8B9D-85A721AF84AE}.Debug|Any CPU.ActiveCfg = Debug|Any CPU
		{8BBA6430-8E44-4E93-8B9D-85A721AF84AE}.Debug|Any CPU.Build.0 = Debug|Any CPU
		{8BBA6430-8E44-4E93-8B9D-85A721AF84AE}.Release|Any CPU.ActiveCfg = Release|Any CPU
		{8BBA6430-8E44-4E93-8B9D-85A721AF84AE}.Release|Any CPU.Build.0 = Release|Any CPU
		{05013B70-5719-4313-BD8A-E8CC38515243}.Debug|Any CPU.ActiveCfg = Debug|Any CPU
		{05013B70-5719-4313-BD8A-E8CC38515243}.Debug|Any CPU.Build.0 = Debug|Any CPU
		{05013B70-5719-4313-BD8A-E8CC38515243}.Release|Any CPU.ActiveCfg = Release|Any CPU
		{05013B70-5719-4313-BD8A-E8CC38515243}.Release|Any CPU.Build.0 = Release|Any CPU
		{DF646023-6CEB-4317-AF27-8E5E00B0092D}.Debug|Any CPU.ActiveCfg = Debug|Any CPU
		{DF646023-6CEB-4317-AF27-8E5E00B0092D}.Debug|Any CPU.Build.0 = Debug|Any CPU
		{DF646023-6CEB-4317-AF27-8E5E00B0092D}.Release|Any CPU.ActiveCfg = Release|Any CPU
		{DF646023-6CEB-4317-AF27-8E5E00B0092D}.Release|Any CPU.Build.0 = Release|Any CPU
	EndGlobalSection
	GlobalSection(SolutionProperties) = preSolution
		HideSolutionNode = FALSE
	EndGlobalSection
	GlobalSection(NestedProjects) = preSolution
		{3D72A0F3-EBAD-4769-BEEC-5B9780A3A78D} = {DCB158ED-90F4-460B-9318-1992E557382E}
		{65A1AD5A-68C1-46CC-AB74-5322FBEE3561} = {DCB158ED-90F4-460B-9318-1992E557382E}
		{19B707CF-57A4-4347-8704-5D474CD16972} = {DCB158ED-90F4-460B-9318-1992E557382E}
		{9A7AD77E-3651-4CE3-AD6B-732D852F4AB7} = {DCB158ED-90F4-460B-9318-1992E557382E}
		{654CAB0F-5FB2-439A-A3B4-5044FEC5CB8F} = {DCB158ED-90F4-460B-9318-1992E557382E}
		{BC86D43E-EFA2-4266-8BBA-1BA9FB99E8E9} = {DCB158ED-90F4-460B-9318-1992E557382E}
		{A65A4E20-2D9E-4C38-8142-DA7408BF6FD5} = {DCB158ED-90F4-460B-9318-1992E557382E}
		{938773B5-41AE-4A53-BF23-22C2E7A5416A} = {DCB158ED-90F4-460B-9318-1992E557382E}
		{17EBE338-30A1-42D3-9FF9-51F88A0735E4} = {CCDC4AB8-B1BE-4392-A37A-1288C8D78303}
		{D468EC84-6E4A-4F78-87D5-1E4590AA2304} = {CCDC4AB8-B1BE-4392-A37A-1288C8D78303}
		{3019E776-8F07-44A1-A72F-4AFA2EBA78D1} = {CCDC4AB8-B1BE-4392-A37A-1288C8D78303}
		{5BD4CFBB-0DE3-4487-A7CB-6B391DE00C89} = {CCDC4AB8-B1BE-4392-A37A-1288C8D78303}
		{0E15AE71-52B4-46FF-802E-DBEF2D48DF1A} = {CCDC4AB8-B1BE-4392-A37A-1288C8D78303}
		{BD884DE0-1A97-47C0-AABB-53759C9178CA} = {CCDC4AB8-B1BE-4392-A37A-1288C8D78303}
		{D855E495-251B-45AF-BB22-98DAA46EA7DC} = {CCDC4AB8-B1BE-4392-A37A-1288C8D78303}
		{BBFE2C93-1628-4EFA-AB54-6915273E481E} = {CCDC4AB8-B1BE-4392-A37A-1288C8D78303}
		{95C599FC-8C1C-4AEC-A113-56F56E924262} = {CCDC4AB8-B1BE-4392-A37A-1288C8D78303}
		{DA7666EC-A336-444E-8C9A-3AF44F8F3697} = {CCDC4AB8-B1BE-4392-A37A-1288C8D78303}
		{3430594D-5834-4BD7-84DD-5A1F301860C4} = {CCDC4AB8-B1BE-4392-A37A-1288C8D78303}
		{E01D792C-5481-41E0-AF62-162AF093D566} = {CCDC4AB8-B1BE-4392-A37A-1288C8D78303}
		{B7810369-8F4D-4F72-8400-5E07DD7A4E7E} = {CCDC4AB8-B1BE-4392-A37A-1288C8D78303}
		{D4839F15-A14B-41E6-8E2E-4AA1B4CB60FA} = {1B7C276C-B874-4C6F-82D8-AA8258089903}
		{36DD6B70-9683-45DB-B591-C31F9813278A} = {1B7C276C-B874-4C6F-82D8-AA8258089903}
		{4A6A0779-50C5-4CCC-BCAD-CB9377A01EF8} = {1B7C276C-B874-4C6F-82D8-AA8258089903}
		{A57FE18F-DFC8-49A8-A0BD-8817FCBBF729} = {1B7C276C-B874-4C6F-82D8-AA8258089903}
		{1D770DFB-73E0-47A8-B0DE-5A937C905F6C} = {1B7C276C-B874-4C6F-82D8-AA8258089903}
		{78D475CE-F682-4028-921F-BC38B4807F6A} = {1B7C276C-B874-4C6F-82D8-AA8258089903}
		{A70AFA44-9E99-4246-8135-A2EFE79235AA} = {1B7C276C-B874-4C6F-82D8-AA8258089903}
		{8819F4F0-5025-4F6C-9D0B-9F241CBC6F26} = {1B7C276C-B874-4C6F-82D8-AA8258089903}
		{C7F34D5E-6B4C-4C7F-BEC9-53AC77D23376} = {1B7C276C-B874-4C6F-82D8-AA8258089903}
		{876E3E3A-F279-4586-BE82-5ACE19581EFC} = {1B7C276C-B874-4C6F-82D8-AA8258089903}
		{C2AAD054-D92E-4D57-BAB8-E8CF2133444F} = {558EC1B6-5C1E-4DEE-8FBB-1AE7AC2FEF99}
		{EA2B0336-6CEF-47E3-A354-18B4A76EDF80} = {558EC1B6-5C1E-4DEE-8FBB-1AE7AC2FEF99}
		{01C2EF97-B19E-4053-BFE1-DAA3111B61EB} = {558EC1B6-5C1E-4DEE-8FBB-1AE7AC2FEF99}
		{A1EFBB30-EBAC-4DFB-85B9-8F1D7F7E0504} = {558EC1B6-5C1E-4DEE-8FBB-1AE7AC2FEF99}
		{AF9FBD56-99F8-45BE-9D83-943D38E73370} = {558EC1B6-5C1E-4DEE-8FBB-1AE7AC2FEF99}
		{98BE5687-8DD6-442B-A7EB-399CEA4166CA} = {558EC1B6-5C1E-4DEE-8FBB-1AE7AC2FEF99}
		{9C6B0916-22EA-4788-BA4C-0121C02C748F} = {A95DE2D9-3489-4834-860C-6949D6A62846}
		{A6CE732B-AA69-4979-8CFE-15A7326D680D} = {A95DE2D9-3489-4834-860C-6949D6A62846}
		{04CB34F7-90F5-44DF-B39B-D4FEF7B27D7C} = {A95DE2D9-3489-4834-860C-6949D6A62846}
		{39313D2F-BAEA-4062-AB4D-5B51589FD112} = {A95DE2D9-3489-4834-860C-6949D6A62846}
		{9AF80829-D2BF-4D2E-A1C7-3CE87BF9E198} = {A95DE2D9-3489-4834-860C-6949D6A62846}
		{F9E12BF5-1607-4514-A60E-9FD7FF8080B4} = {90649EB5-BAFB-4DA8-84FC-4C7709361686}
		{FF7FF392-80C4-4727-AE22-0AAF26FA1EB5} = {90649EB5-BAFB-4DA8-84FC-4C7709361686}
		{5E1F990D-1923-4882-97F5-53BFF9A40345} = {90649EB5-BAFB-4DA8-84FC-4C7709361686}
		{E5FFFEC0-5DFF-43E6-B3BB-C40AABC42CE7} = {90649EB5-BAFB-4DA8-84FC-4C7709361686}
		{D4A7CF62-2C71-4F23-8362-3C7F99BE85D9} = {90649EB5-BAFB-4DA8-84FC-4C7709361686}
		{8DC3CA60-16EC-4F96-A0D8-90EAA2442D7D} = {90649EB5-BAFB-4DA8-84FC-4C7709361686}
		{D3AE4B96-B82A-4EF9-B198-C8BD7C5C3652} = {90649EB5-BAFB-4DA8-84FC-4C7709361686}
		{CFA16BD2-9CA1-472A-9F43-440D35899EE4} = {90649EB5-BAFB-4DA8-84FC-4C7709361686}
		{8BBA6430-8E44-4E93-8B9D-85A721AF84AE} = {90649EB5-BAFB-4DA8-84FC-4C7709361686}
		{05013B70-5719-4313-BD8A-E8CC38515243} = {90649EB5-BAFB-4DA8-84FC-4C7709361686}
		{DF646023-6CEB-4317-AF27-8E5E00B0092D} = {90649EB5-BAFB-4DA8-84FC-4C7709361686}
	EndGlobalSection
	GlobalSection(ExtensibilityGlobals) = postSolution
		SolutionGuid = {A928DC78-740F-46BE-A90B-15C1F7BB49CD}
	EndGlobalSection
EndGlobal
