
Microsoft Visual Studio Solution File, Format Version 12.00
# Visual Studio Version 17
VisualStudioVersion = 17.4.33122.133
MinimumVisualStudioVersion = 10.0.40219.1
Project("{2150E333-8FDC-42A3-9474-1A3956D46DE8}") = "Hello World", "Hello World", "{C9BBED67-77C1-4152-990F-E290F6634E44}"
EndProject
Project("{9A19103F-16F7-4668-BE54-9A1E7A4F7556}") = "HelloWorld", "Hello World\HelloWorld.csproj", "{E63064BD-4FE2-469B-882E-EA8ED15DC94F}"
EndProject
Project("{2150E333-8FDC-42A3-9474-1A3956D46DE8}") = "Common Uses", "Common Uses", "{A0E462E1-6597-49A7-BD1C-D564A6571D59}"
EndProject
Project("{9A19103F-16F7-4668-BE54-9A1E7A4F7556}") = "Cloning", "Common Uses\Cloning\Cloning.csproj", "{05D4C538-66D7-40C8-B53B-12D1D5C52FA9}"
EndProject
Project("{9A19103F-16F7-4668-BE54-9A1E7A4F7556}") = "ConvertToPdf", "Common Uses\Convert to PDF\ConvertToPdf.csproj", "{02F165BE-7D1B-47E8-8C01-7CFF598CEA60}"
EndProject
Project("{9A19103F-16F7-4668-BE54-9A1E7A4F7556}") = "FindAndReplace", "Common Uses\Find And Replace\FindAndReplace.csproj", "{CEDAFD27-3D93-44D1-AA22-A82A4175FC2D}"
EndProject
Project("{9A19103F-16F7-4668-BE54-9A1E7A4F7556}") = "Print", "Common Uses\Print\Print.csproj", "{6DD2FA76-6B33-4DA0-87D6-98F8BBF35E4B}"
EndProject
Project("{9A19103F-16F7-4668-BE54-9A1E7A4F7556}") = "Reading", "Common Uses\Reading\Reading.csproj", "{25FAF5C3-E84F-45EA-B364-5E0D8F3E5E84}"
EndProject
Project("{9A19103F-16F7-4668-BE54-9A1E7A4F7556}") = "TemplateUse", "Common Uses\Template Use\TemplateUse.csproj", "{81741A8D-93A9-498B-8229-4B7F9878E964}"
EndProject
Project("{9A19103F-16F7-4668-BE54-9A1E7A4F7556}") = "Writing", "Common Uses\Writing\Writing.csproj", "{2BB9F577-D297-45B1-AE4E-945051560832}"
EndProject
Project("{2150E333-8FDC-42A3-9474-1A3956D46DE8}") = "Formatting", "Formatting", "{90BE278C-5C4D-46F5-B739-D1DEC4F343CA}"
EndProject
Project("{9A19103F-16F7-4668-BE54-9A1E7A4F7556}") = "CharacterFormatting", "Formatting\Character Formatting\CharacterFormatting.csproj", "{CCB2DAC3-2641-4BED-8ED4-3D8A7F1247F7}"
EndProject
Project("{9A19103F-16F7-4668-BE54-9A1E7A4F7556}") = "ParagraphFormatting", "Formatting\Paragraph Formatting\ParagraphFormatting.csproj", "{508E5818-052A-410F-8FF6-9D0B0E89F9CA}"
EndProject
Project("{9A19103F-16F7-4668-BE54-9A1E7A4F7556}") = "ShapeFormatting", "Formatting\Shape Formatting\ShapeFormatting.csproj", "{C04A03C2-8EAE-4E0E-8EB9-0DD7C36A94D2}"
EndProject
Project("{9A19103F-16F7-4668-BE54-9A1E7A4F7556}") = "TextBoxFormatting", "Formatting\Text Box Formatting\TextBoxFormatting.csproj", "{DC82501A-4BD0-4E38-A5F1-FF87D3858AB0}"
EndProject
Project("{2150E333-8FDC-42A3-9474-1A3956D46DE8}") = "Basic Features", "Basic Features", "{378F4659-C3D0-4041-9B03-E615047A304C}"
EndProject
Project("{9A19103F-16F7-4668-BE54-9A1E7A4F7556}") = "AudioAndVideo", "Basic Features\Audio and Video\AudioAndVideo.csproj", "{1411B0CC-8C29-4C59-99B0-9B1F97358A9D}"
EndProject
Project("{9A19103F-16F7-4668-BE54-9A1E7A4F7556}") = "Charts", "Basic Features\Charts\Charts.csproj", "{1AFEDBA3-25FB-4DE8-8976-182E8ED8D352}"
EndProject
Project("{9A19103F-16F7-4668-BE54-9A1E7A4F7556}") = "Comments", "Basic Features\Comments\Comments.csproj", "{01EDAEC0-3457-4A69-BCA8-4E6EE54EA66D}"
EndProject
Project("{9A19103F-16F7-4668-BE54-9A1E7A4F7556}") = "DocumentProperties", "Basic Features\Document Properties\DocumentProperties.csproj", "{864D5371-1774-42DA-A90E-F7131C55A149}"
EndProject
Project("{9A19103F-16F7-4668-BE54-9A1E7A4F7556}") = "HeaderAndFooter", "Basic Features\Header and Footer\HeaderAndFooter.csproj", "{1FF64AE8-3CE9-4B7D-9C35-31179E5CAAD3}"
EndProject
Project("{9A19103F-16F7-4668-BE54-9A1E7A4F7556}") = "Hyperlinks", "Basic Features\Hyperlinks\Hyperlinks.csproj", "{F97AE535-CD37-4588-A1D5-1432888E1528}"
EndProject
Project("{9A19103F-16F7-4668-BE54-9A1E7A4F7556}") = "Notes", "Basic Features\Notes\Notes.csproj", "{E37DD410-6F77-4AD1-B332-95D8D13B529F}"
EndProject
Project("{9A19103F-16F7-4668-BE54-9A1E7A4F7556}") = "Pictures", "Basic Features\Pictures\Pictures.csproj", "{11A5E3FC-3C06-4F83-B4AD-9EB14473AFCB}"
EndProject
Project("{9A19103F-16F7-4668-BE54-9A1E7A4F7556}") = "Placeholders", "Basic Features\Placeholders\Placeholders.csproj", "{73C50AE3-457A-4E3B-9415-85AC5CBEA292}"
EndProject
Project("{9A19103F-16F7-4668-BE54-9A1E7A4F7556}") = "Shapes", "Basic Features\Shapes\Shapes.csproj", "{F07DB679-0E08-4D7E-A83B-B1FC824EB174}"
EndProject
Project("{9A19103F-16F7-4668-BE54-9A1E7A4F7556}") = "Slides", "Basic Features\Slides\Slides.csproj", "{9C1A1FC6-8A5C-4515-BEA1-52AFD8081A02}"
EndProject
Project("{9A19103F-16F7-4668-BE54-9A1E7A4F7556}") = "TextBoxes", "Basic Features\Text Boxes\TextBoxes.csproj", "{1AF68FB2-AD5F-4F31-94B0-456EDAEC0507}"
EndProject
Project("{2150E333-8FDC-42A3-9474-1A3956D46DE8}") = "Advanced Features", "Advanced Features", "{56F875F8-120E-4E7C-AD77-FD0B7125CB23}"
EndProject
Project("{9A19103F-16F7-4668-BE54-9A1E7A4F7556}") = "PrivateFonts", "Advanced Features\Private Fonts\PrivateFonts.csproj", "{E27E248C-B94C-43B4-A1F1-031C755E4FF8}"
EndProject
Project("{9A19103F-16F7-4668-BE54-9A1E7A4F7556}") = "RightToLeftText", "Advanced Features\Right to Left Text\RightToLeftText.csproj", "{3215E147-BA11-4DF3-B22E-6763301810D5}"
EndProject
Project("{9A19103F-16F7-4668-BE54-9A1E7A4F7556}") = "SlideShow", "Advanced Features\Slide Show\SlideShow.csproj", "{FBB6D609-609B-4BAA-9AE6-B52AE4B9B1CD}"
EndProject
Project("{9A19103F-16F7-4668-BE54-9A1E7A4F7556}") = "SlideTransition", "Advanced Features\Slide Transition\SlideTransition.csproj", "{50F46C85-04D1-4786-ADA4-24A7063254E2}"
EndProject
Project("{9A19103F-16F7-4668-BE54-9A1E7A4F7556}") = "UnitConversion", "Advanced Features\Unit Conversion\UnitConversion.csproj", "{1D9F285A-371A-46C2-9C69-1665B7ED5E84}"
EndProject
Project("{2150E333-8FDC-42A3-9474-1A3956D46DE8}") = "Table", "Table", "{10E3050A-5304-4E2A-A58E-103273ED1D35}"
EndProject
Project("{9A19103F-16F7-4668-BE54-9A1E7A4F7556}") = "SimpleTable", "Table\Simple Table\SimpleTable.csproj", "{D9782982-66C6-4582-BE5A-E5DEE67495B0}"
EndProject
Project("{9A19103F-16F7-4668-BE54-9A1E7A4F7556}") = "TableFormatting", "Table\Table Formatting\TableFormatting.csproj", "{00EAAA21-5084-4423-8961-10BC149EE929}"
EndProject
Project("{9A19103F-16F7-4668-BE54-9A1E7A4F7556}") = "TableStyles", "Table\Table Styles\TableStyles.csproj", "{AAEB7DBC-52BD-45F4-82CE-10289E383E36}"
EndProject
Project("{2150E333-8FDC-42A3-9474-1A3956D46DE8}") = "Protection", "Protection", "{415C56FB-4708-498C-BB72-E97E48757D15}"
EndProject
Project("{9A19103F-16F7-4668-BE54-9A1E7A4F7556}") = "PdfDigitalSignature", "Protection\PDF Digital Signature\PdfDigitalSignature.csproj", "{3DFAB060-8664-4628-84BC-D149A758E17F}"
EndProject
Project("{9A19103F-16F7-4668-BE54-9A1E7A4F7556}") = "PdfEncryption", "Protection\PDF Encryption\PdfEncryption.csproj", "{FD3273F7-FBE7-4437-8404-3B1E71DFFA36}"
EndProject
Project("{9A19103F-16F7-4668-BE54-9A1E7A4F7556}") = "PptxEncryption", "Protection\PPTX Encryption\PptxEncryption.csproj", "{17AEBA11-F1D0-436A-ADD5-FBF2F7DB9C0E}"
EndProject
Project("{9A19103F-16F7-4668-BE54-9A1E7A4F7556}") = "PptxModifyProtection", "Protection\PPTX Modify Protection\PptxModifyProtection.csproj", "{89511DE1-89DF-42F1-8B1B-37DFECB13349}"
EndProject
Project("{2150E333-8FDC-42A3-9474-1A3956D46DE8}") = "Preservation", "Preservation", "{1A3DF638-E7DE-4C55-AD2B-2D5D771A75DF}"
EndProject
Project("{9A19103F-16F7-4668-BE54-9A1E7A4F7556}") = "Diagrams", "Preservation\Diagrams\Diagrams.csproj", "{52002F60-E67F-4578-9DEB-4E2135DC1979}"
EndProject
Project("{9A19103F-16F7-4668-BE54-9A1E7A4F7556}") = "EmbeddedObjects", "Preservation\Embedded Objects\EmbeddedObjects.csproj", "{E97FE91E-8CA8-4A3D-A0BF-BCBBAB0A54A9}"
EndProject
Project("{2150E333-8FDC-42A3-9474-1A3956D46DE8}") = "Performance", "Performance", "{4A8B8C33-4DC1-4BEF-984F-D526FCCD0570}"
EndProject
Project("{9A19103F-16F7-4668-BE54-9A1E7A4F7556}") = "Performance", "Performance\Performance.csproj", "{4A770E58-DC61-4558-8061-14B0626F6FB4}"
EndProject
Project("{9A19103F-16F7-4668-BE54-9A1E7A4F7556}") = "PptxDigitalSignature", "Protection\PPTX Digital Signature\PptxDigitalSignature.csproj", "{56BA5BE7-183E-43F4-AAB5-F3B799C392C7}"
EndProject
Project("{2150E333-8FDC-42A3-9474-1A3956D46DE8}") = "Platforms", "Platforms", "{520EFB9C-72BA-4241-90D7-3D08C77A4F37}"
EndProject
Project("{9A19103F-16F7-4668-BE54-9A1E7A4F7556}") = "AzureFunction", "Platforms\Azure\AzureFunction.csproj", "{4807F06F-F712-440D-ADCE-5CFC91F1B69C}"
EndProject
Project("{9A19103F-16F7-4668-BE54-9A1E7A4F7556}") = "PresentationDocker", "Platforms\Docker\PresentationDocker.csproj", "{B8642D7F-97C2-421A-BD93-D3C78737B9EF}"
EndProject
Project("{9A19103F-16F7-4668-BE54-9A1E7A4F7556}") = "WpfExportToImageSource", "Platforms\Export to ImageSource in WPF\WpfExportToImageSource.csproj", "{91E4BC87-696D-46D1-9435-14BB56355D8A}"
EndProject
Project("{9A19103F-16F7-4668-BE54-9A1E7A4F7556}") = "WpfExportToXpsDocument", "Platforms\Export to XpsDocument in WPF\WpfExportToXpsDocument.csproj", "{3A3243F1-9371-450D-9223-7427F82B08FD}"
EndProject
Project("{9A19103F-16F7-4668-BE54-9A1E7A4F7556}") = "Linux_macOS", "Platforms\Linux_macOS\Linux_macOS.csproj", "{0BE79CBE-DD5C-4FC1-B22C-806C8025913D}"
EndProject
Project("{FAE04EC0-301F-11D3-BF4B-00C04F79EFBC}") = "AspNetMediumTrust", "Platforms\ASP.NET\AspNetMediumTrust.csproj", "{F9E12BF5-1607-4514-A60E-9FD7FF8080B4}"
EndProject
Project("{9A19103F-16F7-4668-BE54-9A1E7A4F7556}") = "AspNetCoreMvc", "Platforms\ASP.NET Core\MVC\AspNetCoreMvc.csproj", "{4E2000A3-485F-42BB-AB6A-4B3B2A97BB5A}"
EndProject
Project("{9A19103F-16F7-4668-BE54-9A1E7A4F7556}") = "AspNetCorePages", "Platforms\ASP.NET Core\Razor Pages\AspNetCorePages.csproj", "{75091C42-D696-4CD6-BEAD-9C8D70C4DBEC}"
EndProject
Project("{9A19103F-16F7-4668-BE54-9A1E7A4F7556}") = "VbaMacros", "Advanced Features\VBA Macros\VbaMacros.csproj", "{0C2BBAAE-EE7E-41E1-9322-555E4BFE2447}"
EndProject
Project("{9A19103F-16F7-4668-BE54-9A1E7A4F7556}") = "ConvertToImage", "Common Uses\Convert to Image\ConvertToImage.csproj", "{93B2FEF7-19A7-4909-A324-68E856F44015}"
EndProject
Global
	GlobalSection(SolutionConfigurationPlatforms) = preSolution
		Debug|Any CPU = Debug|Any CPU
		Release|Any CPU = Release|Any CPU
	EndGlobalSection
	GlobalSection(ProjectConfigurationPlatforms) = postSolution
		{E63064BD-4FE2-469B-882E-EA8ED15DC94F}.Debug|Any CPU.ActiveCfg = Debug|Any CPU
		{E63064BD-4FE2-469B-882E-EA8ED15DC94F}.Debug|Any CPU.Build.0 = Debug|Any CPU
		{E63064BD-4FE2-469B-882E-EA8ED15DC94F}.Release|Any CPU.ActiveCfg = Release|Any CPU
		{E63064BD-4FE2-469B-882E-EA8ED15DC94F}.Release|Any CPU.Build.0 = Release|Any CPU
		{05D4C538-66D7-40C8-B53B-12D1D5C52FA9}.Debug|Any CPU.ActiveCfg = Debug|Any CPU
		{05D4C538-66D7-40C8-B53B-12D1D5C52FA9}.Debug|Any CPU.Build.0 = Debug|Any CPU
		{05D4C538-66D7-40C8-B53B-12D1D5C52FA9}.Release|Any CPU.ActiveCfg = Release|Any CPU
		{05D4C538-66D7-40C8-B53B-12D1D5C52FA9}.Release|Any CPU.Build.0 = Release|Any CPU
		{02F165BE-7D1B-47E8-8C01-7CFF598CEA60}.Debug|Any CPU.ActiveCfg = Debug|Any CPU
		{02F165BE-7D1B-47E8-8C01-7CFF598CEA60}.Debug|Any CPU.Build.0 = Debug|Any CPU
		{02F165BE-7D1B-47E8-8C01-7CFF598CEA60}.Release|Any CPU.ActiveCfg = Release|Any CPU
		{02F165BE-7D1B-47E8-8C01-7CFF598CEA60}.Release|Any CPU.Build.0 = Release|Any CPU
		{CEDAFD27-3D93-44D1-AA22-A82A4175FC2D}.Debug|Any CPU.ActiveCfg = Debug|Any CPU
		{CEDAFD27-3D93-44D1-AA22-A82A4175FC2D}.Debug|Any CPU.Build.0 = Debug|Any CPU
		{CEDAFD27-3D93-44D1-AA22-A82A4175FC2D}.Release|Any CPU.ActiveCfg = Release|Any CPU
		{CEDAFD27-3D93-44D1-AA22-A82A4175FC2D}.Release|Any CPU.Build.0 = Release|Any CPU
		{6DD2FA76-6B33-4DA0-87D6-98F8BBF35E4B}.Debug|Any CPU.ActiveCfg = Debug|Any CPU
		{6DD2FA76-6B33-4DA0-87D6-98F8BBF35E4B}.Debug|Any CPU.Build.0 = Debug|Any CPU
		{6DD2FA76-6B33-4DA0-87D6-98F8BBF35E4B}.Release|Any CPU.ActiveCfg = Release|Any CPU
		{6DD2FA76-6B33-4DA0-87D6-98F8BBF35E4B}.Release|Any CPU.Build.0 = Release|Any CPU
		{25FAF5C3-E84F-45EA-B364-5E0D8F3E5E84}.Debug|Any CPU.ActiveCfg = Debug|Any CPU
		{25FAF5C3-E84F-45EA-B364-5E0D8F3E5E84}.Debug|Any CPU.Build.0 = Debug|Any CPU
		{25FAF5C3-E84F-45EA-B364-5E0D8F3E5E84}.Release|Any CPU.ActiveCfg = Release|Any CPU
		{25FAF5C3-E84F-45EA-B364-5E0D8F3E5E84}.Release|Any CPU.Build.0 = Release|Any CPU
		{81741A8D-93A9-498B-8229-4B7F9878E964}.Debug|Any CPU.ActiveCfg = Debug|Any CPU
		{81741A8D-93A9-498B-8229-4B7F9878E964}.Debug|Any CPU.Build.0 = Debug|Any CPU
		{81741A8D-93A9-498B-8229-4B7F9878E964}.Release|Any CPU.ActiveCfg = Release|Any CPU
		{81741A8D-93A9-498B-8229-4B7F9878E964}.Release|Any CPU.Build.0 = Release|Any CPU
		{2BB9F577-D297-45B1-AE4E-945051560832}.Debug|Any CPU.ActiveCfg = Debug|Any CPU
		{2BB9F577-D297-45B1-AE4E-945051560832}.Debug|Any CPU.Build.0 = Debug|Any CPU
		{2BB9F577-D297-45B1-AE4E-945051560832}.Release|Any CPU.ActiveCfg = Release|Any CPU
		{2BB9F577-D297-45B1-AE4E-945051560832}.Release|Any CPU.Build.0 = Release|Any CPU
		{CCB2DAC3-2641-4BED-8ED4-3D8A7F1247F7}.Debug|Any CPU.ActiveCfg = Debug|Any CPU
		{CCB2DAC3-2641-4BED-8ED4-3D8A7F1247F7}.Debug|Any CPU.Build.0 = Debug|Any CPU
		{CCB2DAC3-2641-4BED-8ED4-3D8A7F1247F7}.Release|Any CPU.ActiveCfg = Release|Any CPU
		{CCB2DAC3-2641-4BED-8ED4-3D8A7F1247F7}.Release|Any CPU.Build.0 = Release|Any CPU
		{508E5818-052A-410F-8FF6-9D0B0E89F9CA}.Debug|Any CPU.ActiveCfg = Debug|Any CPU
		{508E5818-052A-410F-8FF6-9D0B0E89F9CA}.Debug|Any CPU.Build.0 = Debug|Any CPU
		{508E5818-052A-410F-8FF6-9D0B0E89F9CA}.Release|Any CPU.ActiveCfg = Release|Any CPU
		{508E5818-052A-410F-8FF6-9D0B0E89F9CA}.Release|Any CPU.Build.0 = Release|Any CPU
		{C04A03C2-8EAE-4E0E-8EB9-0DD7C36A94D2}.Debug|Any CPU.ActiveCfg = Debug|Any CPU
		{C04A03C2-8EAE-4E0E-8EB9-0DD7C36A94D2}.Debug|Any CPU.Build.0 = Debug|Any CPU
		{C04A03C2-8EAE-4E0E-8EB9-0DD7C36A94D2}.Release|Any CPU.ActiveCfg = Release|Any CPU
		{C04A03C2-8EAE-4E0E-8EB9-0DD7C36A94D2}.Release|Any CPU.Build.0 = Release|Any CPU
		{DC82501A-4BD0-4E38-A5F1-FF87D3858AB0}.Debug|Any CPU.ActiveCfg = Debug|Any CPU
		{DC82501A-4BD0-4E38-A5F1-FF87D3858AB0}.Debug|Any CPU.Build.0 = Debug|Any CPU
		{DC82501A-4BD0-4E38-A5F1-FF87D3858AB0}.Release|Any CPU.ActiveCfg = Release|Any CPU
		{DC82501A-4BD0-4E38-A5F1-FF87D3858AB0}.Release|Any CPU.Build.0 = Release|Any CPU
		{1411B0CC-8C29-4C59-99B0-9B1F97358A9D}.Debug|Any CPU.ActiveCfg = Debug|Any CPU
		{1411B0CC-8C29-4C59-99B0-9B1F97358A9D}.Debug|Any CPU.Build.0 = Debug|Any CPU
		{1411B0CC-8C29-4C59-99B0-9B1F97358A9D}.Release|Any CPU.ActiveCfg = Release|Any CPU
		{1411B0CC-8C29-4C59-99B0-9B1F97358A9D}.Release|Any CPU.Build.0 = Release|Any CPU
		{1AFEDBA3-25FB-4DE8-8976-182E8ED8D352}.Debug|Any CPU.ActiveCfg = Debug|Any CPU
		{1AFEDBA3-25FB-4DE8-8976-182E8ED8D352}.Debug|Any CPU.Build.0 = Debug|Any CPU
		{1AFEDBA3-25FB-4DE8-8976-182E8ED8D352}.Release|Any CPU.ActiveCfg = Release|Any CPU
		{1AFEDBA3-25FB-4DE8-8976-182E8ED8D352}.Release|Any CPU.Build.0 = Release|Any CPU
		{01EDAEC0-3457-4A69-BCA8-4E6EE54EA66D}.Debug|Any CPU.ActiveCfg = Debug|Any CPU
		{01EDAEC0-3457-4A69-BCA8-4E6EE54EA66D}.Debug|Any CPU.Build.0 = Debug|Any CPU
		{01EDAEC0-3457-4A69-BCA8-4E6EE54EA66D}.Release|Any CPU.ActiveCfg = Release|Any CPU
		{01EDAEC0-3457-4A69-BCA8-4E6EE54EA66D}.Release|Any CPU.Build.0 = Release|Any CPU
		{864D5371-1774-42DA-A90E-F7131C55A149}.Debug|Any CPU.ActiveCfg = Debug|Any CPU
		{864D5371-1774-42DA-A90E-F7131C55A149}.Debug|Any CPU.Build.0 = Debug|Any CPU
		{864D5371-1774-42DA-A90E-F7131C55A149}.Release|Any CPU.ActiveCfg = Release|Any CPU
		{864D5371-1774-42DA-A90E-F7131C55A149}.Release|Any CPU.Build.0 = Release|Any CPU
		{1FF64AE8-3CE9-4B7D-9C35-31179E5CAAD3}.Debug|Any CPU.ActiveCfg = Debug|Any CPU
		{1FF64AE8-3CE9-4B7D-9C35-31179E5CAAD3}.Debug|Any CPU.Build.0 = Debug|Any CPU
		{1FF64AE8-3CE9-4B7D-9C35-31179E5CAAD3}.Release|Any CPU.ActiveCfg = Release|Any CPU
		{1FF64AE8-3CE9-4B7D-9C35-31179E5CAAD3}.Release|Any CPU.Build.0 = Release|Any CPU
		{F97AE535-CD37-4588-A1D5-1432888E1528}.Debug|Any CPU.ActiveCfg = Debug|Any CPU
		{F97AE535-CD37-4588-A1D5-1432888E1528}.Debug|Any CPU.Build.0 = Debug|Any CPU
		{F97AE535-CD37-4588-A1D5-1432888E1528}.Release|Any CPU.ActiveCfg = Release|Any CPU
		{F97AE535-CD37-4588-A1D5-1432888E1528}.Release|Any CPU.Build.0 = Release|Any CPU
		{E37DD410-6F77-4AD1-B332-95D8D13B529F}.Debug|Any CPU.ActiveCfg = Debug|Any CPU
		{E37DD410-6F77-4AD1-B332-95D8D13B529F}.Debug|Any CPU.Build.0 = Debug|Any CPU
		{E37DD410-6F77-4AD1-B332-95D8D13B529F}.Release|Any CPU.ActiveCfg = Release|Any CPU
		{E37DD410-6F77-4AD1-B332-95D8D13B529F}.Release|Any CPU.Build.0 = Release|Any CPU
		{11A5E3FC-3C06-4F83-B4AD-9EB14473AFCB}.Debug|Any CPU.ActiveCfg = Debug|Any CPU
		{11A5E3FC-3C06-4F83-B4AD-9EB14473AFCB}.Debug|Any CPU.Build.0 = Debug|Any CPU
		{11A5E3FC-3C06-4F83-B4AD-9EB14473AFCB}.Release|Any CPU.ActiveCfg = Release|Any CPU
		{11A5E3FC-3C06-4F83-B4AD-9EB14473AFCB}.Release|Any CPU.Build.0 = Release|Any CPU
		{73C50AE3-457A-4E3B-9415-85AC5CBEA292}.Debug|Any CPU.ActiveCfg = Debug|Any CPU
		{73C50AE3-457A-4E3B-9415-85AC5CBEA292}.Debug|Any CPU.Build.0 = Debug|Any CPU
		{73C50AE3-457A-4E3B-9415-85AC5CBEA292}.Release|Any CPU.ActiveCfg = Release|Any CPU
		{73C50AE3-457A-4E3B-9415-85AC5CBEA292}.Release|Any CPU.Build.0 = Release|Any CPU
		{F07DB679-0E08-4D7E-A83B-B1FC824EB174}.Debug|Any CPU.ActiveCfg = Debug|Any CPU
		{F07DB679-0E08-4D7E-A83B-B1FC824EB174}.Debug|Any CPU.Build.0 = Debug|Any CPU
		{F07DB679-0E08-4D7E-A83B-B1FC824EB174}.Release|Any CPU.ActiveCfg = Release|Any CPU
		{F07DB679-0E08-4D7E-A83B-B1FC824EB174}.Release|Any CPU.Build.0 = Release|Any CPU
		{9C1A1FC6-8A5C-4515-BEA1-52AFD8081A02}.Debug|Any CPU.ActiveCfg = Debug|Any CPU
		{9C1A1FC6-8A5C-4515-BEA1-52AFD8081A02}.Debug|Any CPU.Build.0 = Debug|Any CPU
		{9C1A1FC6-8A5C-4515-BEA1-52AFD8081A02}.Release|Any CPU.ActiveCfg = Release|Any CPU
		{9C1A1FC6-8A5C-4515-BEA1-52AFD8081A02}.Release|Any CPU.Build.0 = Release|Any CPU
		{1AF68FB2-AD5F-4F31-94B0-456EDAEC0507}.Debug|Any CPU.ActiveCfg = Debug|Any CPU
		{1AF68FB2-AD5F-4F31-94B0-456EDAEC0507}.Debug|Any CPU.Build.0 = Debug|Any CPU
		{1AF68FB2-AD5F-4F31-94B0-456EDAEC0507}.Release|Any CPU.ActiveCfg = Release|Any CPU
		{1AF68FB2-AD5F-4F31-94B0-456EDAEC0507}.Release|Any CPU.Build.0 = Release|Any CPU
		{E27E248C-B94C-43B4-A1F1-031C755E4FF8}.Debug|Any CPU.ActiveCfg = Debug|Any CPU
		{E27E248C-B94C-43B4-A1F1-031C755E4FF8}.Debug|Any CPU.Build.0 = Debug|Any CPU
		{E27E248C-B94C-43B4-A1F1-031C755E4FF8}.Release|Any CPU.ActiveCfg = Release|Any CPU
		{E27E248C-B94C-43B4-A1F1-031C755E4FF8}.Release|Any CPU.Build.0 = Release|Any CPU
		{3215E147-BA11-4DF3-B22E-6763301810D5}.Debug|Any CPU.ActiveCfg = Debug|Any CPU
		{3215E147-BA11-4DF3-B22E-6763301810D5}.Debug|Any CPU.Build.0 = Debug|Any CPU
		{3215E147-BA11-4DF3-B22E-6763301810D5}.Release|Any CPU.ActiveCfg = Release|Any CPU
		{3215E147-BA11-4DF3-B22E-6763301810D5}.Release|Any CPU.Build.0 = Release|Any CPU
		{FBB6D609-609B-4BAA-9AE6-B52AE4B9B1CD}.Debug|Any CPU.ActiveCfg = Debug|Any CPU
		{FBB6D609-609B-4BAA-9AE6-B52AE4B9B1CD}.Debug|Any CPU.Build.0 = Debug|Any CPU
		{FBB6D609-609B-4BAA-9AE6-B52AE4B9B1CD}.Release|Any CPU.ActiveCfg = Release|Any CPU
		{FBB6D609-609B-4BAA-9AE6-B52AE4B9B1CD}.Release|Any CPU.Build.0 = Release|Any CPU
		{50F46C85-04D1-4786-ADA4-24A7063254E2}.Debug|Any CPU.ActiveCfg = Debug|Any CPU
		{50F46C85-04D1-4786-ADA4-24A7063254E2}.Debug|Any CPU.Build.0 = Debug|Any CPU
		{50F46C85-04D1-4786-ADA4-24A7063254E2}.Release|Any CPU.ActiveCfg = Release|Any CPU
		{50F46C85-04D1-4786-ADA4-24A7063254E2}.Release|Any CPU.Build.0 = Release|Any CPU
		{1D9F285A-371A-46C2-9C69-1665B7ED5E84}.Debug|Any CPU.ActiveCfg = Debug|Any CPU
		{1D9F285A-371A-46C2-9C69-1665B7ED5E84}.Debug|Any CPU.Build.0 = Debug|Any CPU
		{1D9F285A-371A-46C2-9C69-1665B7ED5E84}.Release|Any CPU.ActiveCfg = Release|Any CPU
		{1D9F285A-371A-46C2-9C69-1665B7ED5E84}.Release|Any CPU.Build.0 = Release|Any CPU
		{D9782982-66C6-4582-BE5A-E5DEE67495B0}.Debug|Any CPU.ActiveCfg = Debug|Any CPU
		{D9782982-66C6-4582-BE5A-E5DEE67495B0}.Debug|Any CPU.Build.0 = Debug|Any CPU
		{D9782982-66C6-4582-BE5A-E5DEE67495B0}.Release|Any CPU.ActiveCfg = Release|Any CPU
		{D9782982-66C6-4582-BE5A-E5DEE67495B0}.Release|Any CPU.Build.0 = Release|Any CPU
		{00EAAA21-5084-4423-8961-10BC149EE929}.Debug|Any CPU.ActiveCfg = Debug|Any CPU
		{00EAAA21-5084-4423-8961-10BC149EE929}.Debug|Any CPU.Build.0 = Debug|Any CPU
		{00EAAA21-5084-4423-8961-10BC149EE929}.Release|Any CPU.ActiveCfg = Release|Any CPU
		{00EAAA21-5084-4423-8961-10BC149EE929}.Release|Any CPU.Build.0 = Release|Any CPU
		{AAEB7DBC-52BD-45F4-82CE-10289E383E36}.Debug|Any CPU.ActiveCfg = Debug|Any CPU
		{AAEB7DBC-52BD-45F4-82CE-10289E383E36}.Debug|Any CPU.Build.0 = Debug|Any CPU
		{AAEB7DBC-52BD-45F4-82CE-10289E383E36}.Release|Any CPU.ActiveCfg = Release|Any CPU
		{AAEB7DBC-52BD-45F4-82CE-10289E383E36}.Release|Any CPU.Build.0 = Release|Any CPU
		{3DFAB060-8664-4628-84BC-D149A758E17F}.Debug|Any CPU.ActiveCfg = Debug|Any CPU
		{3DFAB060-8664-4628-84BC-D149A758E17F}.Debug|Any CPU.Build.0 = Debug|Any CPU
		{3DFAB060-8664-4628-84BC-D149A758E17F}.Release|Any CPU.ActiveCfg = Release|Any CPU
		{3DFAB060-8664-4628-84BC-D149A758E17F}.Release|Any CPU.Build.0 = Release|Any CPU
		{FD3273F7-FBE7-4437-8404-3B1E71DFFA36}.Debug|Any CPU.ActiveCfg = Debug|Any CPU
		{FD3273F7-FBE7-4437-8404-3B1E71DFFA36}.Debug|Any CPU.Build.0 = Debug|Any CPU
		{FD3273F7-FBE7-4437-8404-3B1E71DFFA36}.Release|Any CPU.ActiveCfg = Release|Any CPU
		{FD3273F7-FBE7-4437-8404-3B1E71DFFA36}.Release|Any CPU.Build.0 = Release|Any CPU
		{17AEBA11-F1D0-436A-ADD5-FBF2F7DB9C0E}.Debug|Any CPU.ActiveCfg = Debug|Any CPU
		{17AEBA11-F1D0-436A-ADD5-FBF2F7DB9C0E}.Debug|Any CPU.Build.0 = Debug|Any CPU
		{17AEBA11-F1D0-436A-ADD5-FBF2F7DB9C0E}.Release|Any CPU.ActiveCfg = Release|Any CPU
		{17AEBA11-F1D0-436A-ADD5-FBF2F7DB9C0E}.Release|Any CPU.Build.0 = Release|Any CPU
		{89511DE1-89DF-42F1-8B1B-37DFECB13349}.Debug|Any CPU.ActiveCfg = Debug|Any CPU
		{89511DE1-89DF-42F1-8B1B-37DFECB13349}.Debug|Any CPU.Build.0 = Debug|Any CPU
		{89511DE1-89DF-42F1-8B1B-37DFECB13349}.Release|Any CPU.ActiveCfg = Release|Any CPU
		{89511DE1-89DF-42F1-8B1B-37DFECB13349}.Release|Any CPU.Build.0 = Release|Any CPU
		{52002F60-E67F-4578-9DEB-4E2135DC1979}.Debug|Any CPU.ActiveCfg = Debug|Any CPU
		{52002F60-E67F-4578-9DEB-4E2135DC1979}.Debug|Any CPU.Build.0 = Debug|Any CPU
		{52002F60-E67F-4578-9DEB-4E2135DC1979}.Release|Any CPU.ActiveCfg = Release|Any CPU
		{52002F60-E67F-4578-9DEB-4E2135DC1979}.Release|Any CPU.Build.0 = Release|Any CPU
		{E97FE91E-8CA8-4A3D-A0BF-BCBBAB0A54A9}.Debug|Any CPU.ActiveCfg = Debug|Any CPU
		{E97FE91E-8CA8-4A3D-A0BF-BCBBAB0A54A9}.Debug|Any CPU.Build.0 = Debug|Any CPU
		{E97FE91E-8CA8-4A3D-A0BF-BCBBAB0A54A9}.Release|Any CPU.ActiveCfg = Release|Any CPU
		{E97FE91E-8CA8-4A3D-A0BF-BCBBAB0A54A9}.Release|Any CPU.Build.0 = Release|Any CPU
		{4A770E58-DC61-4558-8061-14B0626F6FB4}.Debug|Any CPU.ActiveCfg = Debug|Any CPU
		{4A770E58-DC61-4558-8061-14B0626F6FB4}.Debug|Any CPU.Build.0 = Debug|Any CPU
		{4A770E58-DC61-4558-8061-14B0626F6FB4}.Release|Any CPU.ActiveCfg = Release|Any CPU
		{4A770E58-DC61-4558-8061-14B0626F6FB4}.Release|Any CPU.Build.0 = Release|Any CPU
		{56BA5BE7-183E-43F4-AAB5-F3B799C392C7}.Debug|Any CPU.ActiveCfg = Debug|Any CPU
		{56BA5BE7-183E-43F4-AAB5-F3B799C392C7}.Debug|Any CPU.Build.0 = Debug|Any CPU
		{56BA5BE7-183E-43F4-AAB5-F3B799C392C7}.Release|Any CPU.ActiveCfg = Release|Any CPU
		{56BA5BE7-183E-43F4-AAB5-F3B799C392C7}.Release|Any CPU.Build.0 = Release|Any CPU
		{4807F06F-F712-440D-ADCE-5CFC91F1B69C}.Debug|Any CPU.ActiveCfg = Debug|Any CPU
		{4807F06F-F712-440D-ADCE-5CFC91F1B69C}.Debug|Any CPU.Build.0 = Debug|Any CPU
		{4807F06F-F712-440D-ADCE-5CFC91F1B69C}.Release|Any CPU.ActiveCfg = Release|Any CPU
		{4807F06F-F712-440D-ADCE-5CFC91F1B69C}.Release|Any CPU.Build.0 = Release|Any CPU
		{B8642D7F-97C2-421A-BD93-D3C78737B9EF}.Debug|Any CPU.ActiveCfg = Debug|Any CPU
		{B8642D7F-97C2-421A-BD93-D3C78737B9EF}.Debug|Any CPU.Build.0 = Debug|Any CPU
		{B8642D7F-97C2-421A-BD93-D3C78737B9EF}.Release|Any CPU.ActiveCfg = Release|Any CPU
		{B8642D7F-97C2-421A-BD93-D3C78737B9EF}.Release|Any CPU.Build.0 = Release|Any CPU
		{91E4BC87-696D-46D1-9435-14BB56355D8A}.Debug|Any CPU.ActiveCfg = Debug|Any CPU
		{91E4BC87-696D-46D1-9435-14BB56355D8A}.Debug|Any CPU.Build.0 = Debug|Any CPU
		{91E4BC87-696D-46D1-9435-14BB56355D8A}.Release|Any CPU.ActiveCfg = Release|Any CPU
		{91E4BC87-696D-46D1-9435-14BB56355D8A}.Release|Any CPU.Build.0 = Release|Any CPU
		{3A3243F1-9371-450D-9223-7427F82B08FD}.Debug|Any CPU.ActiveCfg = Debug|Any CPU
		{3A3243F1-9371-450D-9223-7427F82B08FD}.Debug|Any CPU.Build.0 = Debug|Any CPU
		{3A3243F1-9371-450D-9223-7427F82B08FD}.Release|Any CPU.ActiveCfg = Release|Any CPU
		{3A3243F1-9371-450D-9223-7427F82B08FD}.Release|Any CPU.Build.0 = Release|Any CPU
		{0BE79CBE-DD5C-4FC1-B22C-806C8025913D}.Debug|Any CPU.ActiveCfg = Debug|Any CPU
		{0BE79CBE-DD5C-4FC1-B22C-806C8025913D}.Debug|Any CPU.Build.0 = Debug|Any CPU
		{0BE79CBE-DD5C-4FC1-B22C-806C8025913D}.Release|Any CPU.ActiveCfg = Release|Any CPU
		{0BE79CBE-DD5C-4FC1-B22C-806C8025913D}.Release|Any CPU.Build.0 = Release|Any CPU
		{F9E12BF5-1607-4514-A60E-9FD7FF8080B4}.Debug|Any CPU.ActiveCfg = Debug|Any CPU
		{F9E12BF5-1607-4514-A60E-9FD7FF8080B4}.Debug|Any CPU.Build.0 = Debug|Any CPU
		{F9E12BF5-1607-4514-A60E-9FD7FF8080B4}.Release|Any CPU.ActiveCfg = Release|Any CPU
		{F9E12BF5-1607-4514-A60E-9FD7FF8080B4}.Release|Any CPU.Build.0 = Release|Any CPU
		{4E2000A3-485F-42BB-AB6A-4B3B2A97BB5A}.Debug|Any CPU.ActiveCfg = Debug|Any CPU
		{4E2000A3-485F-42BB-AB6A-4B3B2A97BB5A}.Debug|Any CPU.Build.0 = Debug|Any CPU
		{4E2000A3-485F-42BB-AB6A-4B3B2A97BB5A}.Release|Any CPU.ActiveCfg = Release|Any CPU
		{4E2000A3-485F-42BB-AB6A-4B3B2A97BB5A}.Release|Any CPU.Build.0 = Release|Any CPU
		{75091C42-D696-4CD6-BEAD-9C8D70C4DBEC}.Debug|Any CPU.ActiveCfg = Debug|Any CPU
		{75091C42-D696-4CD6-BEAD-9C8D70C4DBEC}.Debug|Any CPU.Build.0 = Debug|Any CPU
		{75091C42-D696-4CD6-BEAD-9C8D70C4DBEC}.Release|Any CPU.ActiveCfg = Release|Any CPU
		{75091C42-D696-4CD6-BEAD-9C8D70C4DBEC}.Release|Any CPU.Build.0 = Release|Any CPU
		{0C2BBAAE-EE7E-41E1-9322-555E4BFE2447}.Debug|Any CPU.ActiveCfg = Debug|Any CPU
		{0C2BBAAE-EE7E-41E1-9322-555E4BFE2447}.Debug|Any CPU.Build.0 = Debug|Any CPU
		{0C2BBAAE-EE7E-41E1-9322-555E4BFE2447}.Release|Any CPU.ActiveCfg = Release|Any CPU
		{0C2BBAAE-EE7E-41E1-9322-555E4BFE2447}.Release|Any CPU.Build.0 = Release|Any CPU
		{93B2FEF7-19A7-4909-A324-68E856F44015}.Debug|Any CPU.ActiveCfg = Debug|Any CPU
		{93B2FEF7-19A7-4909-A324-68E856F44015}.Debug|Any CPU.Build.0 = Debug|Any CPU
		{93B2FEF7-19A7-4909-A324-68E856F44015}.Release|Any CPU.ActiveCfg = Release|Any CPU
		{93B2FEF7-19A7-4909-A324-68E856F44015}.Release|Any CPU.Build.0 = Release|Any CPU
	EndGlobalSection
	GlobalSection(SolutionProperties) = preSolution
		HideSolutionNode = FALSE
	EndGlobalSection
	GlobalSection(NestedProjects) = preSolution
		{E63064BD-4FE2-469B-882E-EA8ED15DC94F} = {C9BBED67-77C1-4152-990F-E290F6634E44}
		{05D4C538-66D7-40C8-B53B-12D1D5C52FA9} = {A0E462E1-6597-49A7-BD1C-D564A6571D59}
		{02F165BE-7D1B-47E8-8C01-7CFF598CEA60} = {A0E462E1-6597-49A7-BD1C-D564A6571D59}
		{CEDAFD27-3D93-44D1-AA22-A82A4175FC2D} = {A0E462E1-6597-49A7-BD1C-D564A6571D59}
		{6DD2FA76-6B33-4DA0-87D6-98F8BBF35E4B} = {A0E462E1-6597-49A7-BD1C-D564A6571D59}
		{25FAF5C3-E84F-45EA-B364-5E0D8F3E5E84} = {A0E462E1-6597-49A7-BD1C-D564A6571D59}
		{81741A8D-93A9-498B-8229-4B7F9878E964} = {A0E462E1-6597-49A7-BD1C-D564A6571D59}
		{2BB9F577-D297-45B1-AE4E-945051560832} = {A0E462E1-6597-49A7-BD1C-D564A6571D59}
		{CCB2DAC3-2641-4BED-8ED4-3D8A7F1247F7} = {90BE278C-5C4D-46F5-B739-D1DEC4F343CA}
		{508E5818-052A-410F-8FF6-9D0B0E89F9CA} = {90BE278C-5C4D-46F5-B739-D1DEC4F343CA}
		{C04A03C2-8EAE-4E0E-8EB9-0DD7C36A94D2} = {90BE278C-5C4D-46F5-B739-D1DEC4F343CA}
		{DC82501A-4BD0-4E38-A5F1-FF87D3858AB0} = {90BE278C-5C4D-46F5-B739-D1DEC4F343CA}
		{1411B0CC-8C29-4C59-99B0-9B1F97358A9D} = {378F4659-C3D0-4041-9B03-E615047A304C}
		{1AFEDBA3-25FB-4DE8-8976-182E8ED8D352} = {378F4659-C3D0-4041-9B03-E615047A304C}
		{01EDAEC0-3457-4A69-BCA8-4E6EE54EA66D} = {378F4659-C3D0-4041-9B03-E615047A304C}
		{864D5371-1774-42DA-A90E-F7131C55A149} = {378F4659-C3D0-4041-9B03-E615047A304C}
		{1FF64AE8-3CE9-4B7D-9C35-31179E5CAAD3} = {378F4659-C3D0-4041-9B03-E615047A304C}
		{F97AE535-CD37-4588-A1D5-1432888E1528} = {378F4659-C3D0-4041-9B03-E615047A304C}
		{E37DD410-6F77-4AD1-B332-95D8D13B529F} = {378F4659-C3D0-4041-9B03-E615047A304C}
		{11A5E3FC-3C06-4F83-B4AD-9EB14473AFCB} = {378F4659-C3D0-4041-9B03-E615047A304C}
		{73C50AE3-457A-4E3B-9415-85AC5CBEA292} = {378F4659-C3D0-4041-9B03-E615047A304C}
		{F07DB679-0E08-4D7E-A83B-B1FC824EB174} = {378F4659-C3D0-4041-9B03-E615047A304C}
		{9C1A1FC6-8A5C-4515-BEA1-52AFD8081A02} = {378F4659-C3D0-4041-9B03-E615047A304C}
		{1AF68FB2-AD5F-4F31-94B0-456EDAEC0507} = {378F4659-C3D0-4041-9B03-E615047A304C}
		{E27E248C-B94C-43B4-A1F1-031C755E4FF8} = {56F875F8-120E-4E7C-AD77-FD0B7125CB23}
		{3215E147-BA11-4DF3-B22E-6763301810D5} = {56F875F8-120E-4E7C-AD77-FD0B7125CB23}
		{FBB6D609-609B-4BAA-9AE6-B52AE4B9B1CD} = {56F875F8-120E-4E7C-AD77-FD0B7125CB23}
		{50F46C85-04D1-4786-ADA4-24A7063254E2} = {56F875F8-120E-4E7C-AD77-FD0B7125CB23}
		{1D9F285A-371A-46C2-9C69-1665B7ED5E84} = {56F875F8-120E-4E7C-AD77-FD0B7125CB23}
		{D9782982-66C6-4582-BE5A-E5DEE67495B0} = {10E3050A-5304-4E2A-A58E-103273ED1D35}
		{00EAAA21-5084-4423-8961-10BC149EE929} = {10E3050A-5304-4E2A-A58E-103273ED1D35}
		{AAEB7DBC-52BD-45F4-82CE-10289E383E36} = {10E3050A-5304-4E2A-A58E-103273ED1D35}
		{3DFAB060-8664-4628-84BC-D149A758E17F} = {415C56FB-4708-498C-BB72-E97E48757D15}
		{FD3273F7-FBE7-4437-8404-3B1E71DFFA36} = {415C56FB-4708-498C-BB72-E97E48757D15}
		{17AEBA11-F1D0-436A-ADD5-FBF2F7DB9C0E} = {415C56FB-4708-498C-BB72-E97E48757D15}
		{89511DE1-89DF-42F1-8B1B-37DFECB13349} = {415C56FB-4708-498C-BB72-E97E48757D15}
		{52002F60-E67F-4578-9DEB-4E2135DC1979} = {1A3DF638-E7DE-4C55-AD2B-2D5D771A75DF}
		{E97FE91E-8CA8-4A3D-A0BF-BCBBAB0A54A9} = {1A3DF638-E7DE-4C55-AD2B-2D5D771A75DF}
		{4A770E58-DC61-4558-8061-14B0626F6FB4} = {4A8B8C33-4DC1-4BEF-984F-D526FCCD0570}
		{56BA5BE7-183E-43F4-AAB5-F3B799C392C7} = {415C56FB-4708-498C-BB72-E97E48757D15}
		{4807F06F-F712-440D-ADCE-5CFC91F1B69C} = {520EFB9C-72BA-4241-90D7-3D08C77A4F37}
		{B8642D7F-97C2-421A-BD93-D3C78737B9EF} = {520EFB9C-72BA-4241-90D7-3D08C77A4F37}
		{91E4BC87-696D-46D1-9435-14BB56355D8A} = {520EFB9C-72BA-4241-90D7-3D08C77A4F37}
		{3A3243F1-9371-450D-9223-7427F82B08FD} = {520EFB9C-72BA-4241-90D7-3D08C77A4F37}
		{0BE79CBE-DD5C-4FC1-B22C-806C8025913D} = {520EFB9C-72BA-4241-90D7-3D08C77A4F37}
		{F9E12BF5-1607-4514-A60E-9FD7FF8080B4} = {520EFB9C-72BA-4241-90D7-3D08C77A4F37}
		{4E2000A3-485F-42BB-AB6A-4B3B2A97BB5A} = {520EFB9C-72BA-4241-90D7-3D08C77A4F37}
		{75091C42-D696-4CD6-BEAD-9C8D70C4DBEC} = {520EFB9C-72BA-4241-90D7-3D08C77A4F37}
		{0C2BBAAE-EE7E-41E1-9322-555E4BFE2447} = {56F875F8-120E-4E7C-AD77-FD0B7125CB23}
		{93B2FEF7-19A7-4909-A324-68E856F44015} = {A0E462E1-6597-49A7-BD1C-D564A6571D59}
	EndGlobalSection
	GlobalSection(ExtensibilityGlobals) = postSolution
		SolutionGuid = {2F34EEBF-7AC8-442D-A2D9-07F070465929}
	EndGlobalSection
EndGlobal
