
Microsoft Visual Studio Solution File, Format Version 12.00
# Visual Studio Version 17
VisualStudioVersion = 17.4.33122.133
MinimumVisualStudioVersion = 10.0.40219.1
Project("{2150E333-8FDC-42A3-9474-1A3956D46DE8}") = "Getting Started", "Getting Started", "{F058351F-A0FE-4718-89F1-F8ADB9BAD3C8}"
EndProject
Project("{778DAE3C-4631-46EA-AA77-85C1314464D9}") = "GettingStarted", "Getting Started\GettingStarted.vbproj", "{4BDC5A0A-5946-4D38-9756-A23A0A82279E}"
EndProject
Project("{2150E333-8FDC-42A3-9474-1A3956D46DE8}") = "Common Uses", "Common Uses", "{F859FD40-A22D-495D-8EDE-2DFF0BE5CFE4}"
EndProject
Project("{778DAE3C-4631-46EA-AA77-85C1314464D9}") = "Cloning", "Common Uses\Cloning\Cloning.vbproj", "{511532D4-D9DA-4F68-9DD6-C54BE8A2B949}"
EndProject
Project("{778DAE3C-4631-46EA-AA77-85C1314464D9}") = "ConvertToPdf", "Common Uses\Convert to PDF\ConvertToPdf.vbproj", "{094AB22B-2B31-45FC-A636-E82659F014BA}"
EndProject
Project("{778DAE3C-4631-46EA-AA77-85C1314464D9}") = "FindAndReplace", "Common Uses\Find and Replace\FindAndReplace.vbproj", "{47D177E9-5719-469E-9ADC-4B2C9412A723}"
EndProject
Project("{F184B08F-C81C-45F6-A57F-5ABD9991F28F}") = "Print", "Common Uses\Print\Print.vbproj", "{CD43243B-DAF6-4713-84BA-E63C7209C167}"
EndProject
Project("{778DAE3C-4631-46EA-AA77-85C1314464D9}") = "Reading", "Common Uses\Reading\Reading.vbproj", "{11D859DA-43AF-4B83-9B68-34E6212073A6}"
EndProject
Project("{778DAE3C-4631-46EA-AA77-85C1314464D9}") = "TemplateUse", "Common Uses\Template Use\TemplateUse.vbproj", "{1D032C17-DB20-4B8D-B304-D22D945D0975}"
EndProject
Project("{778DAE3C-4631-46EA-AA77-85C1314464D9}") = "Writing", "Common Uses\Writing\Writing.vbproj", "{FEA1AB8D-6A1B-4AA3-B72B-09100742296B}"
EndProject
Project("{2150E333-8FDC-42A3-9474-1A3956D46DE8}") = "Formatting", "Formatting", "{F3B41751-5741-40DC-BB55-23C8E8C442B6}"
EndProject
Project("{778DAE3C-4631-46EA-AA77-85C1314464D9}") = "CharacterFormatting", "Formatting\Character Formatting\CharacterFormatting.vbproj", "{6E831C10-FC08-480D-855F-4288A817E9BF}"
EndProject
Project("{778DAE3C-4631-46EA-AA77-85C1314464D9}") = "ParagraphFormatting", "Formatting\Paragraph Formatting\ParagraphFormatting.vbproj", "{514C2226-554A-40A1-973E-A7CFB521FCA2}"
EndProject
Project("{778DAE3C-4631-46EA-AA77-85C1314464D9}") = "ShapeFormatting", "Formatting\Shape Formatting\ShapeFormatting.vbproj", "{0F30E3FB-EACB-41E8-BFA6-459BE01450EC}"
EndProject
Project("{778DAE3C-4631-46EA-AA77-85C1314464D9}") = "TextBoxFormatting", "Formatting\Text Box Formatting\TextBoxFormatting.vbproj", "{331CF9D4-9209-411E-929F-33461EAF943A}"
EndProject
Project("{2150E333-8FDC-42A3-9474-1A3956D46DE8}") = "Basic Features", "Basic Features", "{0A86EA14-8B6A-49AA-9B08-9640C8CD8169}"
EndProject
Project("{778DAE3C-4631-46EA-AA77-85C1314464D9}") = "AudioAndVideo", "Basic Features\Audio and Video\AudioAndVideo.vbproj", "{E90912BC-9709-4C22-ADAC-247C6A044BC7}"
EndProject
Project("{778DAE3C-4631-46EA-AA77-85C1314464D9}") = "Charts", "Basic Features\Charts\Charts.vbproj", "{3F655CB3-B535-4F90-9164-B75F93C4A0E5}"
EndProject
Project("{778DAE3C-4631-46EA-AA77-85C1314464D9}") = "Comments", "Basic Features\Comments\Comments.vbproj", "{4D06B609-59C9-489A-BFEC-A2119DF89F16}"
EndProject
Project("{778DAE3C-4631-46EA-AA77-85C1314464D9}") = "DocumentProperties", "Basic Features\Document Properties\DocumentProperties.vbproj", "{CB25F98E-93BB-4258-9A15-C9E2B7657333}"
EndProject
Project("{778DAE3C-4631-46EA-AA77-85C1314464D9}") = "HeaderAndFooter", "Basic Features\Header and Footer\HeaderAndFooter.vbproj", "{75B1C1B9-A063-410D-906C-8C85C7131476}"
EndProject
Project("{778DAE3C-4631-46EA-AA77-85C1314464D9}") = "Hyperlinks", "Basic Features\Hyperlinks\Hyperlinks.vbproj", "{6ACA35F9-C718-4816-8153-D74048F71D98}"
EndProject
Project("{778DAE3C-4631-46EA-AA77-85C1314464D9}") = "Notes", "Basic Features\Notes\Notes.vbproj", "{0FBB9799-3C2B-4930-9979-998555B383EA}"
EndProject
Project("{778DAE3C-4631-46EA-AA77-85C1314464D9}") = "Pictures", "Basic Features\Pictures\Pictures.vbproj", "{80EABB02-6C05-42EA-90C3-D3E1C929B7C2}"
EndProject
Project("{778DAE3C-4631-46EA-AA77-85C1314464D9}") = "Placeholders", "Basic Features\Placeholders\Placeholders.vbproj", "{0D8B55EB-EBD9-4140-BA3B-0D5F29B9FF1F}"
EndProject
Project("{778DAE3C-4631-46EA-AA77-85C1314464D9}") = "Shapes", "Basic Features\Shapes\Shapes.vbproj", "{EC709BA7-E9B8-4A2A-8A9A-A36CAF7F633D}"
EndProject
Project("{778DAE3C-4631-46EA-AA77-85C1314464D9}") = "Slides", "Basic Features\Slides\Slides.vbproj", "{DACA0CEE-1085-47E4-8775-CE309F726235}"
EndProject
Project("{778DAE3C-4631-46EA-AA77-85C1314464D9}") = "TextBoxes", "Basic Features\Text Boxes\TextBoxes.vbproj", "{DD3CA074-F4A3-4DB0-874F-0CA50D691C15}"
EndProject
Project("{2150E333-8FDC-42A3-9474-1A3956D46DE8}") = "Advanced Features", "Advanced Features", "{0B0F00DE-F335-4B8B-A904-C4662DC7D19A}"
EndProject
Project("{778DAE3C-4631-46EA-AA77-85C1314464D9}") = "PrivateFonts", "Advanced Features\Private Fonts\PrivateFonts.vbproj", "{25BB5D14-41C8-4DEB-8AA6-64C16005EA6E}"
EndProject
Project("{778DAE3C-4631-46EA-AA77-85C1314464D9}") = "RightToLeftText", "Advanced Features\Right to Left Text\RightToLeftText.vbproj", "{FA2C2ACB-F8A9-4029-A702-9BF33D1762F3}"
EndProject
Project("{778DAE3C-4631-46EA-AA77-85C1314464D9}") = "SlideShow", "Advanced Features\Slide Show\SlideShow.vbproj", "{E01F2C45-4187-4C55-A979-AD3902F0B7F5}"
EndProject
Project("{778DAE3C-4631-46EA-AA77-85C1314464D9}") = "SlideTransition", "Advanced Features\Slide Transition\SlideTransition.vbproj", "{8A4732D1-CB69-4F92-9964-4AE9F517C6E5}"
EndProject
Project("{778DAE3C-4631-46EA-AA77-85C1314464D9}") = "UnitConversion", "Advanced Features\Unit Conversion\UnitConversion.vbproj", "{4D9BD113-D9CD-4D9B-88C2-79AD472E6A1F}"
EndProject
Project("{2150E333-8FDC-42A3-9474-1A3956D46DE8}") = "Table", "Table", "{45A55A0F-8E6C-416B-91CD-6EB30AC38C39}"
EndProject
Project("{778DAE3C-4631-46EA-AA77-85C1314464D9}") = "SimpleTable", "Table\Simple Table\SimpleTable.vbproj", "{6B436D3E-2211-43B8-92C4-DAB6A182F96C}"
EndProject
Project("{778DAE3C-4631-46EA-AA77-85C1314464D9}") = "TableFormatting", "Table\Table Formatting\TableFormatting.vbproj", "{FDAC71CC-5C11-4140-A4AD-4E49EC6F8DF0}"
EndProject
Project("{778DAE3C-4631-46EA-AA77-85C1314464D9}") = "TableStyles", "Table\Table Styles\TableStyles.vbproj", "{8162DA2A-155B-4E5E-9A91-71665C3669B3}"
EndProject
Project("{2150E333-8FDC-42A3-9474-1A3956D46DE8}") = "Protection", "Protection", "{2F184289-9DAF-4441-8AEC-7E06253DE71D}"
EndProject
Project("{778DAE3C-4631-46EA-AA77-85C1314464D9}") = "PdfDigitalSignature", "Protection\PDF Digital Signature\PdfDigitalSignature.vbproj", "{1CE1BFD0-48DA-45AC-B451-F9C80B98DBD4}"
EndProject
Project("{778DAE3C-4631-46EA-AA77-85C1314464D9}") = "PdfEncryption", "Protection\PDF Encryption\PdfEncryption.vbproj", "{EDBDEDA0-0253-4B85-A322-2194598F10CD}"
EndProject
Project("{778DAE3C-4631-46EA-AA77-85C1314464D9}") = "PptxEncryption", "Protection\PPTX Encryption\PptxEncryption.vbproj", "{71B4874A-9E49-4304-A4CB-E8341751E268}"
EndProject
Project("{778DAE3C-4631-46EA-AA77-85C1314464D9}") = "PptxModifyProtection", "Protection\PPTX Modify Protection\PptxModifyProtection.vbproj", "{876CDA20-F483-4B6F-A3C2-57BE84D02CA9}"
EndProject
Project("{2150E333-8FDC-42A3-9474-1A3956D46DE8}") = "Preservation", "Preservation", "{697EB55C-6983-47C9-889E-75115461B408}"
EndProject
Project("{778DAE3C-4631-46EA-AA77-85C1314464D9}") = "Diagrams", "Preservation\Diagrams\Diagrams.vbproj", "{1CD10D21-CC89-41F0-84D6-577580717D77}"
EndProject
Project("{778DAE3C-4631-46EA-AA77-85C1314464D9}") = "EmbeddedObjects", "Preservation\Embedded Objects\EmbeddedObjects.vbproj", "{3192A2F0-DCFD-43DC-8502-946731916F2D}"
EndProject
Project("{2150E333-8FDC-42A3-9474-1A3956D46DE8}") = "Performance", "Performance", "{C602EC6F-BB0B-4D9A-A155-83C0C86FC272}"
EndProject
Project("{778DAE3C-4631-46EA-AA77-85C1314464D9}") = "Performance", "Performance\Performance.vbproj", "{809A3CE0-6FD7-4062-BB71-77CB9C705139}"
EndProject
Project("{778DAE3C-4631-46EA-AA77-85C1314464D9}") = "PptxDigitalSignature", "Protection\PPTX Digital Signature\PptxDigitalSignature.vbproj", "{1DC7E035-7EC3-431A-9E8E-E9795CE40247}"
EndProject
Project("{2150E333-8FDC-42A3-9474-1A3956D46DE8}") = "Platforms", "Platforms", "{4E438A9D-54D2-4FD2-A6AE-1A46D622AD57}"
EndProject
Project("{778DAE3C-4631-46EA-AA77-85C1314464D9}") = "AzureFunction", "Platforms\Azure\AzureFunction.vbproj", "{A3594D82-989E-4AFD-90EE-E70ED2C2154B}"
EndProject
Project("{778DAE3C-4631-46EA-AA77-85C1314464D9}") = "PresentationDocker", "Platforms\Docker\PresentationDocker.vbproj", "{C165D288-0565-4337-B779-8FE4BB7C0BC0}"
EndProject
Project("{F184B08F-C81C-45F6-A57F-5ABD9991F28F}") = "WpfExportToImageSource", "Platforms\Export to ImageSource in WPF\WpfExportToImageSource.vbproj", "{69239C02-27DE-4961-87E4-711F7CABAF93}"
EndProject
Project("{F184B08F-C81C-45F6-A57F-5ABD9991F28F}") = "WpfExportToXpsDocument", "Platforms\Export to XpsDocument in WPF\WpfExportToXpsDocument.vbproj", "{0DA29309-80A1-4E61-9B15-2889C1A5D103}"
EndProject
Project("{F184B08F-C81C-45F6-A57F-5ABD9991F28F}") = "MediumTrust", "Platforms\ASP.NET\MediumTrust.vbproj", "{762FB83F-EF58-4EDE-A431-23A58BEA9BEE}"
EndProject
Project("{778DAE3C-4631-46EA-AA77-85C1314464D9}") = "VbaMacros", "Advanced Features\VBA Macros\VbaMacros.vbproj", "{961A20F3-6027-4DB9-8157-B966B3C211E5}"
EndProject
Project("{778DAE3C-4631-46EA-AA77-85C1314464D9}") = "ConvertToImage", "Common Uses\Convert to Image\ConvertToImage.vbproj", "{99D368FA-736B-435A-BAB4-15A6AFD6648A}"
EndProject
Global
	GlobalSection(SolutionConfigurationPlatforms) = preSolution
		Debug|Any CPU = Debug|Any CPU
		Release|Any CPU = Release|Any CPU
	EndGlobalSection
	GlobalSection(ProjectConfigurationPlatforms) = postSolution
		{4BDC5A0A-5946-4D38-9756-A23A0A82279E}.Debug|Any CPU.ActiveCfg = Debug|Any CPU
		{4BDC5A0A-5946-4D38-9756-A23A0A82279E}.Debug|Any CPU.Build.0 = Debug|Any CPU
		{4BDC5A0A-5946-4D38-9756-A23A0A82279E}.Release|Any CPU.ActiveCfg = Release|Any CPU
		{4BDC5A0A-5946-4D38-9756-A23A0A82279E}.Release|Any CPU.Build.0 = Release|Any CPU
		{511532D4-D9DA-4F68-9DD6-C54BE8A2B949}.Debug|Any CPU.ActiveCfg = Debug|Any CPU
		{511532D4-D9DA-4F68-9DD6-C54BE8A2B949}.Debug|Any CPU.Build.0 = Debug|Any CPU
		{511532D4-D9DA-4F68-9DD6-C54BE8A2B949}.Release|Any CPU.ActiveCfg = Release|Any CPU
		{511532D4-D9DA-4F68-9DD6-C54BE8A2B949}.Release|Any CPU.Build.0 = Release|Any CPU
		{094AB22B-2B31-45FC-A636-E82659F014BA}.Debug|Any CPU.ActiveCfg = Debug|Any CPU
		{094AB22B-2B31-45FC-A636-E82659F014BA}.Debug|Any CPU.Build.0 = Debug|Any CPU
		{094AB22B-2B31-45FC-A636-E82659F014BA}.Release|Any CPU.ActiveCfg = Release|Any CPU
		{094AB22B-2B31-45FC-A636-E82659F014BA}.Release|Any CPU.Build.0 = Release|Any CPU
		{47D177E9-5719-469E-9ADC-4B2C9412A723}.Debug|Any CPU.ActiveCfg = Debug|Any CPU
		{47D177E9-5719-469E-9ADC-4B2C9412A723}.Debug|Any CPU.Build.0 = Debug|Any CPU
		{47D177E9-5719-469E-9ADC-4B2C9412A723}.Release|Any CPU.ActiveCfg = Release|Any CPU
		{47D177E9-5719-469E-9ADC-4B2C9412A723}.Release|Any CPU.Build.0 = Release|Any CPU
		{CD43243B-DAF6-4713-84BA-E63C7209C167}.Debug|Any CPU.ActiveCfg = Debug|Any CPU
		{CD43243B-DAF6-4713-84BA-E63C7209C167}.Debug|Any CPU.Build.0 = Debug|Any CPU
		{CD43243B-DAF6-4713-84BA-E63C7209C167}.Release|Any CPU.ActiveCfg = Release|Any CPU
		{CD43243B-DAF6-4713-84BA-E63C7209C167}.Release|Any CPU.Build.0 = Release|Any CPU
		{11D859DA-43AF-4B83-9B68-34E6212073A6}.Debug|Any CPU.ActiveCfg = Debug|Any CPU
		{11D859DA-43AF-4B83-9B68-34E6212073A6}.Debug|Any CPU.Build.0 = Debug|Any CPU
		{11D859DA-43AF-4B83-9B68-34E6212073A6}.Release|Any CPU.ActiveCfg = Release|Any CPU
		{11D859DA-43AF-4B83-9B68-34E6212073A6}.Release|Any CPU.Build.0 = Release|Any CPU
		{1D032C17-DB20-4B8D-B304-D22D945D0975}.Debug|Any CPU.ActiveCfg = Debug|Any CPU
		{1D032C17-DB20-4B8D-B304-D22D945D0975}.Debug|Any CPU.Build.0 = Debug|Any CPU
		{1D032C17-DB20-4B8D-B304-D22D945D0975}.Release|Any CPU.ActiveCfg = Release|Any CPU
		{1D032C17-DB20-4B8D-B304-D22D945D0975}.Release|Any CPU.Build.0 = Release|Any CPU
		{FEA1AB8D-6A1B-4AA3-B72B-09100742296B}.Debug|Any CPU.ActiveCfg = Debug|Any CPU
		{FEA1AB8D-6A1B-4AA3-B72B-09100742296B}.Debug|Any CPU.Build.0 = Debug|Any CPU
		{FEA1AB8D-6A1B-4AA3-B72B-09100742296B}.Release|Any CPU.ActiveCfg = Release|Any CPU
		{FEA1AB8D-6A1B-4AA3-B72B-09100742296B}.Release|Any CPU.Build.0 = Release|Any CPU
		{6E831C10-FC08-480D-855F-4288A817E9BF}.Debug|Any CPU.ActiveCfg = Debug|Any CPU
		{6E831C10-FC08-480D-855F-4288A817E9BF}.Debug|Any CPU.Build.0 = Debug|Any CPU
		{6E831C10-FC08-480D-855F-4288A817E9BF}.Release|Any CPU.ActiveCfg = Release|Any CPU
		{6E831C10-FC08-480D-855F-4288A817E9BF}.Release|Any CPU.Build.0 = Release|Any CPU
		{514C2226-554A-40A1-973E-A7CFB521FCA2}.Debug|Any CPU.ActiveCfg = Debug|Any CPU
		{514C2226-554A-40A1-973E-A7CFB521FCA2}.Debug|Any CPU.Build.0 = Debug|Any CPU
		{514C2226-554A-40A1-973E-A7CFB521FCA2}.Release|Any CPU.ActiveCfg = Release|Any CPU
		{514C2226-554A-40A1-973E-A7CFB521FCA2}.Release|Any CPU.Build.0 = Release|Any CPU
		{0F30E3FB-EACB-41E8-BFA6-459BE01450EC}.Debug|Any CPU.ActiveCfg = Debug|Any CPU
		{0F30E3FB-EACB-41E8-BFA6-459BE01450EC}.Debug|Any CPU.Build.0 = Debug|Any CPU
		{0F30E3FB-EACB-41E8-BFA6-459BE01450EC}.Release|Any CPU.ActiveCfg = Release|Any CPU
		{0F30E3FB-EACB-41E8-BFA6-459BE01450EC}.Release|Any CPU.Build.0 = Release|Any CPU
		{331CF9D4-9209-411E-929F-33461EAF943A}.Debug|Any CPU.ActiveCfg = Debug|Any CPU
		{331CF9D4-9209-411E-929F-33461EAF943A}.Debug|Any CPU.Build.0 = Debug|Any CPU
		{331CF9D4-9209-411E-929F-33461EAF943A}.Release|Any CPU.ActiveCfg = Release|Any CPU
		{331CF9D4-9209-411E-929F-33461EAF943A}.Release|Any CPU.Build.0 = Release|Any CPU
		{E90912BC-9709-4C22-ADAC-247C6A044BC7}.Debug|Any CPU.ActiveCfg = Debug|Any CPU
		{E90912BC-9709-4C22-ADAC-247C6A044BC7}.Debug|Any CPU.Build.0 = Debug|Any CPU
		{E90912BC-9709-4C22-ADAC-247C6A044BC7}.Release|Any CPU.ActiveCfg = Release|Any CPU
		{E90912BC-9709-4C22-ADAC-247C6A044BC7}.Release|Any CPU.Build.0 = Release|Any CPU
		{3F655CB3-B535-4F90-9164-B75F93C4A0E5}.Debug|Any CPU.ActiveCfg = Debug|Any CPU
		{3F655CB3-B535-4F90-9164-B75F93C4A0E5}.Debug|Any CPU.Build.0 = Debug|Any CPU
		{3F655CB3-B535-4F90-9164-B75F93C4A0E5}.Release|Any CPU.ActiveCfg = Release|Any CPU
		{3F655CB3-B535-4F90-9164-B75F93C4A0E5}.Release|Any CPU.Build.0 = Release|Any CPU
		{4D06B609-59C9-489A-BFEC-A2119DF89F16}.Debug|Any CPU.ActiveCfg = Debug|Any CPU
		{4D06B609-59C9-489A-BFEC-A2119DF89F16}.Debug|Any CPU.Build.0 = Debug|Any CPU
		{4D06B609-59C9-489A-BFEC-A2119DF89F16}.Release|Any CPU.ActiveCfg = Release|Any CPU
		{4D06B609-59C9-489A-BFEC-A2119DF89F16}.Release|Any CPU.Build.0 = Release|Any CPU
		{CB25F98E-93BB-4258-9A15-C9E2B7657333}.Debug|Any CPU.ActiveCfg = Debug|Any CPU
		{CB25F98E-93BB-4258-9A15-C9E2B7657333}.Debug|Any CPU.Build.0 = Debug|Any CPU
		{CB25F98E-93BB-4258-9A15-C9E2B7657333}.Release|Any CPU.ActiveCfg = Release|Any CPU
		{CB25F98E-93BB-4258-9A15-C9E2B7657333}.Release|Any CPU.Build.0 = Release|Any CPU
		{75B1C1B9-A063-410D-906C-8C85C7131476}.Debug|Any CPU.ActiveCfg = Debug|Any CPU
		{75B1C1B9-A063-410D-906C-8C85C7131476}.Debug|Any CPU.Build.0 = Debug|Any CPU
		{75B1C1B9-A063-410D-906C-8C85C7131476}.Release|Any CPU.ActiveCfg = Release|Any CPU
		{75B1C1B9-A063-410D-906C-8C85C7131476}.Release|Any CPU.Build.0 = Release|Any CPU
		{6ACA35F9-C718-4816-8153-D74048F71D98}.Debug|Any CPU.ActiveCfg = Debug|Any CPU
		{6ACA35F9-C718-4816-8153-D74048F71D98}.Debug|Any CPU.Build.0 = Debug|Any CPU
		{6ACA35F9-C718-4816-8153-D74048F71D98}.Release|Any CPU.ActiveCfg = Release|Any CPU
		{6ACA35F9-C718-4816-8153-D74048F71D98}.Release|Any CPU.Build.0 = Release|Any CPU
		{0FBB9799-3C2B-4930-9979-998555B383EA}.Debug|Any CPU.ActiveCfg = Debug|Any CPU
		{0FBB9799-3C2B-4930-9979-998555B383EA}.Debug|Any CPU.Build.0 = Debug|Any CPU
		{0FBB9799-3C2B-4930-9979-998555B383EA}.Release|Any CPU.ActiveCfg = Release|Any CPU
		{0FBB9799-3C2B-4930-9979-998555B383EA}.Release|Any CPU.Build.0 = Release|Any CPU
		{80EABB02-6C05-42EA-90C3-D3E1C929B7C2}.Debug|Any CPU.ActiveCfg = Debug|Any CPU
		{80EABB02-6C05-42EA-90C3-D3E1C929B7C2}.Debug|Any CPU.Build.0 = Debug|Any CPU
		{80EABB02-6C05-42EA-90C3-D3E1C929B7C2}.Release|Any CPU.ActiveCfg = Release|Any CPU
		{80EABB02-6C05-42EA-90C3-D3E1C929B7C2}.Release|Any CPU.Build.0 = Release|Any CPU
		{0D8B55EB-EBD9-4140-BA3B-0D5F29B9FF1F}.Debug|Any CPU.ActiveCfg = Debug|Any CPU
		{0D8B55EB-EBD9-4140-BA3B-0D5F29B9FF1F}.Debug|Any CPU.Build.0 = Debug|Any CPU
		{0D8B55EB-EBD9-4140-BA3B-0D5F29B9FF1F}.Release|Any CPU.ActiveCfg = Release|Any CPU
		{0D8B55EB-EBD9-4140-BA3B-0D5F29B9FF1F}.Release|Any CPU.Build.0 = Release|Any CPU
		{EC709BA7-E9B8-4A2A-8A9A-A36CAF7F633D}.Debug|Any CPU.ActiveCfg = Debug|Any CPU
		{EC709BA7-E9B8-4A2A-8A9A-A36CAF7F633D}.Debug|Any CPU.Build.0 = Debug|Any CPU
		{EC709BA7-E9B8-4A2A-8A9A-A36CAF7F633D}.Release|Any CPU.ActiveCfg = Release|Any CPU
		{EC709BA7-E9B8-4A2A-8A9A-A36CAF7F633D}.Release|Any CPU.Build.0 = Release|Any CPU
		{DACA0CEE-1085-47E4-8775-CE309F726235}.Debug|Any CPU.ActiveCfg = Debug|Any CPU
		{DACA0CEE-1085-47E4-8775-CE309F726235}.Debug|Any CPU.Build.0 = Debug|Any CPU
		{DACA0CEE-1085-47E4-8775-CE309F726235}.Release|Any CPU.ActiveCfg = Release|Any CPU
		{DACA0CEE-1085-47E4-8775-CE309F726235}.Release|Any CPU.Build.0 = Release|Any CPU
		{DD3CA074-F4A3-4DB0-874F-0CA50D691C15}.Debug|Any CPU.ActiveCfg = Debug|Any CPU
		{DD3CA074-F4A3-4DB0-874F-0CA50D691C15}.Debug|Any CPU.Build.0 = Debug|Any CPU
		{DD3CA074-F4A3-4DB0-874F-0CA50D691C15}.Release|Any CPU.ActiveCfg = Release|Any CPU
		{DD3CA074-F4A3-4DB0-874F-0CA50D691C15}.Release|Any CPU.Build.0 = Release|Any CPU
		{25BB5D14-41C8-4DEB-8AA6-64C16005EA6E}.Debug|Any CPU.ActiveCfg = Debug|Any CPU
		{25BB5D14-41C8-4DEB-8AA6-64C16005EA6E}.Debug|Any CPU.Build.0 = Debug|Any CPU
		{25BB5D14-41C8-4DEB-8AA6-64C16005EA6E}.Release|Any CPU.ActiveCfg = Release|Any CPU
		{25BB5D14-41C8-4DEB-8AA6-64C16005EA6E}.Release|Any CPU.Build.0 = Release|Any CPU
		{FA2C2ACB-F8A9-4029-A702-9BF33D1762F3}.Debug|Any CPU.ActiveCfg = Debug|Any CPU
		{FA2C2ACB-F8A9-4029-A702-9BF33D1762F3}.Debug|Any CPU.Build.0 = Debug|Any CPU
		{FA2C2ACB-F8A9-4029-A702-9BF33D1762F3}.Release|Any CPU.ActiveCfg = Release|Any CPU
		{FA2C2ACB-F8A9-4029-A702-9BF33D1762F3}.Release|Any CPU.Build.0 = Release|Any CPU
		{E01F2C45-4187-4C55-A979-AD3902F0B7F5}.Debug|Any CPU.ActiveCfg = Debug|Any CPU
		{E01F2C45-4187-4C55-A979-AD3902F0B7F5}.Debug|Any CPU.Build.0 = Debug|Any CPU
		{E01F2C45-4187-4C55-A979-AD3902F0B7F5}.Release|Any CPU.ActiveCfg = Release|Any CPU
		{E01F2C45-4187-4C55-A979-AD3902F0B7F5}.Release|Any CPU.Build.0 = Release|Any CPU
		{8A4732D1-CB69-4F92-9964-4AE9F517C6E5}.Debug|Any CPU.ActiveCfg = Debug|Any CPU
		{8A4732D1-CB69-4F92-9964-4AE9F517C6E5}.Debug|Any CPU.Build.0 = Debug|Any CPU
		{8A4732D1-CB69-4F92-9964-4AE9F517C6E5}.Release|Any CPU.ActiveCfg = Release|Any CPU
		{8A4732D1-CB69-4F92-9964-4AE9F517C6E5}.Release|Any CPU.Build.0 = Release|Any CPU
		{4D9BD113-D9CD-4D9B-88C2-79AD472E6A1F}.Debug|Any CPU.ActiveCfg = Debug|Any CPU
		{4D9BD113-D9CD-4D9B-88C2-79AD472E6A1F}.Debug|Any CPU.Build.0 = Debug|Any CPU
		{4D9BD113-D9CD-4D9B-88C2-79AD472E6A1F}.Release|Any CPU.ActiveCfg = Release|Any CPU
		{4D9BD113-D9CD-4D9B-88C2-79AD472E6A1F}.Release|Any CPU.Build.0 = Release|Any CPU
		{6B436D3E-2211-43B8-92C4-DAB6A182F96C}.Debug|Any CPU.ActiveCfg = Debug|Any CPU
		{6B436D3E-2211-43B8-92C4-DAB6A182F96C}.Debug|Any CPU.Build.0 = Debug|Any CPU
		{6B436D3E-2211-43B8-92C4-DAB6A182F96C}.Release|Any CPU.ActiveCfg = Release|Any CPU
		{6B436D3E-2211-43B8-92C4-DAB6A182F96C}.Release|Any CPU.Build.0 = Release|Any CPU
		{FDAC71CC-5C11-4140-A4AD-4E49EC6F8DF0}.Debug|Any CPU.ActiveCfg = Debug|Any CPU
		{FDAC71CC-5C11-4140-A4AD-4E49EC6F8DF0}.Debug|Any CPU.Build.0 = Debug|Any CPU
		{FDAC71CC-5C11-4140-A4AD-4E49EC6F8DF0}.Release|Any CPU.ActiveCfg = Release|Any CPU
		{FDAC71CC-5C11-4140-A4AD-4E49EC6F8DF0}.Release|Any CPU.Build.0 = Release|Any CPU
		{8162DA2A-155B-4E5E-9A91-71665C3669B3}.Debug|Any CPU.ActiveCfg = Debug|Any CPU
		{8162DA2A-155B-4E5E-9A91-71665C3669B3}.Debug|Any CPU.Build.0 = Debug|Any CPU
		{8162DA2A-155B-4E5E-9A91-71665C3669B3}.Release|Any CPU.ActiveCfg = Release|Any CPU
		{8162DA2A-155B-4E5E-9A91-71665C3669B3}.Release|Any CPU.Build.0 = Release|Any CPU
		{1CE1BFD0-48DA-45AC-B451-F9C80B98DBD4}.Debug|Any CPU.ActiveCfg = Debug|Any CPU
		{1CE1BFD0-48DA-45AC-B451-F9C80B98DBD4}.Debug|Any CPU.Build.0 = Debug|Any CPU
		{1CE1BFD0-48DA-45AC-B451-F9C80B98DBD4}.Release|Any CPU.ActiveCfg = Release|Any CPU
		{1CE1BFD0-48DA-45AC-B451-F9C80B98DBD4}.Release|Any CPU.Build.0 = Release|Any CPU
		{EDBDEDA0-0253-4B85-A322-2194598F10CD}.Debug|Any CPU.ActiveCfg = Debug|Any CPU
		{EDBDEDA0-0253-4B85-A322-2194598F10CD}.Debug|Any CPU.Build.0 = Debug|Any CPU
		{EDBDEDA0-0253-4B85-A322-2194598F10CD}.Release|Any CPU.ActiveCfg = Release|Any CPU
		{EDBDEDA0-0253-4B85-A322-2194598F10CD}.Release|Any CPU.Build.0 = Release|Any CPU
		{71B4874A-9E49-4304-A4CB-E8341751E268}.Debug|Any CPU.ActiveCfg = Debug|Any CPU
		{71B4874A-9E49-4304-A4CB-E8341751E268}.Debug|Any CPU.Build.0 = Debug|Any CPU
		{71B4874A-9E49-4304-A4CB-E8341751E268}.Release|Any CPU.ActiveCfg = Release|Any CPU
		{71B4874A-9E49-4304-A4CB-E8341751E268}.Release|Any CPU.Build.0 = Release|Any CPU
		{876CDA20-F483-4B6F-A3C2-57BE84D02CA9}.Debug|Any CPU.ActiveCfg = Debug|Any CPU
		{876CDA20-F483-4B6F-A3C2-57BE84D02CA9}.Debug|Any CPU.Build.0 = Debug|Any CPU
		{876CDA20-F483-4B6F-A3C2-57BE84D02CA9}.Release|Any CPU.ActiveCfg = Release|Any CPU
		{876CDA20-F483-4B6F-A3C2-57BE84D02CA9}.Release|Any CPU.Build.0 = Release|Any CPU
		{1CD10D21-CC89-41F0-84D6-577580717D77}.Debug|Any CPU.ActiveCfg = Debug|Any CPU
		{1CD10D21-CC89-41F0-84D6-577580717D77}.Debug|Any CPU.Build.0 = Debug|Any CPU
		{1CD10D21-CC89-41F0-84D6-577580717D77}.Release|Any CPU.ActiveCfg = Release|Any CPU
		{1CD10D21-CC89-41F0-84D6-577580717D77}.Release|Any CPU.Build.0 = Release|Any CPU
		{3192A2F0-DCFD-43DC-8502-946731916F2D}.Debug|Any CPU.ActiveCfg = Debug|Any CPU
		{3192A2F0-DCFD-43DC-8502-946731916F2D}.Debug|Any CPU.Build.0 = Debug|Any CPU
		{3192A2F0-DCFD-43DC-8502-946731916F2D}.Release|Any CPU.ActiveCfg = Release|Any CPU
		{3192A2F0-DCFD-43DC-8502-946731916F2D}.Release|Any CPU.Build.0 = Release|Any CPU
		{809A3CE0-6FD7-4062-BB71-77CB9C705139}.Debug|Any CPU.ActiveCfg = Debug|Any CPU
		{809A3CE0-6FD7-4062-BB71-77CB9C705139}.Debug|Any CPU.Build.0 = Debug|Any CPU
		{809A3CE0-6FD7-4062-BB71-77CB9C705139}.Release|Any CPU.ActiveCfg = Release|Any CPU
		{809A3CE0-6FD7-4062-BB71-77CB9C705139}.Release|Any CPU.Build.0 = Release|Any CPU
		{1DC7E035-7EC3-431A-9E8E-E9795CE40247}.Debug|Any CPU.ActiveCfg = Debug|Any CPU
		{1DC7E035-7EC3-431A-9E8E-E9795CE40247}.Debug|Any CPU.Build.0 = Debug|Any CPU
		{1DC7E035-7EC3-431A-9E8E-E9795CE40247}.Release|Any CPU.ActiveCfg = Release|Any CPU
		{1DC7E035-7EC3-431A-9E8E-E9795CE40247}.Release|Any CPU.Build.0 = Release|Any CPU
		{A3594D82-989E-4AFD-90EE-E70ED2C2154B}.Debug|Any CPU.ActiveCfg = Debug|Any CPU
		{A3594D82-989E-4AFD-90EE-E70ED2C2154B}.Debug|Any CPU.Build.0 = Debug|Any CPU
		{A3594D82-989E-4AFD-90EE-E70ED2C2154B}.Release|Any CPU.ActiveCfg = Release|Any CPU
		{A3594D82-989E-4AFD-90EE-E70ED2C2154B}.Release|Any CPU.Build.0 = Release|Any CPU
		{C165D288-0565-4337-B779-8FE4BB7C0BC0}.Debug|Any CPU.ActiveCfg = Debug|Any CPU
		{C165D288-0565-4337-B779-8FE4BB7C0BC0}.Debug|Any CPU.Build.0 = Debug|Any CPU
		{C165D288-0565-4337-B779-8FE4BB7C0BC0}.Release|Any CPU.ActiveCfg = Release|Any CPU
		{C165D288-0565-4337-B779-8FE4BB7C0BC0}.Release|Any CPU.Build.0 = Release|Any CPU
		{69239C02-27DE-4961-87E4-711F7CABAF93}.Debug|Any CPU.ActiveCfg = Debug|Any CPU
		{69239C02-27DE-4961-87E4-711F7CABAF93}.Debug|Any CPU.Build.0 = Debug|Any CPU
		{69239C02-27DE-4961-87E4-711F7CABAF93}.Release|Any CPU.ActiveCfg = Release|Any CPU
		{69239C02-27DE-4961-87E4-711F7CABAF93}.Release|Any CPU.Build.0 = Release|Any CPU
		{0DA29309-80A1-4E61-9B15-2889C1A5D103}.Debug|Any CPU.ActiveCfg = Debug|Any CPU
		{0DA29309-80A1-4E61-9B15-2889C1A5D103}.Debug|Any CPU.Build.0 = Debug|Any CPU
		{0DA29309-80A1-4E61-9B15-2889C1A5D103}.Release|Any CPU.ActiveCfg = Release|Any CPU
		{0DA29309-80A1-4E61-9B15-2889C1A5D103}.Release|Any CPU.Build.0 = Release|Any CPU
		{762FB83F-EF58-4EDE-A431-23A58BEA9BEE}.Debug|Any CPU.ActiveCfg = Debug|Any CPU
		{762FB83F-EF58-4EDE-A431-23A58BEA9BEE}.Debug|Any CPU.Build.0 = Debug|Any CPU
		{762FB83F-EF58-4EDE-A431-23A58BEA9BEE}.Release|Any CPU.ActiveCfg = Release|Any CPU
		{762FB83F-EF58-4EDE-A431-23A58BEA9BEE}.Release|Any CPU.Build.0 = Release|Any CPU
		{961A20F3-6027-4DB9-8157-B966B3C211E5}.Debug|Any CPU.ActiveCfg = Debug|Any CPU
		{961A20F3-6027-4DB9-8157-B966B3C211E5}.Debug|Any CPU.Build.0 = Debug|Any CPU
		{961A20F3-6027-4DB9-8157-B966B3C211E5}.Release|Any CPU.ActiveCfg = Release|Any CPU
		{961A20F3-6027-4DB9-8157-B966B3C211E5}.Release|Any CPU.Build.0 = Release|Any CPU
		{99D368FA-736B-435A-BAB4-15A6AFD6648A}.Debug|Any CPU.ActiveCfg = Debug|Any CPU
		{99D368FA-736B-435A-BAB4-15A6AFD6648A}.Debug|Any CPU.Build.0 = Debug|Any CPU
		{99D368FA-736B-435A-BAB4-15A6AFD6648A}.Release|Any CPU.ActiveCfg = Release|Any CPU
		{99D368FA-736B-435A-BAB4-15A6AFD6648A}.Release|Any CPU.Build.0 = Release|Any CPU
	EndGlobalSection
	GlobalSection(SolutionProperties) = preSolution
		HideSolutionNode = FALSE
	EndGlobalSection
	GlobalSection(NestedProjects) = preSolution
		{4BDC5A0A-5946-4D38-9756-A23A0A82279E} = {F058351F-A0FE-4718-89F1-F8ADB9BAD3C8}
		{511532D4-D9DA-4F68-9DD6-C54BE8A2B949} = {F859FD40-A22D-495D-8EDE-2DFF0BE5CFE4}
		{094AB22B-2B31-45FC-A636-E82659F014BA} = {F859FD40-A22D-495D-8EDE-2DFF0BE5CFE4}
		{47D177E9-5719-469E-9ADC-4B2C9412A723} = {F859FD40-A22D-495D-8EDE-2DFF0BE5CFE4}
		{CD43243B-DAF6-4713-84BA-E63C7209C167} = {F859FD40-A22D-495D-8EDE-2DFF0BE5CFE4}
		{11D859DA-43AF-4B83-9B68-34E6212073A6} = {F859FD40-A22D-495D-8EDE-2DFF0BE5CFE4}
		{1D032C17-DB20-4B8D-B304-D22D945D0975} = {F859FD40-A22D-495D-8EDE-2DFF0BE5CFE4}
		{FEA1AB8D-6A1B-4AA3-B72B-09100742296B} = {F859FD40-A22D-495D-8EDE-2DFF0BE5CFE4}
		{6E831C10-FC08-480D-855F-4288A817E9BF} = {F3B41751-5741-40DC-BB55-23C8E8C442B6}
		{514C2226-554A-40A1-973E-A7CFB521FCA2} = {F3B41751-5741-40DC-BB55-23C8E8C442B6}
		{0F30E3FB-EACB-41E8-BFA6-459BE01450EC} = {F3B41751-5741-40DC-BB55-23C8E8C442B6}
		{331CF9D4-9209-411E-929F-33461EAF943A} = {F3B41751-5741-40DC-BB55-23C8E8C442B6}
		{E90912BC-9709-4C22-ADAC-247C6A044BC7} = {0A86EA14-8B6A-49AA-9B08-9640C8CD8169}
		{3F655CB3-B535-4F90-9164-B75F93C4A0E5} = {0A86EA14-8B6A-49AA-9B08-9640C8CD8169}
		{4D06B609-59C9-489A-BFEC-A2119DF89F16} = {0A86EA14-8B6A-49AA-9B08-9640C8CD8169}
		{CB25F98E-93BB-4258-9A15-C9E2B7657333} = {0A86EA14-8B6A-49AA-9B08-9640C8CD8169}
		{75B1C1B9-A063-410D-906C-8C85C7131476} = {0A86EA14-8B6A-49AA-9B08-9640C8CD8169}
		{6ACA35F9-C718-4816-8153-D74048F71D98} = {0A86EA14-8B6A-49AA-9B08-9640C8CD8169}
		{0FBB9799-3C2B-4930-9979-998555B383EA} = {0A86EA14-8B6A-49AA-9B08-9640C8CD8169}
		{80EABB02-6C05-42EA-90C3-D3E1C929B7C2} = {0A86EA14-8B6A-49AA-9B08-9640C8CD8169}
		{0D8B55EB-EBD9-4140-BA3B-0D5F29B9FF1F} = {0A86EA14-8B6A-49AA-9B08-9640C8CD8169}
		{EC709BA7-E9B8-4A2A-8A9A-A36CAF7F633D} = {0A86EA14-8B6A-49AA-9B08-9640C8CD8169}
		{DACA0CEE-1085-47E4-8775-CE309F726235} = {0A86EA14-8B6A-49AA-9B08-9640C8CD8169}
		{DD3CA074-F4A3-4DB0-874F-0CA50D691C15} = {0A86EA14-8B6A-49AA-9B08-9640C8CD8169}
		{25BB5D14-41C8-4DEB-8AA6-64C16005EA6E} = {0B0F00DE-F335-4B8B-A904-C4662DC7D19A}
		{FA2C2ACB-F8A9-4029-A702-9BF33D1762F3} = {0B0F00DE-F335-4B8B-A904-C4662DC7D19A}
		{E01F2C45-4187-4C55-A979-AD3902F0B7F5} = {0B0F00DE-F335-4B8B-A904-C4662DC7D19A}
		{8A4732D1-CB69-4F92-9964-4AE9F517C6E5} = {0B0F00DE-F335-4B8B-A904-C4662DC7D19A}
		{4D9BD113-D9CD-4D9B-88C2-79AD472E6A1F} = {0B0F00DE-F335-4B8B-A904-C4662DC7D19A}
		{6B436D3E-2211-43B8-92C4-DAB6A182F96C} = {45A55A0F-8E6C-416B-91CD-6EB30AC38C39}
		{FDAC71CC-5C11-4140-A4AD-4E49EC6F8DF0} = {45A55A0F-8E6C-416B-91CD-6EB30AC38C39}
		{8162DA2A-155B-4E5E-9A91-71665C3669B3} = {45A55A0F-8E6C-416B-91CD-6EB30AC38C39}
		{1CE1BFD0-48DA-45AC-B451-F9C80B98DBD4} = {2F184289-9DAF-4441-8AEC-7E06253DE71D}
		{EDBDEDA0-0253-4B85-A322-2194598F10CD} = {2F184289-9DAF-4441-8AEC-7E06253DE71D}
		{71B4874A-9E49-4304-A4CB-E8341751E268} = {2F184289-9DAF-4441-8AEC-7E06253DE71D}
		{876CDA20-F483-4B6F-A3C2-57BE84D02CA9} = {2F184289-9DAF-4441-8AEC-7E06253DE71D}
		{1CD10D21-CC89-41F0-84D6-577580717D77} = {697EB55C-6983-47C9-889E-75115461B408}
		{3192A2F0-DCFD-43DC-8502-946731916F2D} = {697EB55C-6983-47C9-889E-75115461B408}
		{809A3CE0-6FD7-4062-BB71-77CB9C705139} = {C602EC6F-BB0B-4D9A-A155-83C0C86FC272}
		{1DC7E035-7EC3-431A-9E8E-E9795CE40247} = {2F184289-9DAF-4441-8AEC-7E06253DE71D}
		{A3594D82-989E-4AFD-90EE-E70ED2C2154B} = {4E438A9D-54D2-4FD2-A6AE-1A46D622AD57}
		{C165D288-0565-4337-B779-8FE4BB7C0BC0} = {4E438A9D-54D2-4FD2-A6AE-1A46D622AD57}
		{69239C02-27DE-4961-87E4-711F7CABAF93} = {4E438A9D-54D2-4FD2-A6AE-1A46D622AD57}
		{0DA29309-80A1-4E61-9B15-2889C1A5D103} = {4E438A9D-54D2-4FD2-A6AE-1A46D622AD57}
		{762FB83F-EF58-4EDE-A431-23A58BEA9BEE} = {4E438A9D-54D2-4FD2-A6AE-1A46D622AD57}
		{961A20F3-6027-4DB9-8157-B966B3C211E5} = {0B0F00DE-F335-4B8B-A904-C4662DC7D19A}
		{99D368FA-736B-435A-BAB4-15A6AFD6648A} = {F859FD40-A22D-495D-8EDE-2DFF0BE5CFE4}
	EndGlobalSection
	GlobalSection(ExtensibilityGlobals) = postSolution
		SolutionGuid = {763097D6-878C-4309-923F-F011E62FF47A}
	EndGlobalSection
EndGlobal
