
Microsoft Visual Studio Solution File, Format Version 12.00
# Visual Studio Version 17
VisualStudioVersion = 17.4.33122.133
MinimumVisualStudioVersion = 10.0.40219.1
Project("{2150E333-8FDC-42A3-9474-1A3956D46DE8}") = "Introduction", "Introduction", "{4C69B227-4818-4E39-851E-6869B11629FE}"
EndProject
Project("{778DAE3C-4631-46EA-AA77-85C1314464D9}") = "GettingStarted", "Introduction\Getting Started\GettingStarted.vbproj", "{C069E440-7330-4266-996E-4EF41067B949}"
EndProject
Project("{778DAE3C-4631-46EA-AA77-85C1314464D9}") = "Cloning", "Introduction\Cloning\Cloning.vbproj", "{FAA61A2D-E79A-4AF5-92EA-AA54B5FACC79}"
EndProject
Project("{778DAE3C-4631-46EA-AA77-85C1314464D9}") = "Performance", "Introduction\Performance\Performance.vbproj", "{24850B75-A412-4CAA-86AC-9B81F53B9B96}"
EndProject
Project("{778DAE3C-4631-46EA-AA77-85C1314464D9}") = "Preservation", "Introduction\Preservation\Preservation.vbproj", "{85F6F7B4-E413-435A-9F90-F1DD8E0EDE82}"
EndProject
Project("{F184B08F-C81C-45F6-A57F-5ABD9991F28F}") = "Printing", "Introduction\Printing\Printing.vbproj", "{CD43243B-DAF6-4713-84BA-E63C7209C167}"
EndProject
Project("{778DAE3C-4631-46EA-AA77-85C1314464D9}") = "Reading", "Introduction\Reading\Reading.vbproj", "{10DE1AC1-FB2F-4E74-927B-BAE091B8D904}"
EndProject
Project("{778DAE3C-4631-46EA-AA77-85C1314464D9}") = "WorkingWithTemplates", "Introduction\Working with Templates\WorkingWithTemplates.vbproj", "{A622787F-371F-49D0-9E72-6D39AA97DC5B}"
EndProject
Project("{778DAE3C-4631-46EA-AA77-85C1314464D9}") = "Writing", "Introduction\Writing\Writing.vbproj", "{7E191EB0-3F76-4597-86CB-FBDE7D5CCB1A}"
EndProject
Project("{2150E333-8FDC-42A3-9474-1A3956D46DE8}") = "Elements", "Elements", "{BB69A6C8-2631-4A5F-ADAD-B105DDF640BD}"
EndProject
Project("{2150E333-8FDC-42A3-9474-1A3956D46DE8}") = "Features", "Features", "{7B8C8DB0-2BD6-4FA6-AAAE-9BF7B116680C}"
EndProject
Project("{2150E333-8FDC-42A3-9474-1A3956D46DE8}") = "Formatting", "Formatting", "{C8A3566C-DAB6-4DE8-AF50-A16EC47ECD43}"
EndProject
Project("{2150E333-8FDC-42A3-9474-1A3956D46DE8}") = "Platforms", "Platforms", "{D15FE3C5-8D48-4E2A-9A3E-3585E5E0D2C1}"
EndProject
Project("{2150E333-8FDC-42A3-9474-1A3956D46DE8}") = "Protection", "Protection", "{F6826A53-6549-4DD4-AE9B-C95B3E2A9A96}"
EndProject
Project("{778DAE3C-4631-46EA-AA77-85C1314464D9}") = "AudioAndVideo", "Elements\Audio and Video\AudioAndVideo.vbproj", "{83DF5113-8B39-4884-A2FE-7ABBF54542AB}"
EndProject
Project("{778DAE3C-4631-46EA-AA77-85C1314464D9}") = "Charts", "Elements\Charts\Charts.vbproj", "{7434C56F-4B6F-45F5-8697-A4CCC2369E23}"
EndProject
Project("{778DAE3C-4631-46EA-AA77-85C1314464D9}") = "Comments", "Elements\Comments\Comments.vbproj", "{7DFBBE49-14B1-4073-81C7-1C68161D9AB2}"
EndProject
Project("{778DAE3C-4631-46EA-AA77-85C1314464D9}") = "DocumentProperties", "Elements\Document Properties\DocumentProperties.vbproj", "{84FDD3FF-EDB9-44DD-97D2-5163ABF7EDEA}"
EndProject
Project("{778DAE3C-4631-46EA-AA77-85C1314464D9}") = "HeaderAndFooter", "Elements\Header and Footer\HeaderAndFooter.vbproj", "{16C6E16E-A6DD-4B0E-98FB-3A0D59F9FDEC}"
EndProject
Project("{778DAE3C-4631-46EA-AA77-85C1314464D9}") = "Hyperlinks", "Elements\Hyperlinks\Hyperlinks.vbproj", "{6468C68E-1C12-4AB3-99B3-C8B7FE4E30A6}"
EndProject
Project("{778DAE3C-4631-46EA-AA77-85C1314464D9}") = "Notes", "Elements\Notes\Notes.vbproj", "{128B0FE5-0677-441F-AC7C-04CD5D2F0045}"
EndProject
Project("{778DAE3C-4631-46EA-AA77-85C1314464D9}") = "Pictures", "Elements\Pictures\Pictures.vbproj", "{99837D5E-E697-4A19-8A66-B000F6106156}"
EndProject
Project("{778DAE3C-4631-46EA-AA77-85C1314464D9}") = "Placeholders", "Elements\Placeholders\Placeholders.vbproj", "{02209210-7BA0-4439-A30C-6095C92589DE}"
EndProject
Project("{778DAE3C-4631-46EA-AA77-85C1314464D9}") = "Shapes", "Elements\Shapes\Shapes.vbproj", "{3CB802F9-A06F-4045-A406-4BF98ACFA4C4}"
EndProject
Project("{778DAE3C-4631-46EA-AA77-85C1314464D9}") = "Slides", "Elements\Slides\Slides.vbproj", "{18D4FE25-C1FA-42EF-86C8-2F639D526448}"
EndProject
Project("{778DAE3C-4631-46EA-AA77-85C1314464D9}") = "Tables", "Elements\Tables\Tables.vbproj", "{05DF1A50-26B5-4695-9E1A-9D5E3B8C4531}"
EndProject
Project("{778DAE3C-4631-46EA-AA77-85C1314464D9}") = "TextBoxes", "Elements\Text Boxes\TextBoxes.vbproj", "{DDF4B7BA-F8A0-4E46-AB6B-1B5C3B81A9B3}"
EndProject
Project("{778DAE3C-4631-46EA-AA77-85C1314464D9}") = "ConvertingPptxToImage", "Features\Converting PPTX to Image\ConvertingPptxToImage.vbproj", "{96208A7A-D8CB-4C5B-B434-05B559DAFBA8}"
EndProject
Project("{778DAE3C-4631-46EA-AA77-85C1314464D9}") = "ConvertingPptxToPdf", "Features\Converting PPTX to PDF\ConvertingPptxToPdf.vbproj", "{BEDE6C3A-ABCB-4E98-8303-9A2AC81B110D}"
EndProject
Project("{778DAE3C-4631-46EA-AA77-85C1314464D9}") = "FindAndReplace", "Features\Find and Replace\FindAndReplace.vbproj", "{C787D0AF-F055-4B7A-8373-7A1F7E1834FC}"
EndProject
Project("{778DAE3C-4631-46EA-AA77-85C1314464D9}") = "LoadingTextFromHtml", "Features\Loading Text from HTML\LoadingTextFromHtml.vbproj", "{123955B2-5701-40C5-A6E3-C41214D7F32E}"
EndProject
Project("{778DAE3C-4631-46EA-AA77-85C1314464D9}") = "Fonts", "Features\Fonts\Fonts.vbproj", "{517EDEA3-ED66-447A-8702-92F759A2FE4F}"
EndProject
Project("{778DAE3C-4631-46EA-AA77-85C1314464D9}") = "RightToLeftText", "Features\Right to Left Text\RightToLeftText.vbproj", "{577B50EA-CC65-418E-8029-2EE30937C520}"
EndProject
Project("{778DAE3C-4631-46EA-AA77-85C1314464D9}") = "SlideShow", "Features\Slide Show\SlideShow.vbproj", "{75273A92-492E-44C6-92FF-B253C2346928}"
EndProject
Project("{778DAE3C-4631-46EA-AA77-85C1314464D9}") = "SlideTransition", "Features\Slide Transition\SlideTransition.vbproj", "{4FBB5C16-B7DE-4342-B89C-8C4982F139E2}"
EndProject
Project("{778DAE3C-4631-46EA-AA77-85C1314464D9}") = "UnitConversion", "Features\Unit Conversion\UnitConversion.vbproj", "{2CC4170B-817C-43D1-99CF-C47865BBBA12}"
EndProject
Project("{778DAE3C-4631-46EA-AA77-85C1314464D9}") = "VbaMacros", "Features\VBA Macros\VbaMacros.vbproj", "{4562CDD3-54DC-4A9E-8587-91F844D7CB2C}"
EndProject
Project("{778DAE3C-4631-46EA-AA77-85C1314464D9}") = "CharacterFormatting", "Formatting\Character Formatting\CharacterFormatting.vbproj", "{A81A8D18-63F6-48BF-A05C-C1ACDAA3E3C8}"
EndProject
Project("{778DAE3C-4631-46EA-AA77-85C1314464D9}") = "ListFormatting", "Formatting\List Formatting\ListFormatting.vbproj", "{F92DE42C-EC2A-479E-9B29-27B88EAA3544}"
EndProject
Project("{778DAE3C-4631-46EA-AA77-85C1314464D9}") = "ParagraphFormatting", "Formatting\Paragraph Formatting\ParagraphFormatting.vbproj", "{6F3FB29C-8975-4F88-9036-3AA3AF180374}"
EndProject
Project("{778DAE3C-4631-46EA-AA77-85C1314464D9}") = "ShapeFormatting", "Formatting\Shape Formatting\ShapeFormatting.vbproj", "{FC0EEBDB-38B5-42FE-8B79-F52868825D94}"
EndProject
Project("{778DAE3C-4631-46EA-AA77-85C1314464D9}") = "TableFormatting", "Formatting\Table Formatting\TableFormatting.vbproj", "{897EBFD5-AD15-4F03-A0EC-9A091383CFD5}"
EndProject
Project("{778DAE3C-4631-46EA-AA77-85C1314464D9}") = "TextBoxFormatting", "Formatting\Text Box Formatting\TextBoxFormatting.vbproj", "{CA13F429-9B1B-4ABA-948B-23101B0E82A9}"
EndProject
Project("{F184B08F-C81C-45F6-A57F-5ABD9991F28F}") = "MediumTrust", "Platforms\ASP.NET\MediumTrust.vbproj", "{762FB83F-EF58-4EDE-A431-23A58BEA9BEE}"
EndProject
Project("{778DAE3C-4631-46EA-AA77-85C1314464D9}") = "AzureFunction", "Platforms\Azure\AzureFunction.vbproj", "{6B43AD02-27F9-473E-9FA6-4B1E3BBD8D2D}"
EndProject
Project("{778DAE3C-4631-46EA-AA77-85C1314464D9}") = "PresentationDocker", "Platforms\Docker\PresentationDocker.vbproj", "{2A7E847E-2356-4520-8492-087EAA0A4C14}"
EndProject
Project("{778DAE3C-4631-46EA-AA77-85C1314464D9}") = "PdfDigitalSignature", "Protection\PDF Digital Signature\PdfDigitalSignature.vbproj", "{1CBBE055-5C67-4B4A-AFFC-95C0C722DD58}"
EndProject
Project("{778DAE3C-4631-46EA-AA77-85C1314464D9}") = "PdfEncryption", "Protection\PDF Encryption\PdfEncryption.vbproj", "{D1057BA1-0134-465C-8A20-E9635E5A99A0}"
EndProject
Project("{778DAE3C-4631-46EA-AA77-85C1314464D9}") = "PptxDigitalSignature", "Protection\PPTX Digital Signature\PptxDigitalSignature.vbproj", "{2AD91592-C1E7-46A7-BEF0-6332E6B4A4ED}"
EndProject
Project("{778DAE3C-4631-46EA-AA77-85C1314464D9}") = "PptxEncryption", "Protection\PPTX Encryption\PptxEncryption.vbproj", "{F77A6BDB-4DA4-49CB-B0AF-FF6B30AB73D9}"
EndProject
Project("{778DAE3C-4631-46EA-AA77-85C1314464D9}") = "PptxModifyProtection", "Protection\PPTX Modify Protection\PptxModifyProtection.vbproj", "{1FBB6EDD-B02E-4EB9-B7EA-E102654F2E3B}"
EndProject
Project("{F184B08F-C81C-45F6-A57F-5ABD9991F28F}") = "WpfExportToImageSource", "Platforms\Export PowerPoint in WPF\ImageSource\WpfExportToImageSource.vbproj", "{69239C02-27DE-4961-87E4-711F7CABAF93}"
EndProject
Project("{F184B08F-C81C-45F6-A57F-5ABD9991F28F}") = "WpfExportToXpsDocument", "Platforms\Export PowerPoint in WPF\XpsDocument\WpfExportToXpsDocument.vbproj", "{0DA29309-80A1-4E61-9B15-2889C1A5D103}"
EndProject
Global
	GlobalSection(SolutionConfigurationPlatforms) = preSolution
		Debug|Any CPU = Debug|Any CPU
		Release|Any CPU = Release|Any CPU
	EndGlobalSection
	GlobalSection(ProjectConfigurationPlatforms) = postSolution
		{C069E440-7330-4266-996E-4EF41067B949}.Debug|Any CPU.ActiveCfg = Debug|Any CPU
		{C069E440-7330-4266-996E-4EF41067B949}.Debug|Any CPU.Build.0 = Debug|Any CPU
		{C069E440-7330-4266-996E-4EF41067B949}.Release|Any CPU.ActiveCfg = Release|Any CPU
		{C069E440-7330-4266-996E-4EF41067B949}.Release|Any CPU.Build.0 = Release|Any CPU
		{FAA61A2D-E79A-4AF5-92EA-AA54B5FACC79}.Debug|Any CPU.ActiveCfg = Debug|Any CPU
		{FAA61A2D-E79A-4AF5-92EA-AA54B5FACC79}.Debug|Any CPU.Build.0 = Debug|Any CPU
		{FAA61A2D-E79A-4AF5-92EA-AA54B5FACC79}.Release|Any CPU.ActiveCfg = Release|Any CPU
		{FAA61A2D-E79A-4AF5-92EA-AA54B5FACC79}.Release|Any CPU.Build.0 = Release|Any CPU
		{24850B75-A412-4CAA-86AC-9B81F53B9B96}.Debug|Any CPU.ActiveCfg = Debug|Any CPU
		{24850B75-A412-4CAA-86AC-9B81F53B9B96}.Debug|Any CPU.Build.0 = Debug|Any CPU
		{24850B75-A412-4CAA-86AC-9B81F53B9B96}.Release|Any CPU.ActiveCfg = Release|Any CPU
		{24850B75-A412-4CAA-86AC-9B81F53B9B96}.Release|Any CPU.Build.0 = Release|Any CPU
		{85F6F7B4-E413-435A-9F90-F1DD8E0EDE82}.Debug|Any CPU.ActiveCfg = Debug|Any CPU
		{85F6F7B4-E413-435A-9F90-F1DD8E0EDE82}.Debug|Any CPU.Build.0 = Debug|Any CPU
		{85F6F7B4-E413-435A-9F90-F1DD8E0EDE82}.Release|Any CPU.ActiveCfg = Release|Any CPU
		{85F6F7B4-E413-435A-9F90-F1DD8E0EDE82}.Release|Any CPU.Build.0 = Release|Any CPU
		{CD43243B-DAF6-4713-84BA-E63C7209C167}.Debug|Any CPU.ActiveCfg = Debug|Any CPU
		{CD43243B-DAF6-4713-84BA-E63C7209C167}.Debug|Any CPU.Build.0 = Debug|Any CPU
		{CD43243B-DAF6-4713-84BA-E63C7209C167}.Release|Any CPU.ActiveCfg = Release|Any CPU
		{CD43243B-DAF6-4713-84BA-E63C7209C167}.Release|Any CPU.Build.0 = Release|Any CPU
		{10DE1AC1-FB2F-4E74-927B-BAE091B8D904}.Debug|Any CPU.ActiveCfg = Debug|Any CPU
		{10DE1AC1-FB2F-4E74-927B-BAE091B8D904}.Debug|Any CPU.Build.0 = Debug|Any CPU
		{10DE1AC1-FB2F-4E74-927B-BAE091B8D904}.Release|Any CPU.ActiveCfg = Release|Any CPU
		{10DE1AC1-FB2F-4E74-927B-BAE091B8D904}.Release|Any CPU.Build.0 = Release|Any CPU
		{A622787F-371F-49D0-9E72-6D39AA97DC5B}.Debug|Any CPU.ActiveCfg = Debug|Any CPU
		{A622787F-371F-49D0-9E72-6D39AA97DC5B}.Debug|Any CPU.Build.0 = Debug|Any CPU
		{A622787F-371F-49D0-9E72-6D39AA97DC5B}.Release|Any CPU.ActiveCfg = Release|Any CPU
		{A622787F-371F-49D0-9E72-6D39AA97DC5B}.Release|Any CPU.Build.0 = Release|Any CPU
		{7E191EB0-3F76-4597-86CB-FBDE7D5CCB1A}.Debug|Any CPU.ActiveCfg = Debug|Any CPU
		{7E191EB0-3F76-4597-86CB-FBDE7D5CCB1A}.Debug|Any CPU.Build.0 = Debug|Any CPU
		{7E191EB0-3F76-4597-86CB-FBDE7D5CCB1A}.Release|Any CPU.ActiveCfg = Release|Any CPU
		{7E191EB0-3F76-4597-86CB-FBDE7D5CCB1A}.Release|Any CPU.Build.0 = Release|Any CPU
		{83DF5113-8B39-4884-A2FE-7ABBF54542AB}.Debug|Any CPU.ActiveCfg = Debug|Any CPU
		{83DF5113-8B39-4884-A2FE-7ABBF54542AB}.Debug|Any CPU.Build.0 = Debug|Any CPU
		{83DF5113-8B39-4884-A2FE-7ABBF54542AB}.Release|Any CPU.ActiveCfg = Release|Any CPU
		{83DF5113-8B39-4884-A2FE-7ABBF54542AB}.Release|Any CPU.Build.0 = Release|Any CPU
		{7434C56F-4B6F-45F5-8697-A4CCC2369E23}.Debug|Any CPU.ActiveCfg = Debug|Any CPU
		{7434C56F-4B6F-45F5-8697-A4CCC2369E23}.Debug|Any CPU.Build.0 = Debug|Any CPU
		{7434C56F-4B6F-45F5-8697-A4CCC2369E23}.Release|Any CPU.ActiveCfg = Release|Any CPU
		{7434C56F-4B6F-45F5-8697-A4CCC2369E23}.Release|Any CPU.Build.0 = Release|Any CPU
		{7DFBBE49-14B1-4073-81C7-1C68161D9AB2}.Debug|Any CPU.ActiveCfg = Debug|Any CPU
		{7DFBBE49-14B1-4073-81C7-1C68161D9AB2}.Debug|Any CPU.Build.0 = Debug|Any CPU
		{7DFBBE49-14B1-4073-81C7-1C68161D9AB2}.Release|Any CPU.ActiveCfg = Release|Any CPU
		{7DFBBE49-14B1-4073-81C7-1C68161D9AB2}.Release|Any CPU.Build.0 = Release|Any CPU
		{84FDD3FF-EDB9-44DD-97D2-5163ABF7EDEA}.Debug|Any CPU.ActiveCfg = Debug|Any CPU
		{84FDD3FF-EDB9-44DD-97D2-5163ABF7EDEA}.Debug|Any CPU.Build.0 = Debug|Any CPU
		{84FDD3FF-EDB9-44DD-97D2-5163ABF7EDEA}.Release|Any CPU.ActiveCfg = Release|Any CPU
		{84FDD3FF-EDB9-44DD-97D2-5163ABF7EDEA}.Release|Any CPU.Build.0 = Release|Any CPU
		{16C6E16E-A6DD-4B0E-98FB-3A0D59F9FDEC}.Debug|Any CPU.ActiveCfg = Debug|Any CPU
		{16C6E16E-A6DD-4B0E-98FB-3A0D59F9FDEC}.Debug|Any CPU.Build.0 = Debug|Any CPU
		{16C6E16E-A6DD-4B0E-98FB-3A0D59F9FDEC}.Release|Any CPU.ActiveCfg = Release|Any CPU
		{16C6E16E-A6DD-4B0E-98FB-3A0D59F9FDEC}.Release|Any CPU.Build.0 = Release|Any CPU
		{6468C68E-1C12-4AB3-99B3-C8B7FE4E30A6}.Debug|Any CPU.ActiveCfg = Debug|Any CPU
		{6468C68E-1C12-4AB3-99B3-C8B7FE4E30A6}.Debug|Any CPU.Build.0 = Debug|Any CPU
		{6468C68E-1C12-4AB3-99B3-C8B7FE4E30A6}.Release|Any CPU.ActiveCfg = Release|Any CPU
		{6468C68E-1C12-4AB3-99B3-C8B7FE4E30A6}.Release|Any CPU.Build.0 = Release|Any CPU
		{128B0FE5-0677-441F-AC7C-04CD5D2F0045}.Debug|Any CPU.ActiveCfg = Debug|Any CPU
		{128B0FE5-0677-441F-AC7C-04CD5D2F0045}.Debug|Any CPU.Build.0 = Debug|Any CPU
		{128B0FE5-0677-441F-AC7C-04CD5D2F0045}.Release|Any CPU.ActiveCfg = Release|Any CPU
		{128B0FE5-0677-441F-AC7C-04CD5D2F0045}.Release|Any CPU.Build.0 = Release|Any CPU
		{99837D5E-E697-4A19-8A66-B000F6106156}.Debug|Any CPU.ActiveCfg = Debug|Any CPU
		{99837D5E-E697-4A19-8A66-B000F6106156}.Debug|Any CPU.Build.0 = Debug|Any CPU
		{99837D5E-E697-4A19-8A66-B000F6106156}.Release|Any CPU.ActiveCfg = Release|Any CPU
		{99837D5E-E697-4A19-8A66-B000F6106156}.Release|Any CPU.Build.0 = Release|Any CPU
		{02209210-7BA0-4439-A30C-6095C92589DE}.Debug|Any CPU.ActiveCfg = Debug|Any CPU
		{02209210-7BA0-4439-A30C-6095C92589DE}.Debug|Any CPU.Build.0 = Debug|Any CPU
		{02209210-7BA0-4439-A30C-6095C92589DE}.Release|Any CPU.ActiveCfg = Release|Any CPU
		{02209210-7BA0-4439-A30C-6095C92589DE}.Release|Any CPU.Build.0 = Release|Any CPU
		{3CB802F9-A06F-4045-A406-4BF98ACFA4C4}.Debug|Any CPU.ActiveCfg = Debug|Any CPU
		{3CB802F9-A06F-4045-A406-4BF98ACFA4C4}.Debug|Any CPU.Build.0 = Debug|Any CPU
		{3CB802F9-A06F-4045-A406-4BF98ACFA4C4}.Release|Any CPU.ActiveCfg = Release|Any CPU
		{3CB802F9-A06F-4045-A406-4BF98ACFA4C4}.Release|Any CPU.Build.0 = Release|Any CPU
		{18D4FE25-C1FA-42EF-86C8-2F639D526448}.Debug|Any CPU.ActiveCfg = Debug|Any CPU
		{18D4FE25-C1FA-42EF-86C8-2F639D526448}.Debug|Any CPU.Build.0 = Debug|Any CPU
		{18D4FE25-C1FA-42EF-86C8-2F639D526448}.Release|Any CPU.ActiveCfg = Release|Any CPU
		{18D4FE25-C1FA-42EF-86C8-2F639D526448}.Release|Any CPU.Build.0 = Release|Any CPU
		{05DF1A50-26B5-4695-9E1A-9D5E3B8C4531}.Debug|Any CPU.ActiveCfg = Debug|Any CPU
		{05DF1A50-26B5-4695-9E1A-9D5E3B8C4531}.Debug|Any CPU.Build.0 = Debug|Any CPU
		{05DF1A50-26B5-4695-9E1A-9D5E3B8C4531}.Release|Any CPU.ActiveCfg = Release|Any CPU
		{05DF1A50-26B5-4695-9E1A-9D5E3B8C4531}.Release|Any CPU.Build.0 = Release|Any CPU
		{DDF4B7BA-F8A0-4E46-AB6B-1B5C3B81A9B3}.Debug|Any CPU.ActiveCfg = Debug|Any CPU
		{DDF4B7BA-F8A0-4E46-AB6B-1B5C3B81A9B3}.Debug|Any CPU.Build.0 = Debug|Any CPU
		{DDF4B7BA-F8A0-4E46-AB6B-1B5C3B81A9B3}.Release|Any CPU.ActiveCfg = Release|Any CPU
		{DDF4B7BA-F8A0-4E46-AB6B-1B5C3B81A9B3}.Release|Any CPU.Build.0 = Release|Any CPU
		{96208A7A-D8CB-4C5B-B434-05B559DAFBA8}.Debug|Any CPU.ActiveCfg = Debug|Any CPU
		{96208A7A-D8CB-4C5B-B434-05B559DAFBA8}.Debug|Any CPU.Build.0 = Debug|Any CPU
		{96208A7A-D8CB-4C5B-B434-05B559DAFBA8}.Release|Any CPU.ActiveCfg = Release|Any CPU
		{96208A7A-D8CB-4C5B-B434-05B559DAFBA8}.Release|Any CPU.Build.0 = Release|Any CPU
		{BEDE6C3A-ABCB-4E98-8303-9A2AC81B110D}.Debug|Any CPU.ActiveCfg = Debug|Any CPU
		{BEDE6C3A-ABCB-4E98-8303-9A2AC81B110D}.Debug|Any CPU.Build.0 = Debug|Any CPU
		{BEDE6C3A-ABCB-4E98-8303-9A2AC81B110D}.Release|Any CPU.ActiveCfg = Release|Any CPU
		{BEDE6C3A-ABCB-4E98-8303-9A2AC81B110D}.Release|Any CPU.Build.0 = Release|Any CPU
		{C787D0AF-F055-4B7A-8373-7A1F7E1834FC}.Debug|Any CPU.ActiveCfg = Debug|Any CPU
		{C787D0AF-F055-4B7A-8373-7A1F7E1834FC}.Debug|Any CPU.Build.0 = Debug|Any CPU
		{C787D0AF-F055-4B7A-8373-7A1F7E1834FC}.Release|Any CPU.ActiveCfg = Release|Any CPU
		{C787D0AF-F055-4B7A-8373-7A1F7E1834FC}.Release|Any CPU.Build.0 = Release|Any CPU
		{123955B2-5701-40C5-A6E3-C41214D7F32E}.Debug|Any CPU.ActiveCfg = Debug|Any CPU
		{123955B2-5701-40C5-A6E3-C41214D7F32E}.Debug|Any CPU.Build.0 = Debug|Any CPU
		{123955B2-5701-40C5-A6E3-C41214D7F32E}.Release|Any CPU.ActiveCfg = Release|Any CPU
		{123955B2-5701-40C5-A6E3-C41214D7F32E}.Release|Any CPU.Build.0 = Release|Any CPU
		{517EDEA3-ED66-447A-8702-92F759A2FE4F}.Debug|Any CPU.ActiveCfg = Debug|Any CPU
		{517EDEA3-ED66-447A-8702-92F759A2FE4F}.Debug|Any CPU.Build.0 = Debug|Any CPU
		{517EDEA3-ED66-447A-8702-92F759A2FE4F}.Release|Any CPU.ActiveCfg = Release|Any CPU
		{517EDEA3-ED66-447A-8702-92F759A2FE4F}.Release|Any CPU.Build.0 = Release|Any CPU
		{577B50EA-CC65-418E-8029-2EE30937C520}.Debug|Any CPU.ActiveCfg = Debug|Any CPU
		{577B50EA-CC65-418E-8029-2EE30937C520}.Debug|Any CPU.Build.0 = Debug|Any CPU
		{577B50EA-CC65-418E-8029-2EE30937C520}.Release|Any CPU.ActiveCfg = Release|Any CPU
		{577B50EA-CC65-418E-8029-2EE30937C520}.Release|Any CPU.Build.0 = Release|Any CPU
		{75273A92-492E-44C6-92FF-B253C2346928}.Debug|Any CPU.ActiveCfg = Debug|Any CPU
		{75273A92-492E-44C6-92FF-B253C2346928}.Debug|Any CPU.Build.0 = Debug|Any CPU
		{75273A92-492E-44C6-92FF-B253C2346928}.Release|Any CPU.ActiveCfg = Release|Any CPU
		{75273A92-492E-44C6-92FF-B253C2346928}.Release|Any CPU.Build.0 = Release|Any CPU
		{4FBB5C16-B7DE-4342-B89C-8C4982F139E2}.Debug|Any CPU.ActiveCfg = Debug|Any CPU
		{4FBB5C16-B7DE-4342-B89C-8C4982F139E2}.Debug|Any CPU.Build.0 = Debug|Any CPU
		{4FBB5C16-B7DE-4342-B89C-8C4982F139E2}.Release|Any CPU.ActiveCfg = Release|Any CPU
		{4FBB5C16-B7DE-4342-B89C-8C4982F139E2}.Release|Any CPU.Build.0 = Release|Any CPU
		{2CC4170B-817C-43D1-99CF-C47865BBBA12}.Debug|Any CPU.ActiveCfg = Debug|Any CPU
		{2CC4170B-817C-43D1-99CF-C47865BBBA12}.Debug|Any CPU.Build.0 = Debug|Any CPU
		{2CC4170B-817C-43D1-99CF-C47865BBBA12}.Release|Any CPU.ActiveCfg = Release|Any CPU
		{2CC4170B-817C-43D1-99CF-C47865BBBA12}.Release|Any CPU.Build.0 = Release|Any CPU
		{4562CDD3-54DC-4A9E-8587-91F844D7CB2C}.Debug|Any CPU.ActiveCfg = Debug|Any CPU
		{4562CDD3-54DC-4A9E-8587-91F844D7CB2C}.Debug|Any CPU.Build.0 = Debug|Any CPU
		{4562CDD3-54DC-4A9E-8587-91F844D7CB2C}.Release|Any CPU.ActiveCfg = Release|Any CPU
		{4562CDD3-54DC-4A9E-8587-91F844D7CB2C}.Release|Any CPU.Build.0 = Release|Any CPU
		{A81A8D18-63F6-48BF-A05C-C1ACDAA3E3C8}.Debug|Any CPU.ActiveCfg = Debug|Any CPU
		{A81A8D18-63F6-48BF-A05C-C1ACDAA3E3C8}.Debug|Any CPU.Build.0 = Debug|Any CPU
		{A81A8D18-63F6-48BF-A05C-C1ACDAA3E3C8}.Release|Any CPU.ActiveCfg = Release|Any CPU
		{A81A8D18-63F6-48BF-A05C-C1ACDAA3E3C8}.Release|Any CPU.Build.0 = Release|Any CPU
		{F92DE42C-EC2A-479E-9B29-27B88EAA3544}.Debug|Any CPU.ActiveCfg = Debug|Any CPU
		{F92DE42C-EC2A-479E-9B29-27B88EAA3544}.Debug|Any CPU.Build.0 = Debug|Any CPU
		{F92DE42C-EC2A-479E-9B29-27B88EAA3544}.Release|Any CPU.ActiveCfg = Release|Any CPU
		{F92DE42C-EC2A-479E-9B29-27B88EAA3544}.Release|Any CPU.Build.0 = Release|Any CPU
		{6F3FB29C-8975-4F88-9036-3AA3AF180374}.Debug|Any CPU.ActiveCfg = Debug|Any CPU
		{6F3FB29C-8975-4F88-9036-3AA3AF180374}.Debug|Any CPU.Build.0 = Debug|Any CPU
		{6F3FB29C-8975-4F88-9036-3AA3AF180374}.Release|Any CPU.ActiveCfg = Release|Any CPU
		{6F3FB29C-8975-4F88-9036-3AA3AF180374}.Release|Any CPU.Build.0 = Release|Any CPU
		{FC0EEBDB-38B5-42FE-8B79-F52868825D94}.Debug|Any CPU.ActiveCfg = Debug|Any CPU
		{FC0EEBDB-38B5-42FE-8B79-F52868825D94}.Debug|Any CPU.Build.0 = Debug|Any CPU
		{FC0EEBDB-38B5-42FE-8B79-F52868825D94}.Release|Any CPU.ActiveCfg = Release|Any CPU
		{FC0EEBDB-38B5-42FE-8B79-F52868825D94}.Release|Any CPU.Build.0 = Release|Any CPU
		{897EBFD5-AD15-4F03-A0EC-9A091383CFD5}.Debug|Any CPU.ActiveCfg = Debug|Any CPU
		{897EBFD5-AD15-4F03-A0EC-9A091383CFD5}.Debug|Any CPU.Build.0 = Debug|Any CPU
		{897EBFD5-AD15-4F03-A0EC-9A091383CFD5}.Release|Any CPU.ActiveCfg = Release|Any CPU
		{897EBFD5-AD15-4F03-A0EC-9A091383CFD5}.Release|Any CPU.Build.0 = Release|Any CPU
		{CA13F429-9B1B-4ABA-948B-23101B0E82A9}.Debug|Any CPU.ActiveCfg = Debug|Any CPU
		{CA13F429-9B1B-4ABA-948B-23101B0E82A9}.Debug|Any CPU.Build.0 = Debug|Any CPU
		{CA13F429-9B1B-4ABA-948B-23101B0E82A9}.Release|Any CPU.ActiveCfg = Release|Any CPU
		{CA13F429-9B1B-4ABA-948B-23101B0E82A9}.Release|Any CPU.Build.0 = Release|Any CPU
		{762FB83F-EF58-4EDE-A431-23A58BEA9BEE}.Debug|Any CPU.ActiveCfg = Debug|Any CPU
		{762FB83F-EF58-4EDE-A431-23A58BEA9BEE}.Debug|Any CPU.Build.0 = Debug|Any CPU
		{762FB83F-EF58-4EDE-A431-23A58BEA9BEE}.Release|Any CPU.ActiveCfg = Release|Any CPU
		{762FB83F-EF58-4EDE-A431-23A58BEA9BEE}.Release|Any CPU.Build.0 = Release|Any CPU
		{6B43AD02-27F9-473E-9FA6-4B1E3BBD8D2D}.Debug|Any CPU.ActiveCfg = Debug|Any CPU
		{6B43AD02-27F9-473E-9FA6-4B1E3BBD8D2D}.Debug|Any CPU.Build.0 = Debug|Any CPU
		{6B43AD02-27F9-473E-9FA6-4B1E3BBD8D2D}.Release|Any CPU.ActiveCfg = Release|Any CPU
		{6B43AD02-27F9-473E-9FA6-4B1E3BBD8D2D}.Release|Any CPU.Build.0 = Release|Any CPU
		{2A7E847E-2356-4520-8492-087EAA0A4C14}.Debug|Any CPU.ActiveCfg = Debug|Any CPU
		{2A7E847E-2356-4520-8492-087EAA0A4C14}.Debug|Any CPU.Build.0 = Debug|Any CPU
		{2A7E847E-2356-4520-8492-087EAA0A4C14}.Release|Any CPU.ActiveCfg = Release|Any CPU
		{2A7E847E-2356-4520-8492-087EAA0A4C14}.Release|Any CPU.Build.0 = Release|Any CPU
		{1CBBE055-5C67-4B4A-AFFC-95C0C722DD58}.Debug|Any CPU.ActiveCfg = Debug|Any CPU
		{1CBBE055-5C67-4B4A-AFFC-95C0C722DD58}.Debug|Any CPU.Build.0 = Debug|Any CPU
		{1CBBE055-5C67-4B4A-AFFC-95C0C722DD58}.Release|Any CPU.ActiveCfg = Release|Any CPU
		{1CBBE055-5C67-4B4A-AFFC-95C0C722DD58}.Release|Any CPU.Build.0 = Release|Any CPU
		{D1057BA1-0134-465C-8A20-E9635E5A99A0}.Debug|Any CPU.ActiveCfg = Debug|Any CPU
		{D1057BA1-0134-465C-8A20-E9635E5A99A0}.Debug|Any CPU.Build.0 = Debug|Any CPU
		{D1057BA1-0134-465C-8A20-E9635E5A99A0}.Release|Any CPU.ActiveCfg = Release|Any CPU
		{D1057BA1-0134-465C-8A20-E9635E5A99A0}.Release|Any CPU.Build.0 = Release|Any CPU
		{2AD91592-C1E7-46A7-BEF0-6332E6B4A4ED}.Debug|Any CPU.ActiveCfg = Debug|Any CPU
		{2AD91592-C1E7-46A7-BEF0-6332E6B4A4ED}.Debug|Any CPU.Build.0 = Debug|Any CPU
		{2AD91592-C1E7-46A7-BEF0-6332E6B4A4ED}.Release|Any CPU.ActiveCfg = Release|Any CPU
		{2AD91592-C1E7-46A7-BEF0-6332E6B4A4ED}.Release|Any CPU.Build.0 = Release|Any CPU
		{F77A6BDB-4DA4-49CB-B0AF-FF6B30AB73D9}.Debug|Any CPU.ActiveCfg = Debug|Any CPU
		{F77A6BDB-4DA4-49CB-B0AF-FF6B30AB73D9}.Debug|Any CPU.Build.0 = Debug|Any CPU
		{F77A6BDB-4DA4-49CB-B0AF-FF6B30AB73D9}.Release|Any CPU.ActiveCfg = Release|Any CPU
		{F77A6BDB-4DA4-49CB-B0AF-FF6B30AB73D9}.Release|Any CPU.Build.0 = Release|Any CPU
		{1FBB6EDD-B02E-4EB9-B7EA-E102654F2E3B}.Debug|Any CPU.ActiveCfg = Debug|Any CPU
		{1FBB6EDD-B02E-4EB9-B7EA-E102654F2E3B}.Debug|Any CPU.Build.0 = Debug|Any CPU
		{1FBB6EDD-B02E-4EB9-B7EA-E102654F2E3B}.Release|Any CPU.ActiveCfg = Release|Any CPU
		{1FBB6EDD-B02E-4EB9-B7EA-E102654F2E3B}.Release|Any CPU.Build.0 = Release|Any CPU
		{69239C02-27DE-4961-87E4-711F7CABAF93}.Debug|Any CPU.ActiveCfg = Debug|Any CPU
		{69239C02-27DE-4961-87E4-711F7CABAF93}.Debug|Any CPU.Build.0 = Debug|Any CPU
		{69239C02-27DE-4961-87E4-711F7CABAF93}.Release|Any CPU.ActiveCfg = Release|Any CPU
		{69239C02-27DE-4961-87E4-711F7CABAF93}.Release|Any CPU.Build.0 = Release|Any CPU
		{0DA29309-80A1-4E61-9B15-2889C1A5D103}.Debug|Any CPU.ActiveCfg = Debug|Any CPU
		{0DA29309-80A1-4E61-9B15-2889C1A5D103}.Debug|Any CPU.Build.0 = Debug|Any CPU
		{0DA29309-80A1-4E61-9B15-2889C1A5D103}.Release|Any CPU.ActiveCfg = Release|Any CPU
		{0DA29309-80A1-4E61-9B15-2889C1A5D103}.Release|Any CPU.Build.0 = Release|Any CPU
	EndGlobalSection
	GlobalSection(SolutionProperties) = preSolution
		HideSolutionNode = FALSE
	EndGlobalSection
	GlobalSection(NestedProjects) = preSolution
		{C069E440-7330-4266-996E-4EF41067B949} = {4C69B227-4818-4E39-851E-6869B11629FE}
		{FAA61A2D-E79A-4AF5-92EA-AA54B5FACC79} = {4C69B227-4818-4E39-851E-6869B11629FE}
		{24850B75-A412-4CAA-86AC-9B81F53B9B96} = {4C69B227-4818-4E39-851E-6869B11629FE}
		{85F6F7B4-E413-435A-9F90-F1DD8E0EDE82} = {4C69B227-4818-4E39-851E-6869B11629FE}
		{CD43243B-DAF6-4713-84BA-E63C7209C167} = {4C69B227-4818-4E39-851E-6869B11629FE}
		{10DE1AC1-FB2F-4E74-927B-BAE091B8D904} = {4C69B227-4818-4E39-851E-6869B11629FE}
		{A622787F-371F-49D0-9E72-6D39AA97DC5B} = {4C69B227-4818-4E39-851E-6869B11629FE}
		{7E191EB0-3F76-4597-86CB-FBDE7D5CCB1A} = {4C69B227-4818-4E39-851E-6869B11629FE}
		{83DF5113-8B39-4884-A2FE-7ABBF54542AB} = {BB69A6C8-2631-4A5F-ADAD-B105DDF640BD}
		{7434C56F-4B6F-45F5-8697-A4CCC2369E23} = {BB69A6C8-2631-4A5F-ADAD-B105DDF640BD}
		{7DFBBE49-14B1-4073-81C7-1C68161D9AB2} = {BB69A6C8-2631-4A5F-ADAD-B105DDF640BD}
		{84FDD3FF-EDB9-44DD-97D2-5163ABF7EDEA} = {BB69A6C8-2631-4A5F-ADAD-B105DDF640BD}
		{16C6E16E-A6DD-4B0E-98FB-3A0D59F9FDEC} = {BB69A6C8-2631-4A5F-ADAD-B105DDF640BD}
		{6468C68E-1C12-4AB3-99B3-C8B7FE4E30A6} = {BB69A6C8-2631-4A5F-ADAD-B105DDF640BD}
		{128B0FE5-0677-441F-AC7C-04CD5D2F0045} = {BB69A6C8-2631-4A5F-ADAD-B105DDF640BD}
		{99837D5E-E697-4A19-8A66-B000F6106156} = {BB69A6C8-2631-4A5F-ADAD-B105DDF640BD}
		{02209210-7BA0-4439-A30C-6095C92589DE} = {BB69A6C8-2631-4A5F-ADAD-B105DDF640BD}
		{3CB802F9-A06F-4045-A406-4BF98ACFA4C4} = {BB69A6C8-2631-4A5F-ADAD-B105DDF640BD}
		{18D4FE25-C1FA-42EF-86C8-2F639D526448} = {BB69A6C8-2631-4A5F-ADAD-B105DDF640BD}
		{05DF1A50-26B5-4695-9E1A-9D5E3B8C4531} = {BB69A6C8-2631-4A5F-ADAD-B105DDF640BD}
		{DDF4B7BA-F8A0-4E46-AB6B-1B5C3B81A9B3} = {BB69A6C8-2631-4A5F-ADAD-B105DDF640BD}
		{96208A7A-D8CB-4C5B-B434-05B559DAFBA8} = {7B8C8DB0-2BD6-4FA6-AAAE-9BF7B116680C}
		{BEDE6C3A-ABCB-4E98-8303-9A2AC81B110D} = {7B8C8DB0-2BD6-4FA6-AAAE-9BF7B116680C}
		{C787D0AF-F055-4B7A-8373-7A1F7E1834FC} = {7B8C8DB0-2BD6-4FA6-AAAE-9BF7B116680C}
		{123955B2-5701-40C5-A6E3-C41214D7F32E} = {7B8C8DB0-2BD6-4FA6-AAAE-9BF7B116680C}
		{517EDEA3-ED66-447A-8702-92F759A2FE4F} = {7B8C8DB0-2BD6-4FA6-AAAE-9BF7B116680C}
		{577B50EA-CC65-418E-8029-2EE30937C520} = {7B8C8DB0-2BD6-4FA6-AAAE-9BF7B116680C}
		{75273A92-492E-44C6-92FF-B253C2346928} = {7B8C8DB0-2BD6-4FA6-AAAE-9BF7B116680C}
		{4FBB5C16-B7DE-4342-B89C-8C4982F139E2} = {7B8C8DB0-2BD6-4FA6-AAAE-9BF7B116680C}
		{2CC4170B-817C-43D1-99CF-C47865BBBA12} = {7B8C8DB0-2BD6-4FA6-AAAE-9BF7B116680C}
		{4562CDD3-54DC-4A9E-8587-91F844D7CB2C} = {7B8C8DB0-2BD6-4FA6-AAAE-9BF7B116680C}
		{A81A8D18-63F6-48BF-A05C-C1ACDAA3E3C8} = {C8A3566C-DAB6-4DE8-AF50-A16EC47ECD43}
		{F92DE42C-EC2A-479E-9B29-27B88EAA3544} = {C8A3566C-DAB6-4DE8-AF50-A16EC47ECD43}
		{6F3FB29C-8975-4F88-9036-3AA3AF180374} = {C8A3566C-DAB6-4DE8-AF50-A16EC47ECD43}
		{FC0EEBDB-38B5-42FE-8B79-F52868825D94} = {C8A3566C-DAB6-4DE8-AF50-A16EC47ECD43}
		{897EBFD5-AD15-4F03-A0EC-9A091383CFD5} = {C8A3566C-DAB6-4DE8-AF50-A16EC47ECD43}
		{CA13F429-9B1B-4ABA-948B-23101B0E82A9} = {C8A3566C-DAB6-4DE8-AF50-A16EC47ECD43}
		{762FB83F-EF58-4EDE-A431-23A58BEA9BEE} = {D15FE3C5-8D48-4E2A-9A3E-3585E5E0D2C1}
		{6B43AD02-27F9-473E-9FA6-4B1E3BBD8D2D} = {D15FE3C5-8D48-4E2A-9A3E-3585E5E0D2C1}
		{2A7E847E-2356-4520-8492-087EAA0A4C14} = {D15FE3C5-8D48-4E2A-9A3E-3585E5E0D2C1}
		{1CBBE055-5C67-4B4A-AFFC-95C0C722DD58} = {F6826A53-6549-4DD4-AE9B-C95B3E2A9A96}
		{D1057BA1-0134-465C-8A20-E9635E5A99A0} = {F6826A53-6549-4DD4-AE9B-C95B3E2A9A96}
		{2AD91592-C1E7-46A7-BEF0-6332E6B4A4ED} = {F6826A53-6549-4DD4-AE9B-C95B3E2A9A96}
		{F77A6BDB-4DA4-49CB-B0AF-FF6B30AB73D9} = {F6826A53-6549-4DD4-AE9B-C95B3E2A9A96}
		{1FBB6EDD-B02E-4EB9-B7EA-E102654F2E3B} = {F6826A53-6549-4DD4-AE9B-C95B3E2A9A96}
		{69239C02-27DE-4961-87E4-711F7CABAF93} = {D15FE3C5-8D48-4E2A-9A3E-3585E5E0D2C1}
		{0DA29309-80A1-4E61-9B15-2889C1A5D103} = {D15FE3C5-8D48-4E2A-9A3E-3585E5E0D2C1}
	EndGlobalSection
	GlobalSection(ExtensibilityGlobals) = postSolution
		SolutionGuid = {4ED4156B-CA23-4988-94CE-38BAFE1E8B91}
	EndGlobalSection
EndGlobal
